
Microsoft Visual Studio Solution File, Format Version 12.00
# Visual Studio 14
VisualStudioVersion = 14.0.23107.0
MinimumVisualStudioVersion = 10.0.40219.1
Project("{FAE04EC0-301F-11D3-BF4B-00C04F79EFBC}") = "ProjectXyz.Tests", "ProjectXyz.Tests\ProjectXyz.Tests.csproj", "{732B4E6C-92FC-49CD-89A7-97E68D776DB0}"
EndProject
Project("{FAE04EC0-301F-11D3-BF4B-00C04F79EFBC}") = "ProjectXyz.Application.Interface", "ProjectXyz.Application.Interface\ProjectXyz.Application.Interface.csproj", "{69A56C1B-CD41-4DCC-ABF1-DBB097DD489D}"
EndProject
Project("{FAE04EC0-301F-11D3-BF4B-00C04F79EFBC}") = "ProjectXyz.Application.Core", "ProjectXyz.Application.Core\ProjectXyz.Application.Core.csproj", "{5F23D262-459C-4655-ACDE-D8563FE33698}"
EndProject
Project("{FAE04EC0-301F-11D3-BF4B-00C04F79EFBC}") = "ProjectXyz.Data.Core", "ProjectXyz.Data.Core\ProjectXyz.Data.Core.csproj", "{FA14C733-DF45-4E7B-B61F-497D032FC0B1}"
EndProject
Project("{FAE04EC0-301F-11D3-BF4B-00C04F79EFBC}") = "ProjectXyz.Data.Interface", "ProjectXyz.Data.Interface\ProjectXyz.Data.Interface.csproj", "{D84CA25F-A1F8-4EFC-AD09-906D786C3094}"
EndProject
Project("{FAE04EC0-301F-11D3-BF4B-00C04F79EFBC}") = "ProjectXyz.Data.Sql", "ProjectXyz.Data.Sql\ProjectXyz.Data.Sql.csproj", "{E424C78A-DA58-47D2-B003-DBB902CB92E7}"
EndProject
Project("{FAE04EC0-301F-11D3-BF4B-00C04F79EFBC}") = "ProjectXyz.Data.Sql.Tests.Unit", "ProjectXyz.Data.Sql.Tests\ProjectXyz.Data.Sql.Tests.Unit.csproj", "{C64EE6D1-9E39-40FC-AC94-EE6D07E2892B}"
EndProject
Project("{FAE04EC0-301F-11D3-BF4B-00C04F79EFBC}") = "ProjectXyz.Data.Tests.Integration", "ProjectXyz.Data.Tests.Integration\ProjectXyz.Data.Tests.Integration.csproj", "{DF9B53B0-844C-468E-954E-D3AD5904608D}"
EndProject
Project("{FAE04EC0-301F-11D3-BF4B-00C04F79EFBC}") = "ProjectXyz.Application.Tests.Integration", "ProjectXyz.Application.Tests.Integration\ProjectXyz.Application.Tests.Integration.csproj", "{49AEEAAE-D84C-48EF-8C8B-9137AE14262A}"
EndProject
Project("{FAE04EC0-301F-11D3-BF4B-00C04F79EFBC}") = "ProjectXyz.Data.Sql.Tests.Integration", "ProjectXyz.Data.Sql.Tests.Integration\ProjectXyz.Data.Sql.Tests.Integration.csproj", "{7F463D13-0A80-4ABB-9A5E-351E9C648E57}"
EndProject
Project("{FAE04EC0-301F-11D3-BF4B-00C04F79EFBC}") = "ProjectXyz.Interface", "ProjectXyz.Interface\ProjectXyz.Interface.csproj", "{57BC7B00-7C8C-4470-A054-597742187E56}"
EndProject
Project("{FAE04EC0-301F-11D3-BF4B-00C04F79EFBC}") = "ProjectXyz.Plugins.Enchantments", "ProjectXyz.Plugins.Enchantments\ProjectXyz.Plugins.Enchantments.csproj", "{A8A53899-95AD-4466-9A3A-8A43DC9C6249}"
EndProject
Project("{FAE04EC0-301F-11D3-BF4B-00C04F79EFBC}") = "ProjectXyz.Plugins.Core", "ProjectXyz.Plugins.Core\ProjectXyz.Plugins.Core.csproj", "{345A6A69-13F6-4089-BBF3-D6D502E8EC5B}"
EndProject
Project("{FAE04EC0-301F-11D3-BF4B-00C04F79EFBC}") = "ProjectXyz.Plugins.Interface", "ProjectXyz.Plugins.Interface\ProjectXyz.Plugins.Interface.csproj", "{44F68C7B-0CDB-49A8-8E71-89EBD095F7A4}"
EndProject
Project("{2150E333-8FDC-42A3-9474-1A3956D46DE8}") = "Plugins", "Plugins", "{A101DF8A-041A-406D-87E0-D269EAF3ED1B}"
EndProject
Project("{FAE04EC0-301F-11D3-BF4B-00C04F79EFBC}") = "ProjectXyz.Plugins.Enchantments.Expression", "ProjectXyz.Plugins.Enchantments.Expression\ProjectXyz.Plugins.Enchantments.Expression.csproj", "{B5AAF78D-6583-47C7-9EEF-EFEFCA828473}"
EndProject
Project("{FAE04EC0-301F-11D3-BF4B-00C04F79EFBC}") = "ProjectXyz.Plugins.Enchantments.Expression.Tests.Unit", "ProjectXyz.Plugins.Enchantments.Expression.Tests.Unit\ProjectXyz.Plugins.Enchantments.Expression.Tests.Unit.csproj", "{DB434372-7C55-451B-946B-AB83F60FD655}"
EndProject
Project("{FAE04EC0-301F-11D3-BF4B-00C04F79EFBC}") = "ProjectXyz.Plugins.Enchantments.Expression.Tests.Integration", "ProjectXyz.Plugins.Enchantments.Expression.Tests.Integration\ProjectXyz.Plugins.Enchantments.Expression.Tests.Integration.csproj", "{1E2F2AD9-4CF9-4295-BA8E-49C03A4E92AA}"
EndProject
Project("{FAE04EC0-301F-11D3-BF4B-00C04F79EFBC}") = "ProjectXyz.Plugins.Enchantments.OneShotNegate", "ProjectXyz.Plugins.Enchantments.OneShotNegate\ProjectXyz.Plugins.Enchantments.OneShotNegate.csproj", "{400AA358-8128-4E01-9A44-9DE06EDEDAD2}"
EndProject
Project("{FAE04EC0-301F-11D3-BF4B-00C04F79EFBC}") = "ProjectXyz.Plugins.Enchantments.OneShotNegate.Tests.Unit", "ProjectXyz.Plugins.Enchantments.OneShotNegate.Tests.Unit\ProjectXyz.Plugins.Enchantments.OneShotNegate.Tests.Unit.csproj", "{C83ED5E6-4115-4067-A5BB-598803511874}"
EndProject
Project("{FAE04EC0-301F-11D3-BF4B-00C04F79EFBC}") = "ProjectXyz.Plugins.Enchantments.OneShotNegate.Tests.Integration", "ProjectXyz.Plugins.Enchantments.OneShotNegate.Tests.Integration\ProjectXyz.Plugins.Enchantments.OneShotNegate.Tests.Integration.csproj", "{1C880F72-8731-4F19-8596-30924BCF8EA5}"
EndProject
Project("{2150E333-8FDC-42A3-9474-1A3956D46DE8}") = "Tests", "Tests", "{36E917CD-A25F-45E5-B0F8-D76E7FF186E8}"
EndProject
Project("{2150E333-8FDC-42A3-9474-1A3956D46DE8}") = "Tests", "Tests", "{F4733233-9E8E-4E6D-989A-C0146A017EE1}"
EndProject
Project("{FAE04EC0-301F-11D3-BF4B-00C04F79EFBC}") = "ProjectXyz.Plugins.Core.Tests.Integration", "ProjectXyz.Plugins.Core.Tests.Integration\ProjectXyz.Plugins.Core.Tests.Integration.csproj", "{06BFFF20-E3D4-4AF9-9E37-8DEE56B8A672}"
EndProject
Project("{FAE04EC0-301F-11D3-BF4B-00C04F79EFBC}") = "ProjectXyz.Plugins.Core.Tests.Unit", "ProjectXyz.Plugins.Core.Tests.Unit\ProjectXyz.Plugins.Core.Tests.Unit.csproj", "{2B3FD5EF-CB57-4294-BDC7-5AC28BFBA886}"
EndProject
Project("{FAE04EC0-301F-11D3-BF4B-00C04F79EFBC}") = "ProjectXyz.Data.Tests.Unit", "ProjectXyz.Data.Tests.Unit\ProjectXyz.Data.Tests.Unit.csproj", "{E26FFB4B-D421-4690-83EB-8F65D6A7F61D}"
EndProject
Project("{FAE04EC0-301F-11D3-BF4B-00C04F79EFBC}") = "ProjectXyz.Application.Tests.Unit", "ProjectXyz.Application.Tests.Unit\ProjectXyz.Application.Tests.Unit.csproj", "{5E640EE3-5AD5-4C85-9437-8DE72A7CF766}"
EndProject
Project("{FAE04EC0-301F-11D3-BF4B-00C04F79EFBC}") = "ProjectXyz.Plugins.Items.Normal", "ProjectXyz.Plugins.Items.Normal\ProjectXyz.Plugins.Items.Normal.csproj", "{043C7FAE-ADBE-460A-BFAF-8FB84DA5258F}"
EndProject
Project("{FAE04EC0-301F-11D3-BF4B-00C04F79EFBC}") = "ProjectXyz.Plugins.Items", "ProjectXyz.Plugins.Items\ProjectXyz.Plugins.Items.csproj", "{565994C5-942A-429E-86C1-3D75E9CAF442}"
EndProject
Project("{FAE04EC0-301F-11D3-BF4B-00C04F79EFBC}") = "ProjectXyz.Plugins.Items.Normal.Tests.Integration", "ProjectXyz.Plugins.Items.Normal.Tests.Integration\ProjectXyz.Plugins.Items.Normal.Tests.Integration.csproj", "{16EE4CB5-785D-4589-B030-EAB95147EA75}"
EndProject
Project("{FAE04EC0-301F-11D3-BF4B-00C04F79EFBC}") = "ProjectXyz.Plugins.Items.Magic", "ProjectXyz.Plugins.Items.Magic\ProjectXyz.Plugins.Items.Magic.csproj", "{8AF646F9-7799-4910-9336-5DAFD38BD81D}"
EndProject
Project("{FAE04EC0-301F-11D3-BF4B-00C04F79EFBC}") = "ProjectXyz.Tests.Integration", "ProjectXyz.Tests.Integration\ProjectXyz.Tests.Integration.csproj", "{62743082-62ED-41A0-9C96-48F1C559D8E5}"
EndProject
Project("{FAE04EC0-301F-11D3-BF4B-00C04F79EFBC}") = "ProjectXyz.Application.Shared", "ProjectXyz.Application.Shared\ProjectXyz.Application.Shared.csproj", "{1EAE0BA1-6FF0-46AE-87C1-84D04F137F33}"
EndProject
Project("{FAE04EC0-301F-11D3-BF4B-00C04F79EFBC}") = "ProjectXyz.Game.Interface", "ProjectXyz.Game.Interface\ProjectXyz.Game.Interface.csproj", "{E212E33C-399C-47F6-A00E-00E0A5268477}"
EndProject
Project("{FAE04EC0-301F-11D3-BF4B-00C04F79EFBC}") = "ProjectXyz.Game.Core", "ProjectXyz.Game.Core\ProjectXyz.Game.Core.csproj", "{8E0722B2-2264-4BA9-93C7-8355C3BDF211}"
EndProject
Project("{FAE04EC0-301F-11D3-BF4B-00C04F79EFBC}") = "ProjectXyz.Game.Tests.Unit", "ProjectXyz.Game.Tests.Unit\ProjectXyz.Game.Tests.Unit.csproj", "{A62A59E9-716B-448A-9462-D09925E7DA31}"
EndProject
Project("{FAE04EC0-301F-11D3-BF4B-00C04F79EFBC}") = "ProjectXyz.Game.Tests.Integration", "ProjectXyz.Game.Tests.Integration\ProjectXyz.Game.Tests.Integration.csproj", "{EBE0E98A-960A-41F0-936F-DF0AEE311E3E}"
EndProject
Project("{FAE04EC0-301F-11D3-BF4B-00C04F79EFBC}") = "ProjectXyz.Plugins.Items.Magic.Tests.Integration", "ProjectXyz.Plugins.Items.Magic.Tests.Integration\ProjectXyz.Plugins.Items.Magic.Tests.Integration.csproj", "{1EBD55F9-1FD3-46BA-8F76-6C817A8162D5}"
EndProject
Project("{FAE04EC0-301F-11D3-BF4B-00C04F79EFBC}") = "ProjectXyz.Plugins.Items.Rare", "ProjectXyz.Plugins.Items.Rare\ProjectXyz.Plugins.Items.Rare.csproj", "{9D7DDCC3-91F3-4A4A-A867-A233B3D568D4}"
EndProject
Project("{FAE04EC0-301F-11D3-BF4B-00C04F79EFBC}") = "ProjectXyz.Plugins.Items.Rare.Tests.Integration", "ProjectXyz.Plugins.Items.Rare.Integration\ProjectXyz.Plugins.Items.Rare.Tests.Integration.csproj", "{AAE2A6C9-FC25-45D7-9A55-973E7E0E9FB3}"
EndProject
Global
	GlobalSection(SolutionConfigurationPlatforms) = preSolution
		Debug|Any CPU = Debug|Any CPU
		Release|Any CPU = Release|Any CPU
	EndGlobalSection
	GlobalSection(ProjectConfigurationPlatforms) = postSolution
		{732B4E6C-92FC-49CD-89A7-97E68D776DB0}.Debug|Any CPU.ActiveCfg = Debug|Any CPU
		{732B4E6C-92FC-49CD-89A7-97E68D776DB0}.Debug|Any CPU.Build.0 = Debug|Any CPU
		{732B4E6C-92FC-49CD-89A7-97E68D776DB0}.Release|Any CPU.ActiveCfg = Release|Any CPU
		{732B4E6C-92FC-49CD-89A7-97E68D776DB0}.Release|Any CPU.Build.0 = Release|Any CPU
		{69A56C1B-CD41-4DCC-ABF1-DBB097DD489D}.Debug|Any CPU.ActiveCfg = Debug|Any CPU
		{69A56C1B-CD41-4DCC-ABF1-DBB097DD489D}.Debug|Any CPU.Build.0 = Debug|Any CPU
		{69A56C1B-CD41-4DCC-ABF1-DBB097DD489D}.Release|Any CPU.ActiveCfg = Release|Any CPU
		{69A56C1B-CD41-4DCC-ABF1-DBB097DD489D}.Release|Any CPU.Build.0 = Release|Any CPU
		{5F23D262-459C-4655-ACDE-D8563FE33698}.Debug|Any CPU.ActiveCfg = Debug|Any CPU
		{5F23D262-459C-4655-ACDE-D8563FE33698}.Debug|Any CPU.Build.0 = Debug|Any CPU
		{5F23D262-459C-4655-ACDE-D8563FE33698}.Release|Any CPU.ActiveCfg = Release|Any CPU
		{5F23D262-459C-4655-ACDE-D8563FE33698}.Release|Any CPU.Build.0 = Release|Any CPU
		{FA14C733-DF45-4E7B-B61F-497D032FC0B1}.Debug|Any CPU.ActiveCfg = Debug|Any CPU
		{FA14C733-DF45-4E7B-B61F-497D032FC0B1}.Debug|Any CPU.Build.0 = Debug|Any CPU
		{FA14C733-DF45-4E7B-B61F-497D032FC0B1}.Release|Any CPU.ActiveCfg = Release|Any CPU
		{FA14C733-DF45-4E7B-B61F-497D032FC0B1}.Release|Any CPU.Build.0 = Release|Any CPU
		{D84CA25F-A1F8-4EFC-AD09-906D786C3094}.Debug|Any CPU.ActiveCfg = Debug|Any CPU
		{D84CA25F-A1F8-4EFC-AD09-906D786C3094}.Debug|Any CPU.Build.0 = Debug|Any CPU
		{D84CA25F-A1F8-4EFC-AD09-906D786C3094}.Release|Any CPU.ActiveCfg = Release|Any CPU
		{D84CA25F-A1F8-4EFC-AD09-906D786C3094}.Release|Any CPU.Build.0 = Release|Any CPU
		{E424C78A-DA58-47D2-B003-DBB902CB92E7}.Debug|Any CPU.ActiveCfg = Debug|Any CPU
		{E424C78A-DA58-47D2-B003-DBB902CB92E7}.Debug|Any CPU.Build.0 = Debug|Any CPU
		{E424C78A-DA58-47D2-B003-DBB902CB92E7}.Release|Any CPU.ActiveCfg = Release|Any CPU
		{E424C78A-DA58-47D2-B003-DBB902CB92E7}.Release|Any CPU.Build.0 = Release|Any CPU
		{C64EE6D1-9E39-40FC-AC94-EE6D07E2892B}.Debug|Any CPU.ActiveCfg = Debug|Any CPU
		{C64EE6D1-9E39-40FC-AC94-EE6D07E2892B}.Debug|Any CPU.Build.0 = Debug|Any CPU
		{C64EE6D1-9E39-40FC-AC94-EE6D07E2892B}.Release|Any CPU.ActiveCfg = Release|Any CPU
		{C64EE6D1-9E39-40FC-AC94-EE6D07E2892B}.Release|Any CPU.Build.0 = Release|Any CPU
		{DF9B53B0-844C-468E-954E-D3AD5904608D}.Debug|Any CPU.ActiveCfg = Debug|Any CPU
		{DF9B53B0-844C-468E-954E-D3AD5904608D}.Debug|Any CPU.Build.0 = Debug|Any CPU
		{DF9B53B0-844C-468E-954E-D3AD5904608D}.Release|Any CPU.ActiveCfg = Release|Any CPU
		{DF9B53B0-844C-468E-954E-D3AD5904608D}.Release|Any CPU.Build.0 = Release|Any CPU
		{49AEEAAE-D84C-48EF-8C8B-9137AE14262A}.Debug|Any CPU.ActiveCfg = Debug|Any CPU
		{49AEEAAE-D84C-48EF-8C8B-9137AE14262A}.Debug|Any CPU.Build.0 = Debug|Any CPU
		{49AEEAAE-D84C-48EF-8C8B-9137AE14262A}.Release|Any CPU.ActiveCfg = Release|Any CPU
		{49AEEAAE-D84C-48EF-8C8B-9137AE14262A}.Release|Any CPU.Build.0 = Release|Any CPU
		{7F463D13-0A80-4ABB-9A5E-351E9C648E57}.Debug|Any CPU.ActiveCfg = Debug|Any CPU
		{7F463D13-0A80-4ABB-9A5E-351E9C648E57}.Debug|Any CPU.Build.0 = Debug|Any CPU
		{7F463D13-0A80-4ABB-9A5E-351E9C648E57}.Release|Any CPU.ActiveCfg = Release|Any CPU
		{7F463D13-0A80-4ABB-9A5E-351E9C648E57}.Release|Any CPU.Build.0 = Release|Any CPU
		{57BC7B00-7C8C-4470-A054-597742187E56}.Debug|Any CPU.ActiveCfg = Debug|Any CPU
		{57BC7B00-7C8C-4470-A054-597742187E56}.Debug|Any CPU.Build.0 = Debug|Any CPU
		{57BC7B00-7C8C-4470-A054-597742187E56}.Release|Any CPU.ActiveCfg = Release|Any CPU
		{57BC7B00-7C8C-4470-A054-597742187E56}.Release|Any CPU.Build.0 = Release|Any CPU
		{A8A53899-95AD-4466-9A3A-8A43DC9C6249}.Debug|Any CPU.ActiveCfg = Debug|Any CPU
		{A8A53899-95AD-4466-9A3A-8A43DC9C6249}.Debug|Any CPU.Build.0 = Debug|Any CPU
		{A8A53899-95AD-4466-9A3A-8A43DC9C6249}.Release|Any CPU.ActiveCfg = Release|Any CPU
		{A8A53899-95AD-4466-9A3A-8A43DC9C6249}.Release|Any CPU.Build.0 = Release|Any CPU
		{345A6A69-13F6-4089-BBF3-D6D502E8EC5B}.Debug|Any CPU.ActiveCfg = Debug|Any CPU
		{345A6A69-13F6-4089-BBF3-D6D502E8EC5B}.Debug|Any CPU.Build.0 = Debug|Any CPU
		{345A6A69-13F6-4089-BBF3-D6D502E8EC5B}.Release|Any CPU.ActiveCfg = Release|Any CPU
		{345A6A69-13F6-4089-BBF3-D6D502E8EC5B}.Release|Any CPU.Build.0 = Release|Any CPU
		{44F68C7B-0CDB-49A8-8E71-89EBD095F7A4}.Debug|Any CPU.ActiveCfg = Debug|Any CPU
		{44F68C7B-0CDB-49A8-8E71-89EBD095F7A4}.Debug|Any CPU.Build.0 = Debug|Any CPU
		{44F68C7B-0CDB-49A8-8E71-89EBD095F7A4}.Release|Any CPU.ActiveCfg = Release|Any CPU
		{44F68C7B-0CDB-49A8-8E71-89EBD095F7A4}.Release|Any CPU.Build.0 = Release|Any CPU
		{B5AAF78D-6583-47C7-9EEF-EFEFCA828473}.Debug|Any CPU.ActiveCfg = Debug|Any CPU
		{B5AAF78D-6583-47C7-9EEF-EFEFCA828473}.Debug|Any CPU.Build.0 = Debug|Any CPU
		{B5AAF78D-6583-47C7-9EEF-EFEFCA828473}.Release|Any CPU.ActiveCfg = Release|Any CPU
		{B5AAF78D-6583-47C7-9EEF-EFEFCA828473}.Release|Any CPU.Build.0 = Release|Any CPU
		{DB434372-7C55-451B-946B-AB83F60FD655}.Debug|Any CPU.ActiveCfg = Debug|Any CPU
		{DB434372-7C55-451B-946B-AB83F60FD655}.Debug|Any CPU.Build.0 = Debug|Any CPU
		{DB434372-7C55-451B-946B-AB83F60FD655}.Release|Any CPU.ActiveCfg = Release|Any CPU
		{DB434372-7C55-451B-946B-AB83F60FD655}.Release|Any CPU.Build.0 = Release|Any CPU
		{1E2F2AD9-4CF9-4295-BA8E-49C03A4E92AA}.Debug|Any CPU.ActiveCfg = Debug|Any CPU
		{1E2F2AD9-4CF9-4295-BA8E-49C03A4E92AA}.Debug|Any CPU.Build.0 = Debug|Any CPU
		{1E2F2AD9-4CF9-4295-BA8E-49C03A4E92AA}.Release|Any CPU.ActiveCfg = Release|Any CPU
		{1E2F2AD9-4CF9-4295-BA8E-49C03A4E92AA}.Release|Any CPU.Build.0 = Release|Any CPU
		{400AA358-8128-4E01-9A44-9DE06EDEDAD2}.Debug|Any CPU.ActiveCfg = Debug|Any CPU
		{400AA358-8128-4E01-9A44-9DE06EDEDAD2}.Debug|Any CPU.Build.0 = Debug|Any CPU
		{400AA358-8128-4E01-9A44-9DE06EDEDAD2}.Release|Any CPU.ActiveCfg = Release|Any CPU
		{400AA358-8128-4E01-9A44-9DE06EDEDAD2}.Release|Any CPU.Build.0 = Release|Any CPU
		{C83ED5E6-4115-4067-A5BB-598803511874}.Debug|Any CPU.ActiveCfg = Debug|Any CPU
		{C83ED5E6-4115-4067-A5BB-598803511874}.Debug|Any CPU.Build.0 = Debug|Any CPU
		{C83ED5E6-4115-4067-A5BB-598803511874}.Release|Any CPU.ActiveCfg = Release|Any CPU
		{C83ED5E6-4115-4067-A5BB-598803511874}.Release|Any CPU.Build.0 = Release|Any CPU
		{1C880F72-8731-4F19-8596-30924BCF8EA5}.Debug|Any CPU.ActiveCfg = Debug|Any CPU
		{1C880F72-8731-4F19-8596-30924BCF8EA5}.Debug|Any CPU.Build.0 = Debug|Any CPU
		{1C880F72-8731-4F19-8596-30924BCF8EA5}.Release|Any CPU.ActiveCfg = Release|Any CPU
		{1C880F72-8731-4F19-8596-30924BCF8EA5}.Release|Any CPU.Build.0 = Release|Any CPU
		{06BFFF20-E3D4-4AF9-9E37-8DEE56B8A672}.Debug|Any CPU.ActiveCfg = Debug|Any CPU
		{06BFFF20-E3D4-4AF9-9E37-8DEE56B8A672}.Debug|Any CPU.Build.0 = Debug|Any CPU
		{06BFFF20-E3D4-4AF9-9E37-8DEE56B8A672}.Release|Any CPU.ActiveCfg = Release|Any CPU
		{06BFFF20-E3D4-4AF9-9E37-8DEE56B8A672}.Release|Any CPU.Build.0 = Release|Any CPU
		{2B3FD5EF-CB57-4294-BDC7-5AC28BFBA886}.Debug|Any CPU.ActiveCfg = Debug|Any CPU
		{2B3FD5EF-CB57-4294-BDC7-5AC28BFBA886}.Debug|Any CPU.Build.0 = Debug|Any CPU
		{2B3FD5EF-CB57-4294-BDC7-5AC28BFBA886}.Release|Any CPU.ActiveCfg = Release|Any CPU
		{2B3FD5EF-CB57-4294-BDC7-5AC28BFBA886}.Release|Any CPU.Build.0 = Release|Any CPU
		{E26FFB4B-D421-4690-83EB-8F65D6A7F61D}.Debug|Any CPU.ActiveCfg = Debug|Any CPU
		{E26FFB4B-D421-4690-83EB-8F65D6A7F61D}.Debug|Any CPU.Build.0 = Debug|Any CPU
		{E26FFB4B-D421-4690-83EB-8F65D6A7F61D}.Release|Any CPU.ActiveCfg = Release|Any CPU
		{E26FFB4B-D421-4690-83EB-8F65D6A7F61D}.Release|Any CPU.Build.0 = Release|Any CPU
		{5E640EE3-5AD5-4C85-9437-8DE72A7CF766}.Debug|Any CPU.ActiveCfg = Debug|Any CPU
		{5E640EE3-5AD5-4C85-9437-8DE72A7CF766}.Debug|Any CPU.Build.0 = Debug|Any CPU
		{5E640EE3-5AD5-4C85-9437-8DE72A7CF766}.Release|Any CPU.ActiveCfg = Release|Any CPU
		{5E640EE3-5AD5-4C85-9437-8DE72A7CF766}.Release|Any CPU.Build.0 = Release|Any CPU
		{043C7FAE-ADBE-460A-BFAF-8FB84DA5258F}.Debug|Any CPU.ActiveCfg = Debug|Any CPU
		{043C7FAE-ADBE-460A-BFAF-8FB84DA5258F}.Debug|Any CPU.Build.0 = Debug|Any CPU
		{043C7FAE-ADBE-460A-BFAF-8FB84DA5258F}.Release|Any CPU.ActiveCfg = Release|Any CPU
		{043C7FAE-ADBE-460A-BFAF-8FB84DA5258F}.Release|Any CPU.Build.0 = Release|Any CPU
		{565994C5-942A-429E-86C1-3D75E9CAF442}.Debug|Any CPU.ActiveCfg = Debug|Any CPU
		{565994C5-942A-429E-86C1-3D75E9CAF442}.Debug|Any CPU.Build.0 = Debug|Any CPU
		{565994C5-942A-429E-86C1-3D75E9CAF442}.Release|Any CPU.ActiveCfg = Release|Any CPU
		{565994C5-942A-429E-86C1-3D75E9CAF442}.Release|Any CPU.Build.0 = Release|Any CPU
		{16EE4CB5-785D-4589-B030-EAB95147EA75}.Debug|Any CPU.ActiveCfg = Debug|Any CPU
		{16EE4CB5-785D-4589-B030-EAB95147EA75}.Debug|Any CPU.Build.0 = Debug|Any CPU
		{16EE4CB5-785D-4589-B030-EAB95147EA75}.Release|Any CPU.ActiveCfg = Release|Any CPU
		{16EE4CB5-785D-4589-B030-EAB95147EA75}.Release|Any CPU.Build.0 = Release|Any CPU
		{8AF646F9-7799-4910-9336-5DAFD38BD81D}.Debug|Any CPU.ActiveCfg = Debug|Any CPU
		{8AF646F9-7799-4910-9336-5DAFD38BD81D}.Debug|Any CPU.Build.0 = Debug|Any CPU
		{8AF646F9-7799-4910-9336-5DAFD38BD81D}.Release|Any CPU.ActiveCfg = Release|Any CPU
		{8AF646F9-7799-4910-9336-5DAFD38BD81D}.Release|Any CPU.Build.0 = Release|Any CPU
		{62743082-62ED-41A0-9C96-48F1C559D8E5}.Debug|Any CPU.ActiveCfg = Debug|Any CPU
		{62743082-62ED-41A0-9C96-48F1C559D8E5}.Debug|Any CPU.Build.0 = Debug|Any CPU
		{62743082-62ED-41A0-9C96-48F1C559D8E5}.Release|Any CPU.ActiveCfg = Release|Any CPU
		{62743082-62ED-41A0-9C96-48F1C559D8E5}.Release|Any CPU.Build.0 = Release|Any CPU
		{1EAE0BA1-6FF0-46AE-87C1-84D04F137F33}.Debug|Any CPU.ActiveCfg = Debug|Any CPU
		{1EAE0BA1-6FF0-46AE-87C1-84D04F137F33}.Debug|Any CPU.Build.0 = Debug|Any CPU
		{1EAE0BA1-6FF0-46AE-87C1-84D04F137F33}.Release|Any CPU.ActiveCfg = Release|Any CPU
		{1EAE0BA1-6FF0-46AE-87C1-84D04F137F33}.Release|Any CPU.Build.0 = Release|Any CPU
		{E212E33C-399C-47F6-A00E-00E0A5268477}.Debug|Any CPU.ActiveCfg = Debug|Any CPU
		{E212E33C-399C-47F6-A00E-00E0A5268477}.Debug|Any CPU.Build.0 = Debug|Any CPU
		{E212E33C-399C-47F6-A00E-00E0A5268477}.Release|Any CPU.ActiveCfg = Release|Any CPU
		{E212E33C-399C-47F6-A00E-00E0A5268477}.Release|Any CPU.Build.0 = Release|Any CPU
		{8E0722B2-2264-4BA9-93C7-8355C3BDF211}.Debug|Any CPU.ActiveCfg = Debug|Any CPU
		{8E0722B2-2264-4BA9-93C7-8355C3BDF211}.Debug|Any CPU.Build.0 = Debug|Any CPU
		{8E0722B2-2264-4BA9-93C7-8355C3BDF211}.Release|Any CPU.ActiveCfg = Release|Any CPU
		{8E0722B2-2264-4BA9-93C7-8355C3BDF211}.Release|Any CPU.Build.0 = Release|Any CPU
		{A62A59E9-716B-448A-9462-D09925E7DA31}.Debug|Any CPU.ActiveCfg = Debug|Any CPU
		{A62A59E9-716B-448A-9462-D09925E7DA31}.Debug|Any CPU.Build.0 = Debug|Any CPU
		{A62A59E9-716B-448A-9462-D09925E7DA31}.Release|Any CPU.ActiveCfg = Release|Any CPU
		{A62A59E9-716B-448A-9462-D09925E7DA31}.Release|Any CPU.Build.0 = Release|Any CPU
		{EBE0E98A-960A-41F0-936F-DF0AEE311E3E}.Debug|Any CPU.ActiveCfg = Debug|Any CPU
		{EBE0E98A-960A-41F0-936F-DF0AEE311E3E}.Debug|Any CPU.Build.0 = Debug|Any CPU
		{EBE0E98A-960A-41F0-936F-DF0AEE311E3E}.Release|Any CPU.ActiveCfg = Release|Any CPU
		{EBE0E98A-960A-41F0-936F-DF0AEE311E3E}.Release|Any CPU.Build.0 = Release|Any CPU
		{1EBD55F9-1FD3-46BA-8F76-6C817A8162D5}.Debug|Any CPU.ActiveCfg = Debug|Any CPU
		{1EBD55F9-1FD3-46BA-8F76-6C817A8162D5}.Debug|Any CPU.Build.0 = Debug|Any CPU
		{1EBD55F9-1FD3-46BA-8F76-6C817A8162D5}.Release|Any CPU.ActiveCfg = Release|Any CPU
		{1EBD55F9-1FD3-46BA-8F76-6C817A8162D5}.Release|Any CPU.Build.0 = Release|Any CPU
		{9D7DDCC3-91F3-4A4A-A867-A233B3D568D4}.Debug|Any CPU.ActiveCfg = Debug|Any CPU
		{9D7DDCC3-91F3-4A4A-A867-A233B3D568D4}.Debug|Any CPU.Build.0 = Debug|Any CPU
		{9D7DDCC3-91F3-4A4A-A867-A233B3D568D4}.Release|Any CPU.ActiveCfg = Release|Any CPU
		{9D7DDCC3-91F3-4A4A-A867-A233B3D568D4}.Release|Any CPU.Build.0 = Release|Any CPU
		{AAE2A6C9-FC25-45D7-9A55-973E7E0E9FB3}.Debug|Any CPU.ActiveCfg = Debug|Any CPU
		{AAE2A6C9-FC25-45D7-9A55-973E7E0E9FB3}.Debug|Any CPU.Build.0 = Debug|Any CPU
		{AAE2A6C9-FC25-45D7-9A55-973E7E0E9FB3}.Release|Any CPU.ActiveCfg = Release|Any CPU
		{AAE2A6C9-FC25-45D7-9A55-973E7E0E9FB3}.Release|Any CPU.Build.0 = Release|Any CPU
	EndGlobalSection
	GlobalSection(SolutionProperties) = preSolution
		HideSolutionNode = FALSE
	EndGlobalSection
	GlobalSection(NestedProjects) = preSolution
		{732B4E6C-92FC-49CD-89A7-97E68D776DB0} = {F4733233-9E8E-4E6D-989A-C0146A017EE1}
		{C64EE6D1-9E39-40FC-AC94-EE6D07E2892B} = {F4733233-9E8E-4E6D-989A-C0146A017EE1}
		{DF9B53B0-844C-468E-954E-D3AD5904608D} = {F4733233-9E8E-4E6D-989A-C0146A017EE1}
		{49AEEAAE-D84C-48EF-8C8B-9137AE14262A} = {F4733233-9E8E-4E6D-989A-C0146A017EE1}
		{7F463D13-0A80-4ABB-9A5E-351E9C648E57} = {F4733233-9E8E-4E6D-989A-C0146A017EE1}
		{B5AAF78D-6583-47C7-9EEF-EFEFCA828473} = {A101DF8A-041A-406D-87E0-D269EAF3ED1B}
		{DB434372-7C55-451B-946B-AB83F60FD655} = {36E917CD-A25F-45E5-B0F8-D76E7FF186E8}
		{1E2F2AD9-4CF9-4295-BA8E-49C03A4E92AA} = {36E917CD-A25F-45E5-B0F8-D76E7FF186E8}
		{400AA358-8128-4E01-9A44-9DE06EDEDAD2} = {A101DF8A-041A-406D-87E0-D269EAF3ED1B}
		{C83ED5E6-4115-4067-A5BB-598803511874} = {36E917CD-A25F-45E5-B0F8-D76E7FF186E8}
		{1C880F72-8731-4F19-8596-30924BCF8EA5} = {36E917CD-A25F-45E5-B0F8-D76E7FF186E8}
		{36E917CD-A25F-45E5-B0F8-D76E7FF186E8} = {A101DF8A-041A-406D-87E0-D269EAF3ED1B}
		{06BFFF20-E3D4-4AF9-9E37-8DEE56B8A672} = {F4733233-9E8E-4E6D-989A-C0146A017EE1}
		{2B3FD5EF-CB57-4294-BDC7-5AC28BFBA886} = {F4733233-9E8E-4E6D-989A-C0146A017EE1}
		{E26FFB4B-D421-4690-83EB-8F65D6A7F61D} = {F4733233-9E8E-4E6D-989A-C0146A017EE1}
		{5E640EE3-5AD5-4C85-9437-8DE72A7CF766} = {F4733233-9E8E-4E6D-989A-C0146A017EE1}
		{043C7FAE-ADBE-460A-BFAF-8FB84DA5258F} = {A101DF8A-041A-406D-87E0-D269EAF3ED1B}
		{16EE4CB5-785D-4589-B030-EAB95147EA75} = {36E917CD-A25F-45E5-B0F8-D76E7FF186E8}
		{8AF646F9-7799-4910-9336-5DAFD38BD81D} = {A101DF8A-041A-406D-87E0-D269EAF3ED1B}
		{62743082-62ED-41A0-9C96-48F1C559D8E5} = {F4733233-9E8E-4E6D-989A-C0146A017EE1}
		{A62A59E9-716B-448A-9462-D09925E7DA31} = {F4733233-9E8E-4E6D-989A-C0146A017EE1}
		{EBE0E98A-960A-41F0-936F-DF0AEE311E3E} = {F4733233-9E8E-4E6D-989A-C0146A017EE1}
		{1EBD55F9-1FD3-46BA-8F76-6C817A8162D5} = {36E917CD-A25F-45E5-B0F8-D76E7FF186E8}
		{9D7DDCC3-91F3-4A4A-A867-A233B3D568D4} = {A101DF8A-041A-406D-87E0-D269EAF3ED1B}
		{AAE2A6C9-FC25-45D7-9A55-973E7E0E9FB3} = {36E917CD-A25F-45E5-B0F8-D76E7FF186E8}
	EndGlobalSection
EndGlobal
