
Microsoft Visual Studio Solution File, Format Version 12.00
# Visual Studio 14
VisualStudioVersion = 14.0.25420.1
MinimumVisualStudioVersion = 10.0.40219.1
Project("{FAE04EC0-301F-11D3-BF4B-00C04F79EFBC}") = "ConsoleApplication1", "ConsoleApplication1\ConsoleApplication1.csproj", "{B33EE9D3-EF98-4400-A528-67CD385747E7}"
	ProjectSection(ProjectDependencies) = postProject
		{ABC9AD2E-C560-4B6F-AE17-3B0537CD9275} = {ABC9AD2E-C560-4B6F-AE17-3B0537CD9275}
		{59DE295E-C5D0-4BB9-B393-BBE1831A0CFA} = {59DE295E-C5D0-4BB9-B393-BBE1831A0CFA}
		{8730B98B-6DBF-4209-8C36-75377E89F62F} = {8730B98B-6DBF-4209-8C36-75377E89F62F}
	EndProjectSection
EndProject
Project("{2150E333-8FDC-42A3-9474-1A3956D46DE8}") = "Application", "Application", "{49001EEA-4C5C-4456-856B-9238F849881B}"
EndProject
Project("{2150E333-8FDC-42A3-9474-1A3956D46DE8}") = "Framework", "Framework", "{2E9E6598-5746-4968-AB8F-240FED1139D3}"
EndProject
Project("{2150E333-8FDC-42A3-9474-1A3956D46DE8}") = "Plugins", "Plugins", "{15BDBEA4-4170-4040-9C45-C392D6098151}"
EndProject
Project("{FAE04EC0-301F-11D3-BF4B-00C04F79EFBC}") = "ProjectXyz.Application.Core", "ProjectXyz.Application.Core\ProjectXyz.Application.Core.csproj", "{0E56D372-31CF-48BD-94A2-67D4622C270A}"
EndProject
Project("{FAE04EC0-301F-11D3-BF4B-00C04F79EFBC}") = "ProjectXyz.Application.Interface", "ProjectXyz.Application.Interface\ProjectXyz.Application.Interface.csproj", "{CAF704D5-0F07-47C5-A1E5-D0BCBEFCA5C3}"
EndProject
Project("{FAE04EC0-301F-11D3-BF4B-00C04F79EFBC}") = "ProjectXyz.Framework.Interface", "ProjectXyz.Framework.Interface\ProjectXyz.Framework.Interface.csproj", "{3EA64B23-830B-4699-93EE-A8FEE88EA631}"
EndProject
Project("{FAE04EC0-301F-11D3-BF4B-00C04F79EFBC}") = "ProjectXyz.Shared.Framework", "ProjectXyz.Framework.Shared\ProjectXyz.Shared.Framework.csproj", "{8878CD88-B979-4AF3-9510-2FA949060088}"
EndProject
Project("{FAE04EC0-301F-11D3-BF4B-00C04F79EFBC}") = "ProjectXyz.Application.Tests", "ProjectXyz.Application.Tests\ProjectXyz.Application.Tests.csproj", "{53B6ACAA-2C8A-4D5C-80A6-4007518F0A58}"
EndProject
Project("{2150E333-8FDC-42A3-9474-1A3956D46DE8}") = "Game", "Game", "{DAB1F3EB-AD06-4CA0-BE64-7F7267ECCBFC}"
EndProject
Project("{FAE04EC0-301F-11D3-BF4B-00C04F79EFBC}") = "ProjectXyz.Game.Tests", "ProjectXyz.Game.Tests\ProjectXyz.Game.Tests.csproj", "{E67B42E4-9BE6-42B5-99DF-17727C1E2F38}"
EndProject
Project("{FAE04EC0-301F-11D3-BF4B-00C04F79EFBC}") = "ProjectXyz.Game.Core", "ProjectXyz.Game.Core\ProjectXyz.Game.Core.csproj", "{E2A76532-FDAD-4E30-9DA7-096C71B04C68}"
EndProject
Project("{FAE04EC0-301F-11D3-BF4B-00C04F79EFBC}") = "ProjectXyz.Framework.Testing", "ProjectXyz.Framework.Testing\ProjectXyz.Framework.Testing.csproj", "{9910FE87-56F3-453D-899D-46415D56FB9C}"
EndProject
Project("{FAE04EC0-301F-11D3-BF4B-00C04F79EFBC}") = "ProjectXyz.Game.Interface", "ProjectXyz.Game.Interface\ProjectXyz.Game.Interface.csproj", "{66ECD308-648E-4AC6-A37A-A868DF43CA6C}"
EndProject
Project("{FAE04EC0-301F-11D3-BF4B-00C04F79EFBC}") = "ProjectXyz.Framework.Entities.Extensions", "ProjectXyz.Framework.Entities.Interface\ProjectXyz.Framework.Entities.Extensions.csproj", "{E100AA3F-6F54-428A-BD4C-B186BEE0AA3B}"
EndProject
Project("{FAE04EC0-301F-11D3-BF4B-00C04F79EFBC}") = "ProjectXyz.Shared.Framework.Entities", "ProjectXyz.Framework.Entities.Shared\ProjectXyz.Shared.Framework.Entities.csproj", "{3FF8799D-1850-46DC-BD5E-632485E89058}"
EndProject
Project("{2150E333-8FDC-42A3-9474-1A3956D46DE8}") = "Enchantments", "Enchantments", "{2972B7D9-8D15-4A9A-BF86-29C97F9B7B81}"
EndProject
Project("{FAE04EC0-301F-11D3-BF4B-00C04F79EFBC}") = "ProjectXyz.Plugins.Enchantments.State", "ProjectXyz.Plugins.Enchantments.Calculations.State\ProjectXyz.Plugins.Enchantments.State.csproj", "{18E59339-25CA-46BF-B6FA-8D992A303050}"
EndProject
Project("{FAE04EC0-301F-11D3-BF4B-00C04F79EFBC}") = "ProjectXyz.Api.Enchantments", "ProjectXyz.Application.Enchantments.Api\ProjectXyz.Api.Enchantments.csproj", "{D9FC9425-991E-4D82-AD07-1F7E501CC27C}"
EndProject
Project("{2150E333-8FDC-42A3-9474-1A3956D46DE8}") = "Enchantments", "Enchantments", "{3B8C1B3F-6B07-4BE2-AB12-45F265E0FB01}"
EndProject
Project("{FAE04EC0-301F-11D3-BF4B-00C04F79EFBC}") = "ProjectXyz.Application.Enchantments.Interface", "ProjectXyz.Application.Enchantments.Interface\ProjectXyz.Application.Enchantments.Interface.csproj", "{1165093F-4337-403C-A4EC-A936EA91ACDC}"
EndProject
Project("{FAE04EC0-301F-11D3-BF4B-00C04F79EFBC}") = "ProjectXyz.Plugins.Enchantments.Expressions", "ProjectXyz.Plugins.Enchantments.Calculations.Expressions\ProjectXyz.Plugins.Enchantments.Expressions.csproj", "{D3DE6090-306A-4C84-8CCB-86BBD50D7885}"
EndProject
Project("{FAE04EC0-301F-11D3-BF4B-00C04F79EFBC}") = "ProjectXyz.Plugins.Enchantments.Multiple", "ProjectXyz.Plugins.Enchantments.Calculations.Multiple\ProjectXyz.Plugins.Enchantments.Multiple.csproj", "{C8D2AF3C-C4C1-4D21-9E2C-1E56BA103B9A}"
EndProject
Project("{FAE04EC0-301F-11D3-BF4B-00C04F79EFBC}") = "ProjectXyz.Application.Enchantments.Core", "ProjectXyz.Application.Enchantments.Core\ProjectXyz.Application.Enchantments.Core.csproj", "{585F063F-E452-4A6B-B29E-36BA8BF14FBD}"
EndProject
Project("{2150E333-8FDC-42A3-9474-1A3956D46DE8}") = "Api", "Api", "{31E8CAA1-95FD-4C25-BD13-2CC91D5160B3}"
EndProject
Project("{2150E333-8FDC-42A3-9474-1A3956D46DE8}") = "Enchantments", "Enchantments", "{E5A37BD8-C51F-4B41-BA22-BC41AB9CE9B5}"
EndProject
Project("{2150E333-8FDC-42A3-9474-1A3956D46DE8}") = "States", "States", "{0D4D0D5E-99D0-408C-BDE0-947B5CBF9E0B}"
EndProject
Project("{FAE04EC0-301F-11D3-BF4B-00C04F79EFBC}") = "ProjectXyz.Api.States", "ProjectXyz.Api.States\ProjectXyz.Api.States.csproj", "{3456B356-20D3-43CE-92D1-1A84383AFAF2}"
EndProject
Project("{2150E333-8FDC-42A3-9474-1A3956D46DE8}") = "Stats", "Stats", "{801DB5B1-CFB5-44F4-B52C-5C0690C11F54}"
EndProject
Project("{FAE04EC0-301F-11D3-BF4B-00C04F79EFBC}") = "ProjectXyz.Api.Stats", "ProjectXyz.Api.Stats\ProjectXyz.Api.Stats.csproj", "{A3B8D906-34C9-4395-9D19-B1C8355BA5E7}"
EndProject
Project("{2150E333-8FDC-42A3-9474-1A3956D46DE8}") = "States", "States", "{9F2AFA76-BC5A-4D7C-BD25-DFB37332F9F0}"
EndProject
Project("{FAE04EC0-301F-11D3-BF4B-00C04F79EFBC}") = "ProjectXyz.Plugins.States.Simple", "ProjectXyz.Plugins.States.Simple\ProjectXyz.Plugins.States.Simple.csproj", "{9ABFCBE9-D6F9-4C9E-B447-6A8F49A5A939}"
EndProject
Project("{FAE04EC0-301F-11D3-BF4B-00C04F79EFBC}") = "ProjectXyz.Api.Stats.Calculations", "ProjectXyz.Api.Stats.Calculations\ProjectXyz.Api.Stats.Calculations.csproj", "{4E6B441B-337A-4987-A50E-CE203D4929C1}"
EndProject
Project("{FAE04EC0-301F-11D3-BF4B-00C04F79EFBC}") = "ProjectXyz.Plugins.Features.BoundedStats", "ProjectXyz.Plugins.Stats.Calculations.Bounded\ProjectXyz.Plugins.Features.BoundedStats.csproj", "{523BB036-1DDF-419E-851E-8685E4EC744F}"
EndProject
Project("{FAE04EC0-301F-11D3-BF4B-00C04F79EFBC}") = "ProjectXyz.Api.Enchantments.Stats", "ProjectXyz.Api.DomainConversions.EnchantmentsAndStats\ProjectXyz.Api.Enchantments.Stats.csproj", "{2C772806-3C50-468C-8A13-CFA42592322A}"
EndProject
Project("{2150E333-8FDC-42A3-9474-1A3956D46DE8}") = "Features", "Features", "{2876D6F5-C798-4EE2-A6E5-AA8D0FA6460B}"
EndProject
Project("{FAE04EC0-301F-11D3-BF4B-00C04F79EFBC}") = "ProjectXyz.Plugins.Enchantments.Stats.StatExpressions", "ProjectXyz.Plugins.DomainConversion.EnchantmentsAndStats\ProjectXyz.Plugins.Enchantments.Stats.StatExpressions.csproj", "{BF07FB51-D73C-49B7-8632-B2A58F9BF17F}"
EndProject
Project("{FAE04EC0-301F-11D3-BF4B-00C04F79EFBC}") = "ProjectXyz.Plugins.Features.BoundedStats.Api", "ProjectXyz.Api.Stats.Bounded\ProjectXyz.Plugins.Features.BoundedStats.Api.csproj", "{DE382CF7-D84E-4A89-9C6D-3F2A7729B40C}"
EndProject
Project("{2150E333-8FDC-42A3-9474-1A3956D46DE8}") = "Stats", "Stats", "{65BD92C5-5BDE-412F-B4E7-71B0A2E39FF8}"
EndProject
Project("{FAE04EC0-301F-11D3-BF4B-00C04F79EFBC}") = "ProjectXyz.Application.Stats.Core", "ProjectXyz.Application.Stats.Core\ProjectXyz.Application.Stats.Core.csproj", "{B051F375-1F9F-4A03-BDC2-EB4FA3807B2E}"
EndProject
Project("{FAE04EC0-301F-11D3-BF4B-00C04F79EFBC}") = "ProjectXyz.Application.Stats.Interface", "ProjectXyz.Application.Stats.Interface\ProjectXyz.Application.Stats.Interface.csproj", "{A20309E3-493A-4B05-A4DE-B9536487A9D1}"
EndProject
Project("{2150E333-8FDC-42A3-9474-1A3956D46DE8}") = "Triggering", "Triggering", "{C467C07F-5A78-483F-82F2-5B375E2FF185}"
EndProject
Project("{FAE04EC0-301F-11D3-BF4B-00C04F79EFBC}") = "ProjectXyz.Api.Triggering", "ProjectXyz.Api.Triggering\ProjectXyz.Api.Triggering.csproj", "{9DEE41C0-A702-420A-9E5F-7D3D01886660}"
EndProject
Project("{2150E333-8FDC-42A3-9474-1A3956D46DE8}") = "Triggers", "Triggers", "{20BCA581-3942-449D-ACC4-031CB98CC4C6}"
EndProject
Project("{FAE04EC0-301F-11D3-BF4B-00C04F79EFBC}") = "ProjectXyz.Plugins.Triggers.Elapsed", "ProjectXyz.Plugins.Triggers.Elapsed\ProjectXyz.Plugins.Triggers.Elapsed.csproj", "{B38223E4-8D33-4B80-AC15-2F715578B619}"
EndProject
Project("{FAE04EC0-301F-11D3-BF4B-00C04F79EFBC}") = "ProjectXyz.Api.Triggering.Enchantments", "ProjectXyz.Api.DomainConversions.EnchantmentsAndTriggers\ProjectXyz.Api.Triggering.Enchantments.csproj", "{D983C81B-5E86-4D85-83F9-487032C91765}"
EndProject
Project("{FAE04EC0-301F-11D3-BF4B-00C04F79EFBC}") = "ProjectXyz.Plugins.Triggers.Enchantments.Expiration", "ProjectXyz.Plugins.DomainConversion.EnchantmentsAndTriggers\ProjectXyz.Plugins.Triggers.Enchantments.Expiration.csproj", "{B558EC5B-B983-4701-845F-00F7109A2CF9}"
EndProject
Project("{FAE04EC0-301F-11D3-BF4B-00C04F79EFBC}") = "ProjectXyz.Api.Triggering.Elapsed", "ProjectXyz.Api.Triggering.Elapsed\ProjectXyz.Api.Triggering.Elapsed.csproj", "{B76D36D7-02DE-43FA-B5AF-52A2A8A5DC6B}"
EndProject
Project("{2150E333-8FDC-42A3-9474-1A3956D46DE8}") = "Tests", "Tests", "{4B57B3F7-1B98-4B84-BDFA-26A1AC0595E7}"
EndProject
Project("{2150E333-8FDC-42A3-9474-1A3956D46DE8}") = "Application", "Application", "{A8D16300-EFDF-4976-8AF3-1D7E1D043FF8}"
EndProject
Project("{2150E333-8FDC-42A3-9474-1A3956D46DE8}") = "Game", "Game", "{E639114B-F4A2-487E-AFE3-DE176DB4C127}"
EndProject
Project("{FAE04EC0-301F-11D3-BF4B-00C04F79EFBC}") = "ProjectXyz.Plugins.Enchantments.StatToTerm", "ProjectXyz.Plugins.Enchantments.StatToTerm\ProjectXyz.Plugins.Enchantments.StatToTerm.csproj", "{566FADA1-BCBC-41E4-9327-64214A1A6D30}"
EndProject
Project("{2150E333-8FDC-42A3-9474-1A3956D46DE8}") = "Calculations", "Calculations", "{1AF9FEFF-E2BF-4CFB-A177-E67BBF083BA4}"
EndProject
Project("{2150E333-8FDC-42A3-9474-1A3956D46DE8}") = "Framework", "Framework", "{15461754-ABF2-4DC6-BEAC-CFE610A6BF16}"
EndProject
Project("{FAE04EC0-301F-11D3-BF4B-00C04F79EFBC}") = "ProjectXyz.Framework.Tests", "ProjectXyz.Framework.Tests\ProjectXyz.Framework.Tests.csproj", "{3C0F3FEF-DB2B-4FC2-9272-284E49994333}"
EndProject
Project("{FAE04EC0-301F-11D3-BF4B-00C04F79EFBC}") = "ProjectXyz.Game.Core.Dependencies.Autofac", "ProjectXyz.Game.Core.Dependencies.Autofac\ProjectXyz.Game.Core.Dependencies.Autofac.csproj", "{8730B98B-6DBF-4209-8C36-75377E89F62F}"
EndProject
Project("{FAE04EC0-301F-11D3-BF4B-00C04F79EFBC}") = "ProjectXyz.Application.Core.Dependencies.Autofac", "ProjectXyz.Application.Core.Dependencies.Autofac\ProjectXyz.Application.Core.Dependencies.Autofac.csproj", "{59DE295E-C5D0-4BB9-B393-BBE1831A0CFA}"
EndProject
Project("{FAE04EC0-301F-11D3-BF4B-00C04F79EFBC}") = "ProjectXyz.Framework.Core.Dependencies.Autofac", "ProjectXyz.Framework.Core.Dependencies.Autofac\ProjectXyz.Framework.Core.Dependencies.Autofac.csproj", "{ABC9AD2E-C560-4B6F-AE17-3B0537CD9275}"
EndProject
Project("{FAE04EC0-301F-11D3-BF4B-00C04F79EFBC}") = "ProjectXyz.Game.Core.Autofac", "ProjectXyz.Game.Core.Autofac\ProjectXyz.Game.Core.Autofac.csproj", "{5BBDFF60-4159-4321-84F0-A2E668657CFC}"
EndProject
Project("{FAE04EC0-301F-11D3-BF4B-00C04F79EFBC}") = "ProjectXyz.Application.States.Core", "ProjectXyz.Application.States.Core\ProjectXyz.Application.States.Core.csproj", "{DE8856AF-1E78-494A-9BFF-48E42D25858A}"
EndProject
Project("{2150E333-8FDC-42A3-9474-1A3956D46DE8}") = "States", "States", "{E56EA118-33EE-442B-8B70-A6DE45A1D6C9}"
EndProject
Project("{2150E333-8FDC-42A3-9474-1A3956D46DE8}") = "Systems", "Systems", "{BD25BA2F-FEAB-44F7-A7E2-7084E6E97E08}"
EndProject
Project("{FAE04EC0-301F-11D3-BF4B-00C04F79EFBC}") = "ProjectXyz.Plugins.Systems.ElapsedTime", "ProjectXyz.Plugins.Systems.ElapsedTime\ProjectXyz.Plugins.Systems.ElapsedTime.csproj", "{C18D2AD8-69F0-4167-B407-EAD386708730}"
EndProject
Project("{2150E333-8FDC-42A3-9474-1A3956D46DE8}") = "Systems", "Systems", "{E8528EAE-5D0E-43A5-9BED-E70EA4F61985}"
EndProject
Project("{FAE04EC0-301F-11D3-BF4B-00C04F79EFBC}") = "ProjectXyz.Api.Systems", "ProjectXyz.Api.Systems\ProjectXyz.Api.Systems.csproj", "{C4B48455-7596-49E1-9443-B2E4ACCD1E80}"
EndProject
Project("{2150E333-8FDC-42A3-9474-1A3956D46DE8}") = "Behaviors", "Behaviors", "{7621C51A-C9C4-4E10-A89E-80B622D0B025}"
EndProject
Project("{FAE04EC0-301F-11D3-BF4B-00C04F79EFBC}") = "ProjectXyz.Api.Behaviors", "ProjectXyz.Api.Behaviors\ProjectXyz.Api.Behaviors.csproj", "{175783B5-DBE5-491A-B365-CA1D1CC09375}"
EndProject
Project("{2150E333-8FDC-42A3-9474-1A3956D46DE8}") = "Framework", "Framework", "{A2DA07CA-C320-466A-8CFF-E4F21529034B}"
EndProject
Project("{FAE04EC0-301F-11D3-BF4B-00C04F79EFBC}") = "ProjectXyz.Api.Framework", "ProjectXyz.Api.Framework\ProjectXyz.Api.Framework.csproj", "{2A29CCC2-B883-403F-B2EA-E55D44B44EC0}"
EndProject
Project("{FAE04EC0-301F-11D3-BF4B-00C04F79EFBC}") = "ProjectXyz.Api.Framework.Entities", "ProjectXyz.Api.Framework.Entities\ProjectXyz.Api.Framework.Entities.csproj", "{427BAF56-5FAF-4B1C-9851-7474660F58EA}"
EndProject
Project("{2150E333-8FDC-42A3-9474-1A3956D46DE8}") = "Shared", "Shared", "{51F6C9E0-53F8-4FEF-A52C-0D92F1226E5A}"
EndProject
Project("{2150E333-8FDC-42A3-9474-1A3956D46DE8}") = "Framework", "Framework", "{7F0E8840-224B-4473-89E6-1FE66EE93E8C}"
EndProject
Project("{FAE04EC0-301F-11D3-BF4B-00C04F79EFBC}") = "ProjectXyz.Framework.Contracts", "ProjectXyz.Framework.Contracts\ProjectXyz.Framework.Contracts.csproj", "{BB4CB2EB-4003-4BF9-BB26-2A19FEC82D8B}"
EndProject
Project("{2150E333-8FDC-42A3-9474-1A3956D46DE8}") = "BaseStatEnchantments", "BaseStatEnchantments", "{FE222CC0-0A13-4B24-B56B-FE72CA48A22C}"
EndProject
Project("{FAE04EC0-301F-11D3-BF4B-00C04F79EFBC}") = "ProjectXyz.Plugins.Features.BaseStatEnchantments.Api", "ProjectXyz.Plugins.Features.BaseStatEnchantments.Api\ProjectXyz.Plugins.Features.BaseStatEnchantments.Api.csproj", "{8FEB2DC5-BC36-47AA-A319-3C2263740808}"
EndProject
Project("{FAE04EC0-301F-11D3-BF4B-00C04F79EFBC}") = "ProjectXyz.Plugins.Features.BaseStatEnchantments", "ProjectXyz.Plugins.Features.BaseStatEnchantments\ProjectXyz.Plugins.Features.BaseStatEnchantments.csproj", "{B544856A-AB36-4A88-9441-67853074F33A}"
EndProject
Project("{FAE04EC0-301F-11D3-BF4B-00C04F79EFBC}") = "ProjectXyz.Framework.Extensions", "ProjectXyz.Framework.Extensions\ProjectXyz.Framework.Extensions.csproj", "{3DE7A97E-15F4-4770-A400-97D1462276CF}"
EndProject
Project("{2150E333-8FDC-42A3-9474-1A3956D46DE8}") = "BoundedStats", "BoundedStats", "{32557D31-ACBC-4368-A147-389CB1006A8F}"
EndProject
Project("{2150E333-8FDC-42A3-9474-1A3956D46DE8}") = "Example", "Example", "{8A28C6A1-F2B2-47F9-BBBF-5C5DD182C237}"
EndProject
Project("{2150E333-8FDC-42A3-9474-1A3956D46DE8}") = "Modules", "Modules", "{C6559E54-8743-4057-BD3D-7D499EAE1613}"
EndProject
Project("{FAE04EC0-301F-11D3-BF4B-00C04F79EFBC}") = "Examples.Modules.BoundedStats", "Examples.Modules.BoundedStats\Examples.Modules.BoundedStats.csproj", "{A86581CA-18F6-4D03-9F7A-0657DEC32A1A}"
EndProject
Global
	GlobalSection(SolutionConfigurationPlatforms) = preSolution
		Debug|Any CPU = Debug|Any CPU
		Release|Any CPU = Release|Any CPU
	EndGlobalSection
	GlobalSection(ProjectConfigurationPlatforms) = postSolution
		{B33EE9D3-EF98-4400-A528-67CD385747E7}.Debug|Any CPU.ActiveCfg = Debug|Any CPU
		{B33EE9D3-EF98-4400-A528-67CD385747E7}.Debug|Any CPU.Build.0 = Debug|Any CPU
		{B33EE9D3-EF98-4400-A528-67CD385747E7}.Release|Any CPU.ActiveCfg = Release|Any CPU
		{B33EE9D3-EF98-4400-A528-67CD385747E7}.Release|Any CPU.Build.0 = Release|Any CPU
		{0E56D372-31CF-48BD-94A2-67D4622C270A}.Debug|Any CPU.ActiveCfg = Debug|Any CPU
		{0E56D372-31CF-48BD-94A2-67D4622C270A}.Debug|Any CPU.Build.0 = Debug|Any CPU
		{0E56D372-31CF-48BD-94A2-67D4622C270A}.Release|Any CPU.ActiveCfg = Release|Any CPU
		{0E56D372-31CF-48BD-94A2-67D4622C270A}.Release|Any CPU.Build.0 = Release|Any CPU
		{CAF704D5-0F07-47C5-A1E5-D0BCBEFCA5C3}.Debug|Any CPU.ActiveCfg = Debug|Any CPU
		{CAF704D5-0F07-47C5-A1E5-D0BCBEFCA5C3}.Debug|Any CPU.Build.0 = Debug|Any CPU
		{CAF704D5-0F07-47C5-A1E5-D0BCBEFCA5C3}.Release|Any CPU.ActiveCfg = Release|Any CPU
		{CAF704D5-0F07-47C5-A1E5-D0BCBEFCA5C3}.Release|Any CPU.Build.0 = Release|Any CPU
		{3EA64B23-830B-4699-93EE-A8FEE88EA631}.Debug|Any CPU.ActiveCfg = Debug|Any CPU
		{3EA64B23-830B-4699-93EE-A8FEE88EA631}.Debug|Any CPU.Build.0 = Debug|Any CPU
		{3EA64B23-830B-4699-93EE-A8FEE88EA631}.Release|Any CPU.ActiveCfg = Release|Any CPU
		{3EA64B23-830B-4699-93EE-A8FEE88EA631}.Release|Any CPU.Build.0 = Release|Any CPU
		{8878CD88-B979-4AF3-9510-2FA949060088}.Debug|Any CPU.ActiveCfg = Debug|Any CPU
		{8878CD88-B979-4AF3-9510-2FA949060088}.Debug|Any CPU.Build.0 = Debug|Any CPU
		{8878CD88-B979-4AF3-9510-2FA949060088}.Release|Any CPU.ActiveCfg = Release|Any CPU
		{8878CD88-B979-4AF3-9510-2FA949060088}.Release|Any CPU.Build.0 = Release|Any CPU
		{53B6ACAA-2C8A-4D5C-80A6-4007518F0A58}.Debug|Any CPU.ActiveCfg = Debug|Any CPU
		{53B6ACAA-2C8A-4D5C-80A6-4007518F0A58}.Debug|Any CPU.Build.0 = Debug|Any CPU
		{53B6ACAA-2C8A-4D5C-80A6-4007518F0A58}.Release|Any CPU.ActiveCfg = Release|Any CPU
		{53B6ACAA-2C8A-4D5C-80A6-4007518F0A58}.Release|Any CPU.Build.0 = Release|Any CPU
		{E67B42E4-9BE6-42B5-99DF-17727C1E2F38}.Debug|Any CPU.ActiveCfg = Debug|Any CPU
		{E67B42E4-9BE6-42B5-99DF-17727C1E2F38}.Debug|Any CPU.Build.0 = Debug|Any CPU
		{E67B42E4-9BE6-42B5-99DF-17727C1E2F38}.Release|Any CPU.ActiveCfg = Release|Any CPU
		{E67B42E4-9BE6-42B5-99DF-17727C1E2F38}.Release|Any CPU.Build.0 = Release|Any CPU
		{E2A76532-FDAD-4E30-9DA7-096C71B04C68}.Debug|Any CPU.ActiveCfg = Debug|Any CPU
		{E2A76532-FDAD-4E30-9DA7-096C71B04C68}.Debug|Any CPU.Build.0 = Debug|Any CPU
		{E2A76532-FDAD-4E30-9DA7-096C71B04C68}.Release|Any CPU.ActiveCfg = Release|Any CPU
		{E2A76532-FDAD-4E30-9DA7-096C71B04C68}.Release|Any CPU.Build.0 = Release|Any CPU
		{9910FE87-56F3-453D-899D-46415D56FB9C}.Debug|Any CPU.ActiveCfg = Debug|Any CPU
		{9910FE87-56F3-453D-899D-46415D56FB9C}.Debug|Any CPU.Build.0 = Debug|Any CPU
		{9910FE87-56F3-453D-899D-46415D56FB9C}.Release|Any CPU.ActiveCfg = Release|Any CPU
		{9910FE87-56F3-453D-899D-46415D56FB9C}.Release|Any CPU.Build.0 = Release|Any CPU
		{66ECD308-648E-4AC6-A37A-A868DF43CA6C}.Debug|Any CPU.ActiveCfg = Debug|Any CPU
		{66ECD308-648E-4AC6-A37A-A868DF43CA6C}.Debug|Any CPU.Build.0 = Debug|Any CPU
		{66ECD308-648E-4AC6-A37A-A868DF43CA6C}.Release|Any CPU.ActiveCfg = Release|Any CPU
		{66ECD308-648E-4AC6-A37A-A868DF43CA6C}.Release|Any CPU.Build.0 = Release|Any CPU
		{E100AA3F-6F54-428A-BD4C-B186BEE0AA3B}.Debug|Any CPU.ActiveCfg = Debug|Any CPU
		{E100AA3F-6F54-428A-BD4C-B186BEE0AA3B}.Debug|Any CPU.Build.0 = Debug|Any CPU
		{E100AA3F-6F54-428A-BD4C-B186BEE0AA3B}.Release|Any CPU.ActiveCfg = Release|Any CPU
		{E100AA3F-6F54-428A-BD4C-B186BEE0AA3B}.Release|Any CPU.Build.0 = Release|Any CPU
		{3FF8799D-1850-46DC-BD5E-632485E89058}.Debug|Any CPU.ActiveCfg = Debug|Any CPU
		{3FF8799D-1850-46DC-BD5E-632485E89058}.Debug|Any CPU.Build.0 = Debug|Any CPU
		{3FF8799D-1850-46DC-BD5E-632485E89058}.Release|Any CPU.ActiveCfg = Release|Any CPU
		{3FF8799D-1850-46DC-BD5E-632485E89058}.Release|Any CPU.Build.0 = Release|Any CPU
		{18E59339-25CA-46BF-B6FA-8D992A303050}.Debug|Any CPU.ActiveCfg = Debug|Any CPU
		{18E59339-25CA-46BF-B6FA-8D992A303050}.Debug|Any CPU.Build.0 = Debug|Any CPU
		{18E59339-25CA-46BF-B6FA-8D992A303050}.Release|Any CPU.ActiveCfg = Release|Any CPU
		{18E59339-25CA-46BF-B6FA-8D992A303050}.Release|Any CPU.Build.0 = Release|Any CPU
		{D9FC9425-991E-4D82-AD07-1F7E501CC27C}.Debug|Any CPU.ActiveCfg = Debug|Any CPU
		{D9FC9425-991E-4D82-AD07-1F7E501CC27C}.Debug|Any CPU.Build.0 = Debug|Any CPU
		{D9FC9425-991E-4D82-AD07-1F7E501CC27C}.Release|Any CPU.ActiveCfg = Release|Any CPU
		{D9FC9425-991E-4D82-AD07-1F7E501CC27C}.Release|Any CPU.Build.0 = Release|Any CPU
		{1165093F-4337-403C-A4EC-A936EA91ACDC}.Debug|Any CPU.ActiveCfg = Debug|Any CPU
		{1165093F-4337-403C-A4EC-A936EA91ACDC}.Debug|Any CPU.Build.0 = Debug|Any CPU
		{1165093F-4337-403C-A4EC-A936EA91ACDC}.Release|Any CPU.ActiveCfg = Release|Any CPU
		{1165093F-4337-403C-A4EC-A936EA91ACDC}.Release|Any CPU.Build.0 = Release|Any CPU
		{D3DE6090-306A-4C84-8CCB-86BBD50D7885}.Debug|Any CPU.ActiveCfg = Debug|Any CPU
		{D3DE6090-306A-4C84-8CCB-86BBD50D7885}.Debug|Any CPU.Build.0 = Debug|Any CPU
		{D3DE6090-306A-4C84-8CCB-86BBD50D7885}.Release|Any CPU.ActiveCfg = Release|Any CPU
		{D3DE6090-306A-4C84-8CCB-86BBD50D7885}.Release|Any CPU.Build.0 = Release|Any CPU
		{C8D2AF3C-C4C1-4D21-9E2C-1E56BA103B9A}.Debug|Any CPU.ActiveCfg = Debug|Any CPU
		{C8D2AF3C-C4C1-4D21-9E2C-1E56BA103B9A}.Debug|Any CPU.Build.0 = Debug|Any CPU
		{C8D2AF3C-C4C1-4D21-9E2C-1E56BA103B9A}.Release|Any CPU.ActiveCfg = Release|Any CPU
		{C8D2AF3C-C4C1-4D21-9E2C-1E56BA103B9A}.Release|Any CPU.Build.0 = Release|Any CPU
		{585F063F-E452-4A6B-B29E-36BA8BF14FBD}.Debug|Any CPU.ActiveCfg = Debug|Any CPU
		{585F063F-E452-4A6B-B29E-36BA8BF14FBD}.Debug|Any CPU.Build.0 = Debug|Any CPU
		{585F063F-E452-4A6B-B29E-36BA8BF14FBD}.Release|Any CPU.ActiveCfg = Release|Any CPU
		{585F063F-E452-4A6B-B29E-36BA8BF14FBD}.Release|Any CPU.Build.0 = Release|Any CPU
		{3456B356-20D3-43CE-92D1-1A84383AFAF2}.Debug|Any CPU.ActiveCfg = Debug|Any CPU
		{3456B356-20D3-43CE-92D1-1A84383AFAF2}.Debug|Any CPU.Build.0 = Debug|Any CPU
		{3456B356-20D3-43CE-92D1-1A84383AFAF2}.Release|Any CPU.ActiveCfg = Release|Any CPU
		{3456B356-20D3-43CE-92D1-1A84383AFAF2}.Release|Any CPU.Build.0 = Release|Any CPU
		{A3B8D906-34C9-4395-9D19-B1C8355BA5E7}.Debug|Any CPU.ActiveCfg = Debug|Any CPU
		{A3B8D906-34C9-4395-9D19-B1C8355BA5E7}.Debug|Any CPU.Build.0 = Debug|Any CPU
		{A3B8D906-34C9-4395-9D19-B1C8355BA5E7}.Release|Any CPU.ActiveCfg = Release|Any CPU
		{A3B8D906-34C9-4395-9D19-B1C8355BA5E7}.Release|Any CPU.Build.0 = Release|Any CPU
		{9ABFCBE9-D6F9-4C9E-B447-6A8F49A5A939}.Debug|Any CPU.ActiveCfg = Debug|Any CPU
		{9ABFCBE9-D6F9-4C9E-B447-6A8F49A5A939}.Debug|Any CPU.Build.0 = Debug|Any CPU
		{9ABFCBE9-D6F9-4C9E-B447-6A8F49A5A939}.Release|Any CPU.ActiveCfg = Release|Any CPU
		{9ABFCBE9-D6F9-4C9E-B447-6A8F49A5A939}.Release|Any CPU.Build.0 = Release|Any CPU
		{4E6B441B-337A-4987-A50E-CE203D4929C1}.Debug|Any CPU.ActiveCfg = Debug|Any CPU
		{4E6B441B-337A-4987-A50E-CE203D4929C1}.Debug|Any CPU.Build.0 = Debug|Any CPU
		{4E6B441B-337A-4987-A50E-CE203D4929C1}.Release|Any CPU.ActiveCfg = Release|Any CPU
		{4E6B441B-337A-4987-A50E-CE203D4929C1}.Release|Any CPU.Build.0 = Release|Any CPU
		{523BB036-1DDF-419E-851E-8685E4EC744F}.Debug|Any CPU.ActiveCfg = Debug|Any CPU
		{523BB036-1DDF-419E-851E-8685E4EC744F}.Debug|Any CPU.Build.0 = Debug|Any CPU
		{523BB036-1DDF-419E-851E-8685E4EC744F}.Release|Any CPU.ActiveCfg = Release|Any CPU
		{523BB036-1DDF-419E-851E-8685E4EC744F}.Release|Any CPU.Build.0 = Release|Any CPU
		{2C772806-3C50-468C-8A13-CFA42592322A}.Debug|Any CPU.ActiveCfg = Debug|Any CPU
		{2C772806-3C50-468C-8A13-CFA42592322A}.Debug|Any CPU.Build.0 = Debug|Any CPU
		{2C772806-3C50-468C-8A13-CFA42592322A}.Release|Any CPU.ActiveCfg = Release|Any CPU
		{2C772806-3C50-468C-8A13-CFA42592322A}.Release|Any CPU.Build.0 = Release|Any CPU
		{BF07FB51-D73C-49B7-8632-B2A58F9BF17F}.Debug|Any CPU.ActiveCfg = Debug|Any CPU
		{BF07FB51-D73C-49B7-8632-B2A58F9BF17F}.Debug|Any CPU.Build.0 = Debug|Any CPU
		{BF07FB51-D73C-49B7-8632-B2A58F9BF17F}.Release|Any CPU.ActiveCfg = Release|Any CPU
		{BF07FB51-D73C-49B7-8632-B2A58F9BF17F}.Release|Any CPU.Build.0 = Release|Any CPU
		{DE382CF7-D84E-4A89-9C6D-3F2A7729B40C}.Debug|Any CPU.ActiveCfg = Debug|Any CPU
		{DE382CF7-D84E-4A89-9C6D-3F2A7729B40C}.Debug|Any CPU.Build.0 = Debug|Any CPU
		{DE382CF7-D84E-4A89-9C6D-3F2A7729B40C}.Release|Any CPU.ActiveCfg = Release|Any CPU
		{DE382CF7-D84E-4A89-9C6D-3F2A7729B40C}.Release|Any CPU.Build.0 = Release|Any CPU
		{B051F375-1F9F-4A03-BDC2-EB4FA3807B2E}.Debug|Any CPU.ActiveCfg = Debug|Any CPU
		{B051F375-1F9F-4A03-BDC2-EB4FA3807B2E}.Debug|Any CPU.Build.0 = Debug|Any CPU
		{B051F375-1F9F-4A03-BDC2-EB4FA3807B2E}.Release|Any CPU.ActiveCfg = Release|Any CPU
		{B051F375-1F9F-4A03-BDC2-EB4FA3807B2E}.Release|Any CPU.Build.0 = Release|Any CPU
		{A20309E3-493A-4B05-A4DE-B9536487A9D1}.Debug|Any CPU.ActiveCfg = Debug|Any CPU
		{A20309E3-493A-4B05-A4DE-B9536487A9D1}.Debug|Any CPU.Build.0 = Debug|Any CPU
		{A20309E3-493A-4B05-A4DE-B9536487A9D1}.Release|Any CPU.ActiveCfg = Release|Any CPU
		{A20309E3-493A-4B05-A4DE-B9536487A9D1}.Release|Any CPU.Build.0 = Release|Any CPU
		{9DEE41C0-A702-420A-9E5F-7D3D01886660}.Debug|Any CPU.ActiveCfg = Debug|Any CPU
		{9DEE41C0-A702-420A-9E5F-7D3D01886660}.Debug|Any CPU.Build.0 = Debug|Any CPU
		{9DEE41C0-A702-420A-9E5F-7D3D01886660}.Release|Any CPU.ActiveCfg = Release|Any CPU
		{9DEE41C0-A702-420A-9E5F-7D3D01886660}.Release|Any CPU.Build.0 = Release|Any CPU
		{B38223E4-8D33-4B80-AC15-2F715578B619}.Debug|Any CPU.ActiveCfg = Debug|Any CPU
		{B38223E4-8D33-4B80-AC15-2F715578B619}.Debug|Any CPU.Build.0 = Debug|Any CPU
		{B38223E4-8D33-4B80-AC15-2F715578B619}.Release|Any CPU.ActiveCfg = Release|Any CPU
		{B38223E4-8D33-4B80-AC15-2F715578B619}.Release|Any CPU.Build.0 = Release|Any CPU
		{D983C81B-5E86-4D85-83F9-487032C91765}.Debug|Any CPU.ActiveCfg = Debug|Any CPU
		{D983C81B-5E86-4D85-83F9-487032C91765}.Debug|Any CPU.Build.0 = Debug|Any CPU
		{D983C81B-5E86-4D85-83F9-487032C91765}.Release|Any CPU.ActiveCfg = Release|Any CPU
		{D983C81B-5E86-4D85-83F9-487032C91765}.Release|Any CPU.Build.0 = Release|Any CPU
		{B558EC5B-B983-4701-845F-00F7109A2CF9}.Debug|Any CPU.ActiveCfg = Debug|Any CPU
		{B558EC5B-B983-4701-845F-00F7109A2CF9}.Debug|Any CPU.Build.0 = Debug|Any CPU
		{B558EC5B-B983-4701-845F-00F7109A2CF9}.Release|Any CPU.ActiveCfg = Release|Any CPU
		{B558EC5B-B983-4701-845F-00F7109A2CF9}.Release|Any CPU.Build.0 = Release|Any CPU
		{B76D36D7-02DE-43FA-B5AF-52A2A8A5DC6B}.Debug|Any CPU.ActiveCfg = Debug|Any CPU
		{B76D36D7-02DE-43FA-B5AF-52A2A8A5DC6B}.Debug|Any CPU.Build.0 = Debug|Any CPU
		{B76D36D7-02DE-43FA-B5AF-52A2A8A5DC6B}.Release|Any CPU.ActiveCfg = Release|Any CPU
		{B76D36D7-02DE-43FA-B5AF-52A2A8A5DC6B}.Release|Any CPU.Build.0 = Release|Any CPU
		{566FADA1-BCBC-41E4-9327-64214A1A6D30}.Debug|Any CPU.ActiveCfg = Debug|Any CPU
		{566FADA1-BCBC-41E4-9327-64214A1A6D30}.Debug|Any CPU.Build.0 = Debug|Any CPU
		{566FADA1-BCBC-41E4-9327-64214A1A6D30}.Release|Any CPU.ActiveCfg = Release|Any CPU
		{566FADA1-BCBC-41E4-9327-64214A1A6D30}.Release|Any CPU.Build.0 = Release|Any CPU
		{3C0F3FEF-DB2B-4FC2-9272-284E49994333}.Debug|Any CPU.ActiveCfg = Debug|Any CPU
		{3C0F3FEF-DB2B-4FC2-9272-284E49994333}.Debug|Any CPU.Build.0 = Debug|Any CPU
		{3C0F3FEF-DB2B-4FC2-9272-284E49994333}.Release|Any CPU.ActiveCfg = Release|Any CPU
		{3C0F3FEF-DB2B-4FC2-9272-284E49994333}.Release|Any CPU.Build.0 = Release|Any CPU
		{8730B98B-6DBF-4209-8C36-75377E89F62F}.Debug|Any CPU.ActiveCfg = Debug|Any CPU
		{8730B98B-6DBF-4209-8C36-75377E89F62F}.Debug|Any CPU.Build.0 = Debug|Any CPU
		{8730B98B-6DBF-4209-8C36-75377E89F62F}.Release|Any CPU.ActiveCfg = Release|Any CPU
		{8730B98B-6DBF-4209-8C36-75377E89F62F}.Release|Any CPU.Build.0 = Release|Any CPU
		{59DE295E-C5D0-4BB9-B393-BBE1831A0CFA}.Debug|Any CPU.ActiveCfg = Debug|Any CPU
		{59DE295E-C5D0-4BB9-B393-BBE1831A0CFA}.Debug|Any CPU.Build.0 = Debug|Any CPU
		{59DE295E-C5D0-4BB9-B393-BBE1831A0CFA}.Release|Any CPU.ActiveCfg = Release|Any CPU
		{59DE295E-C5D0-4BB9-B393-BBE1831A0CFA}.Release|Any CPU.Build.0 = Release|Any CPU
		{ABC9AD2E-C560-4B6F-AE17-3B0537CD9275}.Debug|Any CPU.ActiveCfg = Debug|Any CPU
		{ABC9AD2E-C560-4B6F-AE17-3B0537CD9275}.Debug|Any CPU.Build.0 = Debug|Any CPU
		{ABC9AD2E-C560-4B6F-AE17-3B0537CD9275}.Release|Any CPU.ActiveCfg = Release|Any CPU
		{ABC9AD2E-C560-4B6F-AE17-3B0537CD9275}.Release|Any CPU.Build.0 = Release|Any CPU
		{5BBDFF60-4159-4321-84F0-A2E668657CFC}.Debug|Any CPU.ActiveCfg = Debug|Any CPU
		{5BBDFF60-4159-4321-84F0-A2E668657CFC}.Debug|Any CPU.Build.0 = Debug|Any CPU
		{5BBDFF60-4159-4321-84F0-A2E668657CFC}.Release|Any CPU.ActiveCfg = Release|Any CPU
		{5BBDFF60-4159-4321-84F0-A2E668657CFC}.Release|Any CPU.Build.0 = Release|Any CPU
		{DE8856AF-1E78-494A-9BFF-48E42D25858A}.Debug|Any CPU.ActiveCfg = Debug|Any CPU
		{DE8856AF-1E78-494A-9BFF-48E42D25858A}.Debug|Any CPU.Build.0 = Debug|Any CPU
		{DE8856AF-1E78-494A-9BFF-48E42D25858A}.Release|Any CPU.ActiveCfg = Release|Any CPU
		{DE8856AF-1E78-494A-9BFF-48E42D25858A}.Release|Any CPU.Build.0 = Release|Any CPU
		{C18D2AD8-69F0-4167-B407-EAD386708730}.Debug|Any CPU.ActiveCfg = Debug|Any CPU
		{C18D2AD8-69F0-4167-B407-EAD386708730}.Debug|Any CPU.Build.0 = Debug|Any CPU
		{C18D2AD8-69F0-4167-B407-EAD386708730}.Release|Any CPU.ActiveCfg = Release|Any CPU
		{C18D2AD8-69F0-4167-B407-EAD386708730}.Release|Any CPU.Build.0 = Release|Any CPU
		{C4B48455-7596-49E1-9443-B2E4ACCD1E80}.Debug|Any CPU.ActiveCfg = Debug|Any CPU
		{C4B48455-7596-49E1-9443-B2E4ACCD1E80}.Debug|Any CPU.Build.0 = Debug|Any CPU
		{C4B48455-7596-49E1-9443-B2E4ACCD1E80}.Release|Any CPU.ActiveCfg = Release|Any CPU
		{C4B48455-7596-49E1-9443-B2E4ACCD1E80}.Release|Any CPU.Build.0 = Release|Any CPU
		{175783B5-DBE5-491A-B365-CA1D1CC09375}.Debug|Any CPU.ActiveCfg = Debug|Any CPU
		{175783B5-DBE5-491A-B365-CA1D1CC09375}.Debug|Any CPU.Build.0 = Debug|Any CPU
		{175783B5-DBE5-491A-B365-CA1D1CC09375}.Release|Any CPU.ActiveCfg = Release|Any CPU
		{175783B5-DBE5-491A-B365-CA1D1CC09375}.Release|Any CPU.Build.0 = Release|Any CPU
		{2A29CCC2-B883-403F-B2EA-E55D44B44EC0}.Debug|Any CPU.ActiveCfg = Debug|Any CPU
		{2A29CCC2-B883-403F-B2EA-E55D44B44EC0}.Debug|Any CPU.Build.0 = Debug|Any CPU
		{2A29CCC2-B883-403F-B2EA-E55D44B44EC0}.Release|Any CPU.ActiveCfg = Release|Any CPU
		{2A29CCC2-B883-403F-B2EA-E55D44B44EC0}.Release|Any CPU.Build.0 = Release|Any CPU
		{427BAF56-5FAF-4B1C-9851-7474660F58EA}.Debug|Any CPU.ActiveCfg = Debug|Any CPU
		{427BAF56-5FAF-4B1C-9851-7474660F58EA}.Debug|Any CPU.Build.0 = Debug|Any CPU
		{427BAF56-5FAF-4B1C-9851-7474660F58EA}.Release|Any CPU.ActiveCfg = Release|Any CPU
		{427BAF56-5FAF-4B1C-9851-7474660F58EA}.Release|Any CPU.Build.0 = Release|Any CPU
		{BB4CB2EB-4003-4BF9-BB26-2A19FEC82D8B}.Debug|Any CPU.ActiveCfg = Debug|Any CPU
		{BB4CB2EB-4003-4BF9-BB26-2A19FEC82D8B}.Debug|Any CPU.Build.0 = Debug|Any CPU
		{BB4CB2EB-4003-4BF9-BB26-2A19FEC82D8B}.Release|Any CPU.ActiveCfg = Release|Any CPU
		{BB4CB2EB-4003-4BF9-BB26-2A19FEC82D8B}.Release|Any CPU.Build.0 = Release|Any CPU
		{8FEB2DC5-BC36-47AA-A319-3C2263740808}.Debug|Any CPU.ActiveCfg = Debug|Any CPU
		{8FEB2DC5-BC36-47AA-A319-3C2263740808}.Debug|Any CPU.Build.0 = Debug|Any CPU
		{8FEB2DC5-BC36-47AA-A319-3C2263740808}.Release|Any CPU.ActiveCfg = Release|Any CPU
		{8FEB2DC5-BC36-47AA-A319-3C2263740808}.Release|Any CPU.Build.0 = Release|Any CPU
		{B544856A-AB36-4A88-9441-67853074F33A}.Debug|Any CPU.ActiveCfg = Debug|Any CPU
		{B544856A-AB36-4A88-9441-67853074F33A}.Debug|Any CPU.Build.0 = Debug|Any CPU
		{B544856A-AB36-4A88-9441-67853074F33A}.Release|Any CPU.ActiveCfg = Release|Any CPU
		{B544856A-AB36-4A88-9441-67853074F33A}.Release|Any CPU.Build.0 = Release|Any CPU
		{3DE7A97E-15F4-4770-A400-97D1462276CF}.Debug|Any CPU.ActiveCfg = Debug|Any CPU
		{3DE7A97E-15F4-4770-A400-97D1462276CF}.Debug|Any CPU.Build.0 = Debug|Any CPU
		{3DE7A97E-15F4-4770-A400-97D1462276CF}.Release|Any CPU.ActiveCfg = Release|Any CPU
		{3DE7A97E-15F4-4770-A400-97D1462276CF}.Release|Any CPU.Build.0 = Release|Any CPU
		{A86581CA-18F6-4D03-9F7A-0657DEC32A1A}.Debug|Any CPU.ActiveCfg = Debug|Any CPU
		{A86581CA-18F6-4D03-9F7A-0657DEC32A1A}.Debug|Any CPU.Build.0 = Debug|Any CPU
		{A86581CA-18F6-4D03-9F7A-0657DEC32A1A}.Release|Any CPU.ActiveCfg = Release|Any CPU
		{A86581CA-18F6-4D03-9F7A-0657DEC32A1A}.Release|Any CPU.Build.0 = Release|Any CPU
	EndGlobalSection
	GlobalSection(SolutionProperties) = preSolution
		HideSolutionNode = FALSE
	EndGlobalSection
	GlobalSection(NestedProjects) = preSolution
		{B33EE9D3-EF98-4400-A528-67CD385747E7} = {8A28C6A1-F2B2-47F9-BBBF-5C5DD182C237}
		{0E56D372-31CF-48BD-94A2-67D4622C270A} = {49001EEA-4C5C-4456-856B-9238F849881B}
		{CAF704D5-0F07-47C5-A1E5-D0BCBEFCA5C3} = {49001EEA-4C5C-4456-856B-9238F849881B}
		{3EA64B23-830B-4699-93EE-A8FEE88EA631} = {2E9E6598-5746-4968-AB8F-240FED1139D3}
		{8878CD88-B979-4AF3-9510-2FA949060088} = {7F0E8840-224B-4473-89E6-1FE66EE93E8C}
		{53B6ACAA-2C8A-4D5C-80A6-4007518F0A58} = {A8D16300-EFDF-4976-8AF3-1D7E1D043FF8}
		{E67B42E4-9BE6-42B5-99DF-17727C1E2F38} = {E639114B-F4A2-487E-AFE3-DE176DB4C127}
		{E2A76532-FDAD-4E30-9DA7-096C71B04C68} = {DAB1F3EB-AD06-4CA0-BE64-7F7267ECCBFC}
		{9910FE87-56F3-453D-899D-46415D56FB9C} = {2E9E6598-5746-4968-AB8F-240FED1139D3}
		{66ECD308-648E-4AC6-A37A-A868DF43CA6C} = {DAB1F3EB-AD06-4CA0-BE64-7F7267ECCBFC}
		{E100AA3F-6F54-428A-BD4C-B186BEE0AA3B} = {2E9E6598-5746-4968-AB8F-240FED1139D3}
		{3FF8799D-1850-46DC-BD5E-632485E89058} = {7F0E8840-224B-4473-89E6-1FE66EE93E8C}
		{2972B7D9-8D15-4A9A-BF86-29C97F9B7B81} = {15BDBEA4-4170-4040-9C45-C392D6098151}
		{18E59339-25CA-46BF-B6FA-8D992A303050} = {1AF9FEFF-E2BF-4CFB-A177-E67BBF083BA4}
		{D9FC9425-991E-4D82-AD07-1F7E501CC27C} = {E5A37BD8-C51F-4B41-BA22-BC41AB9CE9B5}
		{3B8C1B3F-6B07-4BE2-AB12-45F265E0FB01} = {49001EEA-4C5C-4456-856B-9238F849881B}
		{1165093F-4337-403C-A4EC-A936EA91ACDC} = {3B8C1B3F-6B07-4BE2-AB12-45F265E0FB01}
		{D3DE6090-306A-4C84-8CCB-86BBD50D7885} = {1AF9FEFF-E2BF-4CFB-A177-E67BBF083BA4}
		{C8D2AF3C-C4C1-4D21-9E2C-1E56BA103B9A} = {1AF9FEFF-E2BF-4CFB-A177-E67BBF083BA4}
		{585F063F-E452-4A6B-B29E-36BA8BF14FBD} = {3B8C1B3F-6B07-4BE2-AB12-45F265E0FB01}
		{E5A37BD8-C51F-4B41-BA22-BC41AB9CE9B5} = {31E8CAA1-95FD-4C25-BD13-2CC91D5160B3}
		{0D4D0D5E-99D0-408C-BDE0-947B5CBF9E0B} = {31E8CAA1-95FD-4C25-BD13-2CC91D5160B3}
		{3456B356-20D3-43CE-92D1-1A84383AFAF2} = {0D4D0D5E-99D0-408C-BDE0-947B5CBF9E0B}
		{801DB5B1-CFB5-44F4-B52C-5C0690C11F54} = {31E8CAA1-95FD-4C25-BD13-2CC91D5160B3}
		{A3B8D906-34C9-4395-9D19-B1C8355BA5E7} = {801DB5B1-CFB5-44F4-B52C-5C0690C11F54}
		{9F2AFA76-BC5A-4D7C-BD25-DFB37332F9F0} = {15BDBEA4-4170-4040-9C45-C392D6098151}
		{9ABFCBE9-D6F9-4C9E-B447-6A8F49A5A939} = {9F2AFA76-BC5A-4D7C-BD25-DFB37332F9F0}
		{4E6B441B-337A-4987-A50E-CE203D4929C1} = {801DB5B1-CFB5-44F4-B52C-5C0690C11F54}
		{523BB036-1DDF-419E-851E-8685E4EC744F} = {32557D31-ACBC-4368-A147-389CB1006A8F}
		{2C772806-3C50-468C-8A13-CFA42592322A} = {E5A37BD8-C51F-4B41-BA22-BC41AB9CE9B5}
		{2876D6F5-C798-4EE2-A6E5-AA8D0FA6460B} = {15BDBEA4-4170-4040-9C45-C392D6098151}
		{BF07FB51-D73C-49B7-8632-B2A58F9BF17F} = {2972B7D9-8D15-4A9A-BF86-29C97F9B7B81}
		{DE382CF7-D84E-4A89-9C6D-3F2A7729B40C} = {32557D31-ACBC-4368-A147-389CB1006A8F}
		{65BD92C5-5BDE-412F-B4E7-71B0A2E39FF8} = {49001EEA-4C5C-4456-856B-9238F849881B}
		{B051F375-1F9F-4A03-BDC2-EB4FA3807B2E} = {65BD92C5-5BDE-412F-B4E7-71B0A2E39FF8}
		{A20309E3-493A-4B05-A4DE-B9536487A9D1} = {65BD92C5-5BDE-412F-B4E7-71B0A2E39FF8}
		{C467C07F-5A78-483F-82F2-5B375E2FF185} = {31E8CAA1-95FD-4C25-BD13-2CC91D5160B3}
		{9DEE41C0-A702-420A-9E5F-7D3D01886660} = {C467C07F-5A78-483F-82F2-5B375E2FF185}
		{20BCA581-3942-449D-ACC4-031CB98CC4C6} = {15BDBEA4-4170-4040-9C45-C392D6098151}
		{B38223E4-8D33-4B80-AC15-2F715578B619} = {20BCA581-3942-449D-ACC4-031CB98CC4C6}
		{D983C81B-5E86-4D85-83F9-487032C91765} = {C467C07F-5A78-483F-82F2-5B375E2FF185}
		{B558EC5B-B983-4701-845F-00F7109A2CF9} = {20BCA581-3942-449D-ACC4-031CB98CC4C6}
		{B76D36D7-02DE-43FA-B5AF-52A2A8A5DC6B} = {C467C07F-5A78-483F-82F2-5B375E2FF185}
		{A8D16300-EFDF-4976-8AF3-1D7E1D043FF8} = {4B57B3F7-1B98-4B84-BDFA-26A1AC0595E7}
		{E639114B-F4A2-487E-AFE3-DE176DB4C127} = {4B57B3F7-1B98-4B84-BDFA-26A1AC0595E7}
		{566FADA1-BCBC-41E4-9327-64214A1A6D30} = {1AF9FEFF-E2BF-4CFB-A177-E67BBF083BA4}
		{1AF9FEFF-E2BF-4CFB-A177-E67BBF083BA4} = {2972B7D9-8D15-4A9A-BF86-29C97F9B7B81}
		{15461754-ABF2-4DC6-BEAC-CFE610A6BF16} = {4B57B3F7-1B98-4B84-BDFA-26A1AC0595E7}
		{3C0F3FEF-DB2B-4FC2-9272-284E49994333} = {15461754-ABF2-4DC6-BEAC-CFE610A6BF16}
		{8730B98B-6DBF-4209-8C36-75377E89F62F} = {DAB1F3EB-AD06-4CA0-BE64-7F7267ECCBFC}
		{59DE295E-C5D0-4BB9-B393-BBE1831A0CFA} = {49001EEA-4C5C-4456-856B-9238F849881B}
		{ABC9AD2E-C560-4B6F-AE17-3B0537CD9275} = {2E9E6598-5746-4968-AB8F-240FED1139D3}
		{5BBDFF60-4159-4321-84F0-A2E668657CFC} = {DAB1F3EB-AD06-4CA0-BE64-7F7267ECCBFC}
		{DE8856AF-1E78-494A-9BFF-48E42D25858A} = {E56EA118-33EE-442B-8B70-A6DE45A1D6C9}
		{E56EA118-33EE-442B-8B70-A6DE45A1D6C9} = {49001EEA-4C5C-4456-856B-9238F849881B}
		{BD25BA2F-FEAB-44F7-A7E2-7084E6E97E08} = {15BDBEA4-4170-4040-9C45-C392D6098151}
		{C18D2AD8-69F0-4167-B407-EAD386708730} = {BD25BA2F-FEAB-44F7-A7E2-7084E6E97E08}
		{E8528EAE-5D0E-43A5-9BED-E70EA4F61985} = {31E8CAA1-95FD-4C25-BD13-2CC91D5160B3}
		{C4B48455-7596-49E1-9443-B2E4ACCD1E80} = {E8528EAE-5D0E-43A5-9BED-E70EA4F61985}
		{7621C51A-C9C4-4E10-A89E-80B622D0B025} = {31E8CAA1-95FD-4C25-BD13-2CC91D5160B3}
		{175783B5-DBE5-491A-B365-CA1D1CC09375} = {7621C51A-C9C4-4E10-A89E-80B622D0B025}
		{A2DA07CA-C320-466A-8CFF-E4F21529034B} = {31E8CAA1-95FD-4C25-BD13-2CC91D5160B3}
		{2A29CCC2-B883-403F-B2EA-E55D44B44EC0} = {A2DA07CA-C320-466A-8CFF-E4F21529034B}
		{427BAF56-5FAF-4B1C-9851-7474660F58EA} = {A2DA07CA-C320-466A-8CFF-E4F21529034B}
		{7F0E8840-224B-4473-89E6-1FE66EE93E8C} = {51F6C9E0-53F8-4FEF-A52C-0D92F1226E5A}
		{BB4CB2EB-4003-4BF9-BB26-2A19FEC82D8B} = {2E9E6598-5746-4968-AB8F-240FED1139D3}
		{FE222CC0-0A13-4B24-B56B-FE72CA48A22C} = {2876D6F5-C798-4EE2-A6E5-AA8D0FA6460B}
		{8FEB2DC5-BC36-47AA-A319-3C2263740808} = {FE222CC0-0A13-4B24-B56B-FE72CA48A22C}
		{B544856A-AB36-4A88-9441-67853074F33A} = {FE222CC0-0A13-4B24-B56B-FE72CA48A22C}
		{3DE7A97E-15F4-4770-A400-97D1462276CF} = {2E9E6598-5746-4968-AB8F-240FED1139D3}
		{32557D31-ACBC-4368-A147-389CB1006A8F} = {2876D6F5-C798-4EE2-A6E5-AA8D0FA6460B}
		{C6559E54-8743-4057-BD3D-7D499EAE1613} = {8A28C6A1-F2B2-47F9-BBBF-5C5DD182C237}
		{A86581CA-18F6-4D03-9F7A-0657DEC32A1A} = {C6559E54-8743-4057-BD3D-7D499EAE1613}
	EndGlobalSection
EndGlobal
