
Microsoft Visual Studio Solution File, Format Version 12.00
# Visual Studio Version 16
VisualStudioVersion = 16.0.29509.3
MinimumVisualStudioVersion = 10.0.40219.1
Project("{9A19103F-16F7-4668-BE54-9A1E7A4F7556}") = "ConsoleApplication1", "ConsoleApplication1\ConsoleApplication1.csproj", "{B33EE9D3-EF98-4400-A528-67CD385747E7}"
	ProjectSection(ProjectDependencies) = postProject
		{ABC9AD2E-C560-4B6F-AE17-3B0537CD9275} = {ABC9AD2E-C560-4B6F-AE17-3B0537CD9275}
		{8730B98B-6DBF-4209-8C36-75377E89F62F} = {8730B98B-6DBF-4209-8C36-75377E89F62F}
	EndProjectSection
EndProject
Project("{2150E333-8FDC-42A3-9474-1A3956D46DE8}") = "Framework", "Framework", "{2E9E6598-5746-4968-AB8F-240FED1139D3}"
EndProject
Project("{2150E333-8FDC-42A3-9474-1A3956D46DE8}") = "Plugins", "Plugins", "{15BDBEA4-4170-4040-9C45-C392D6098151}"
EndProject
Project("{9A19103F-16F7-4668-BE54-9A1E7A4F7556}") = "ProjectXyz.Shared.Triggering", "ProjectXyz.Application.Core\ProjectXyz.Shared.Triggering.csproj", "{0E56D372-31CF-48BD-94A2-67D4622C270A}"
EndProject
Project("{9A19103F-16F7-4668-BE54-9A1E7A4F7556}") = "ProjectXyz.Shared.Framework", "ProjectXyz.Framework.Shared\ProjectXyz.Shared.Framework.csproj", "{8878CD88-B979-4AF3-9510-2FA949060088}"
EndProject
Project("{2150E333-8FDC-42A3-9474-1A3956D46DE8}") = "Game", "Game", "{DAB1F3EB-AD06-4CA0-BE64-7F7267ECCBFC}"
EndProject
Project("{9A19103F-16F7-4668-BE54-9A1E7A4F7556}") = "ProjectXyz.Game.Tests", "ProjectXyz.Game.Tests\ProjectXyz.Game.Tests.csproj", "{E67B42E4-9BE6-42B5-99DF-17727C1E2F38}"
EndProject
Project("{9A19103F-16F7-4668-BE54-9A1E7A4F7556}") = "ProjectXyz.Game.Core", "ProjectXyz.Game.Core\ProjectXyz.Game.Core.csproj", "{E2A76532-FDAD-4E30-9DA7-096C71B04C68}"
EndProject
Project("{9A19103F-16F7-4668-BE54-9A1E7A4F7556}") = "ProjectXyz.Framework.Testing", "ProjectXyz.Framework.Testing\ProjectXyz.Framework.Testing.csproj", "{9910FE87-56F3-453D-899D-46415D56FB9C}"
EndProject
Project("{9A19103F-16F7-4668-BE54-9A1E7A4F7556}") = "ProjectXyz.Game.Interface", "ProjectXyz.Game.Interface\ProjectXyz.Game.Interface.csproj", "{66ECD308-648E-4AC6-A37A-A868DF43CA6C}"
EndProject
Project("{9A19103F-16F7-4668-BE54-9A1E7A4F7556}") = "ProjectXyz.Shared.Framework.Entities", "ProjectXyz.Framework.Entities.Shared\ProjectXyz.Shared.Framework.Entities.csproj", "{3FF8799D-1850-46DC-BD5E-632485E89058}"
EndProject
Project("{2150E333-8FDC-42A3-9474-1A3956D46DE8}") = "Enchantments", "Enchantments", "{2972B7D9-8D15-4A9A-BF86-29C97F9B7B81}"
EndProject
Project("{9A19103F-16F7-4668-BE54-9A1E7A4F7556}") = "ProjectXyz.Plugins.Features.StateEnchantments", "ProjectXyz.Plugins.Enchantments.Calculations.State\ProjectXyz.Plugins.Features.StateEnchantments.csproj", "{18E59339-25CA-46BF-B6FA-8D992A303050}"
EndProject
Project("{9A19103F-16F7-4668-BE54-9A1E7A4F7556}") = "ProjectXyz.Api.Enchantments", "ProjectXyz.Application.Enchantments.Api\ProjectXyz.Api.Enchantments.csproj", "{D9FC9425-991E-4D82-AD07-1F7E501CC27C}"
EndProject
Project("{9A19103F-16F7-4668-BE54-9A1E7A4F7556}") = "ProjectXyz.Plugins.Features.ExpressionEnchantments", "ProjectXyz.Plugins.Enchantments.Calculations.Expressions\ProjectXyz.Plugins.Features.ExpressionEnchantments.csproj", "{D3DE6090-306A-4C84-8CCB-86BBD50D7885}"
EndProject
Project("{9A19103F-16F7-4668-BE54-9A1E7A4F7556}") = "ProjectXyz.Plugins.Enchantments.Multiple", "ProjectXyz.Plugins.Enchantments.Calculations.Multiple\ProjectXyz.Plugins.Enchantments.Multiple.csproj", "{C8D2AF3C-C4C1-4D21-9E2C-1E56BA103B9A}"
EndProject
Project("{9A19103F-16F7-4668-BE54-9A1E7A4F7556}") = "ProjectXyz.Shared.Game.GameObjects.Enchantments", "ProjectXyz.Shared.Game.GameObjects.Enchantments\ProjectXyz.Shared.Game.GameObjects.Enchantments.csproj", "{585F063F-E452-4A6B-B29E-36BA8BF14FBD}"
EndProject
Project("{2150E333-8FDC-42A3-9474-1A3956D46DE8}") = "Api", "Api", "{31E8CAA1-95FD-4C25-BD13-2CC91D5160B3}"
EndProject
Project("{2150E333-8FDC-42A3-9474-1A3956D46DE8}") = "Enchantments", "Enchantments", "{E5A37BD8-C51F-4B41-BA22-BC41AB9CE9B5}"
EndProject
Project("{2150E333-8FDC-42A3-9474-1A3956D46DE8}") = "States", "States", "{0D4D0D5E-99D0-408C-BDE0-947B5CBF9E0B}"
EndProject
Project("{9A19103F-16F7-4668-BE54-9A1E7A4F7556}") = "ProjectXyz.Api.States", "ProjectXyz.Api.States\ProjectXyz.Api.States.csproj", "{3456B356-20D3-43CE-92D1-1A84383AFAF2}"
EndProject
Project("{9A19103F-16F7-4668-BE54-9A1E7A4F7556}") = "ProjectXyz.Shared.States", "ProjectXyz.Plugins.States.Simple\ProjectXyz.Shared.States.csproj", "{9ABFCBE9-D6F9-4C9E-B447-6A8F49A5A939}"
EndProject
Project("{9A19103F-16F7-4668-BE54-9A1E7A4F7556}") = "ProjectXyz.Plugins.Features.BoundedStats", "ProjectXyz.Plugins.Stats.Calculations.Bounded\ProjectXyz.Plugins.Features.BoundedStats.csproj", "{523BB036-1DDF-419E-851E-8685E4EC744F}"
EndProject
Project("{9A19103F-16F7-4668-BE54-9A1E7A4F7556}") = "ProjectXyz.Api.Enchantments.Stats", "ProjectXyz.Api.DomainConversions.EnchantmentsAndStats\ProjectXyz.Api.Enchantments.Stats.csproj", "{2C772806-3C50-468C-8A13-CFA42592322A}"
EndProject
Project("{2150E333-8FDC-42A3-9474-1A3956D46DE8}") = "Features", "Features", "{2876D6F5-C798-4EE2-A6E5-AA8D0FA6460B}"
EndProject
Project("{9A19103F-16F7-4668-BE54-9A1E7A4F7556}") = "ProjectXyz.Plugins.Enchantments.Stats.StatExpressions", "ProjectXyz.Plugins.DomainConversion.EnchantmentsAndStats\ProjectXyz.Plugins.Enchantments.Stats.StatExpressions.csproj", "{BF07FB51-D73C-49B7-8632-B2A58F9BF17F}"
EndProject
Project("{9A19103F-16F7-4668-BE54-9A1E7A4F7556}") = "ProjectXyz.Plugins.Features.BoundedStats.Api", "ProjectXyz.Api.Stats.Bounded\ProjectXyz.Plugins.Features.BoundedStats.Api.csproj", "{DE382CF7-D84E-4A89-9C6D-3F2A7729B40C}"
EndProject
Project("{2150E333-8FDC-42A3-9474-1A3956D46DE8}") = "Stats", "Stats", "{65BD92C5-5BDE-412F-B4E7-71B0A2E39FF8}"
EndProject
Project("{9A19103F-16F7-4668-BE54-9A1E7A4F7556}") = "ProjectXyz.Plugins.Stats", "ProjectXyz.Application.Stats.Core\ProjectXyz.Plugins.Stats.csproj", "{B051F375-1F9F-4A03-BDC2-EB4FA3807B2E}"
EndProject
Project("{9A19103F-16F7-4668-BE54-9A1E7A4F7556}") = "ProjectXyz.Api.Stats", "ProjectXyz.Application.Stats.Interface\ProjectXyz.Api.Stats.csproj", "{A20309E3-493A-4B05-A4DE-B9536487A9D1}"
EndProject
Project("{2150E333-8FDC-42A3-9474-1A3956D46DE8}") = "Triggering", "Triggering", "{C467C07F-5A78-483F-82F2-5B375E2FF185}"
EndProject
Project("{9A19103F-16F7-4668-BE54-9A1E7A4F7556}") = "ProjectXyz.Api.Triggering", "ProjectXyz.Api.Triggering\ProjectXyz.Api.Triggering.csproj", "{9DEE41C0-A702-420A-9E5F-7D3D01886660}"
EndProject
Project("{9A19103F-16F7-4668-BE54-9A1E7A4F7556}") = "ProjectXyz.Plugins.Features.ExpiringEnchantments", "ProjectXyz.Plugins.DomainConversion.EnchantmentsAndTriggers\ProjectXyz.Plugins.Features.ExpiringEnchantments.csproj", "{B558EC5B-B983-4701-845F-00F7109A2CF9}"
EndProject
Project("{9A19103F-16F7-4668-BE54-9A1E7A4F7556}") = "ProjectXyz.Plugins.Features.ElapsedTime.Api", "ProjectXyz.Api.Triggering.Elapsed\ProjectXyz.Plugins.Features.ElapsedTime.Api.csproj", "{B76D36D7-02DE-43FA-B5AF-52A2A8A5DC6B}"
EndProject
Project("{2150E333-8FDC-42A3-9474-1A3956D46DE8}") = "Tests", "Tests", "{4B57B3F7-1B98-4B84-BDFA-26A1AC0595E7}"
EndProject
Project("{2150E333-8FDC-42A3-9474-1A3956D46DE8}") = "Game", "Game", "{E639114B-F4A2-487E-AFE3-DE176DB4C127}"
EndProject
Project("{9A19103F-16F7-4668-BE54-9A1E7A4F7556}") = "ProjectXyz.Plugins.Enchantments.StatToTerm", "ProjectXyz.Plugins.Enchantments.StatToTerm\ProjectXyz.Plugins.Enchantments.StatToTerm.csproj", "{566FADA1-BCBC-41E4-9327-64214A1A6D30}"
EndProject
Project("{2150E333-8FDC-42A3-9474-1A3956D46DE8}") = "Calculations", "Calculations", "{1AF9FEFF-E2BF-4CFB-A177-E67BBF083BA4}"
EndProject
Project("{2150E333-8FDC-42A3-9474-1A3956D46DE8}") = "Framework", "Framework", "{15461754-ABF2-4DC6-BEAC-CFE610A6BF16}"
EndProject
Project("{9A19103F-16F7-4668-BE54-9A1E7A4F7556}") = "ProjectXyz.Framework.Tests", "ProjectXyz.Framework.Tests\ProjectXyz.Framework.Tests.csproj", "{3C0F3FEF-DB2B-4FC2-9272-284E49994333}"
EndProject
Project("{9A19103F-16F7-4668-BE54-9A1E7A4F7556}") = "ProjectXyz.Game.Core.Dependencies.Autofac", "ProjectXyz.Game.Core.Dependencies.Autofac\ProjectXyz.Game.Core.Dependencies.Autofac.csproj", "{8730B98B-6DBF-4209-8C36-75377E89F62F}"
EndProject
Project("{9A19103F-16F7-4668-BE54-9A1E7A4F7556}") = "ProjectXyz.Plugins.Framework.Math.Jace", "ProjectXyz.Framework.Core.Dependencies.Autofac\ProjectXyz.Plugins.Framework.Math.Jace.csproj", "{ABC9AD2E-C560-4B6F-AE17-3B0537CD9275}"
EndProject
Project("{9A19103F-16F7-4668-BE54-9A1E7A4F7556}") = "ProjectXyz.Game.Core.Autofac", "ProjectXyz.Game.Core.Autofac\ProjectXyz.Game.Core.Autofac.csproj", "{5BBDFF60-4159-4321-84F0-A2E668657CFC}"
EndProject
Project("{9A19103F-16F7-4668-BE54-9A1E7A4F7556}") = "ProjectXyz.Plugins.Features.ElapsedTime", "ProjectXyz.Plugins.Systems.ElapsedTime\ProjectXyz.Plugins.Features.ElapsedTime.csproj", "{C18D2AD8-69F0-4167-B407-EAD386708730}"
EndProject
Project("{2150E333-8FDC-42A3-9474-1A3956D46DE8}") = "Systems", "Systems", "{E8528EAE-5D0E-43A5-9BED-E70EA4F61985}"
EndProject
Project("{9A19103F-16F7-4668-BE54-9A1E7A4F7556}") = "ProjectXyz.Api.Systems", "ProjectXyz.Api.Systems\ProjectXyz.Api.Systems.csproj", "{C4B48455-7596-49E1-9443-B2E4ACCD1E80}"
EndProject
Project("{2150E333-8FDC-42A3-9474-1A3956D46DE8}") = "Behaviors", "Behaviors", "{7621C51A-C9C4-4E10-A89E-80B622D0B025}"
EndProject
Project("{9A19103F-16F7-4668-BE54-9A1E7A4F7556}") = "ProjectXyz.Api.Behaviors", "ProjectXyz.Api.Behaviors\ProjectXyz.Api.Behaviors.csproj", "{175783B5-DBE5-491A-B365-CA1D1CC09375}"
EndProject
Project("{2150E333-8FDC-42A3-9474-1A3956D46DE8}") = "Framework", "Framework", "{A2DA07CA-C320-466A-8CFF-E4F21529034B}"
EndProject
Project("{9A19103F-16F7-4668-BE54-9A1E7A4F7556}") = "ProjectXyz.Api.Framework", "ProjectXyz.Api.Framework\ProjectXyz.Api.Framework.csproj", "{2A29CCC2-B883-403F-B2EA-E55D44B44EC0}"
EndProject
Project("{9A19103F-16F7-4668-BE54-9A1E7A4F7556}") = "ProjectXyz.Api.Framework.Entities", "ProjectXyz.Api.Framework.Entities\ProjectXyz.Api.Framework.Entities.csproj", "{427BAF56-5FAF-4B1C-9851-7474660F58EA}"
EndProject
Project("{2150E333-8FDC-42A3-9474-1A3956D46DE8}") = "Shared", "Shared", "{51F6C9E0-53F8-4FEF-A52C-0D92F1226E5A}"
EndProject
Project("{2150E333-8FDC-42A3-9474-1A3956D46DE8}") = "Framework", "Framework", "{7F0E8840-224B-4473-89E6-1FE66EE93E8C}"
EndProject
Project("{9A19103F-16F7-4668-BE54-9A1E7A4F7556}") = "ProjectXyz.Framework.Contracts", "ProjectXyz.Framework.Contracts\ProjectXyz.Framework.Contracts.csproj", "{BB4CB2EB-4003-4BF9-BB26-2A19FEC82D8B}"
EndProject
Project("{2150E333-8FDC-42A3-9474-1A3956D46DE8}") = "BaseStatEnchantments", "BaseStatEnchantments", "{FE222CC0-0A13-4B24-B56B-FE72CA48A22C}"
EndProject
Project("{9A19103F-16F7-4668-BE54-9A1E7A4F7556}") = "ProjectXyz.Plugins.Features.BaseStatEnchantments.Api", "ProjectXyz.Plugins.Features.BaseStatEnchantments.Api\ProjectXyz.Plugins.Features.BaseStatEnchantments.Api.csproj", "{8FEB2DC5-BC36-47AA-A319-3C2263740808}"
EndProject
Project("{9A19103F-16F7-4668-BE54-9A1E7A4F7556}") = "ProjectXyz.Plugins.Features.BaseStatEnchantments", "ProjectXyz.Plugins.Features.BaseStatEnchantments\ProjectXyz.Plugins.Features.BaseStatEnchantments.csproj", "{B544856A-AB36-4A88-9441-67853074F33A}"
EndProject
Project("{2150E333-8FDC-42A3-9474-1A3956D46DE8}") = "BoundedStats", "BoundedStats", "{32557D31-ACBC-4368-A147-389CB1006A8F}"
EndProject
Project("{2150E333-8FDC-42A3-9474-1A3956D46DE8}") = "Example", "Example", "{8A28C6A1-F2B2-47F9-BBBF-5C5DD182C237}"
EndProject
Project("{2150E333-8FDC-42A3-9474-1A3956D46DE8}") = "Modules", "Modules", "{C6559E54-8743-4057-BD3D-7D499EAE1613}"
EndProject
Project("{9A19103F-16F7-4668-BE54-9A1E7A4F7556}") = "Examples.Modules.BoundedStats", "Examples.Modules.BoundedStats\Examples.Modules.BoundedStats.csproj", "{A86581CA-18F6-4D03-9F7A-0657DEC32A1A}"
EndProject
Project("{2150E333-8FDC-42A3-9474-1A3956D46DE8}") = "ExpressionEnchantments", "ExpressionEnchantments", "{082E360F-BD44-4AEF-BFA9-5BFDD278EE27}"
EndProject
Project("{9A19103F-16F7-4668-BE54-9A1E7A4F7556}") = "ProjectXyz.Plugins.Features.ExpressionEnchantments.Api", "ProjectXyz.Plugins.Features.ExpressioEnchantments.Api\ProjectXyz.Plugins.Features.ExpressionEnchantments.Api.csproj", "{B6A76B2D-7CB5-4584-8EFA-B76AEE3BDD76}"
EndProject
Project("{9A19103F-16F7-4668-BE54-9A1E7A4F7556}") = "Examples.Modules.ExpressionEnchantments", "Examples.Modules.ExpressionEnchantments\Examples.Modules.ExpressionEnchantments.csproj", "{77D2CF94-450D-4B14-B5C3-1A7E48214784}"
EndProject
Project("{2150E333-8FDC-42A3-9474-1A3956D46DE8}") = "StateEnchantments", "StateEnchantments", "{347226E9-35EB-468E-9884-130B7D502E2A}"
EndProject
Project("{9A19103F-16F7-4668-BE54-9A1E7A4F7556}") = "ProjectXyz.Plugins.Features.StateEnchantments.Api", "ProjectXyz.Plugins.Features.StateEnchantments.Api\ProjectXyz.Plugins.Features.StateEnchantments.Api.csproj", "{5A0E7932-B9A9-4A10-A8AE-CF505D6569B8}"
EndProject
Project("{9A19103F-16F7-4668-BE54-9A1E7A4F7556}") = "Examples.Modules.StateEnchantments", "Examples.Modules.StateEnchantments\Examples.Modules.StateEnchantments.csproj", "{BC946063-8EF9-4520-BCEB-F13DB6DA4FF5}"
EndProject
Project("{9A19103F-16F7-4668-BE54-9A1E7A4F7556}") = "Examples.Modules.Stats", "Examples.Modules.Stats\Examples.Modules.Stats.csproj", "{F4DB6337-D838-4347-9987-E0EE13EBD818}"
EndProject
Project("{2150E333-8FDC-42A3-9474-1A3956D46DE8}") = "States", "States", "{64B76D05-65D1-4AA8-B453-3C1BC400B2A4}"
EndProject
Project("{9A19103F-16F7-4668-BE54-9A1E7A4F7556}") = "ProjectXyz.Plugins.Features.TimeOfDay", "Examples.Modules.States.TimeOfDay\ProjectXyz.Plugins.Features.TimeOfDay.csproj", "{1F1FEB20-3E06-442E-9B5B-B9B96BAAFC54}"
EndProject
Project("{9A19103F-16F7-4668-BE54-9A1E7A4F7556}") = "ProjectXyz.Plugins.Features.StateEnchantments.Shared", "ProjectXyz.Plugins.Features.StateEnchantments.Shared\ProjectXyz.Plugins.Features.StateEnchantments.Shared.csproj", "{F85CF10E-7CEC-42BD-8DBA-A76275F5060F}"
EndProject
Project("{2150E333-8FDC-42A3-9474-1A3956D46DE8}") = "TimeOfDay", "TimeOfDay", "{02E99FD1-9946-4B2E-9D7E-8173648EC9BC}"
EndProject
Project("{9A19103F-16F7-4668-BE54-9A1E7A4F7556}") = "ProjectXyz.Plugins.Features.GameObjects.Items.Api", "ProjectXyz.Api.Items\ProjectXyz.Plugins.Features.GameObjects.Items.Api.csproj", "{4AC90E8C-B0BA-4907-AC9D-03E878C0E8E4}"
EndProject
Project("{2150E333-8FDC-42A3-9474-1A3956D46DE8}") = "GameObjects", "GameObjects", "{FB14DEEE-1016-4430-A24C-184F87992BC9}"
EndProject
Project("{2150E333-8FDC-42A3-9474-1A3956D46DE8}") = "Actors", "Actors", "{0E152BC5-ABA6-46E1-978A-7216D57320C6}"
EndProject
Project("{9A19103F-16F7-4668-BE54-9A1E7A4F7556}") = "ProjectXyz.Plugins.Features.GameObjects.Actors", "ProjectXyz.Plugins.Features.GameObjects.Actors\ProjectXyz.Plugins.Features.GameObjects.Actors.csproj", "{5E9C8B2B-94ED-4E9E-BB79-9AC38D2485CD}"
EndProject
Project("{9A19103F-16F7-4668-BE54-9A1E7A4F7556}") = "ProjectXyz.Plugins.Features.GameObjects.Actors.Api", "ProjectXyz.Plugins.Features.GameObjects.Actors.Api\ProjectXyz.Plugins.Features.GameObjects.Actors.Api.csproj", "{45DBFFA4-242F-40BC-A1EB-7CCD690C84C9}"
EndProject
Project("{2150E333-8FDC-42A3-9474-1A3956D46DE8}") = "GameObjects", "GameObjects", "{0F769E14-559C-4A23-BA23-20CECD2636A6}"
EndProject
Project("{9A19103F-16F7-4668-BE54-9A1E7A4F7556}") = "ProjectXyz.Api.GameObjects", "ProjectXyz.Api.GameObjects\ProjectXyz.Api.GameObjects.csproj", "{C1C9D171-58F9-41E9-B816-C0F287D6F2CA}"
EndProject
Project("{2150E333-8FDC-42A3-9474-1A3956D46DE8}") = "Game", "Game", "{9FC699C8-887A-4FB4-B8C3-3075EF23553B}"
EndProject
Project("{9A19103F-16F7-4668-BE54-9A1E7A4F7556}") = "ProjectXyz.Shared.Game.Behaviors", "ProjectXyz.Shared.Game.Behaviors\ProjectXyz.Shared.Game.Behaviors.csproj", "{229057A2-508F-4CDE-8F87-DA3FAB069D06}"
EndProject
Project("{9A19103F-16F7-4668-BE54-9A1E7A4F7556}") = "Examples.Modules.GameObjects", "Examples.Modules.GameObjects\Examples.Modules.GameObjects.csproj", "{43D9F449-C568-4A39-80F8-11200C07814E}"
EndProject
Project("{9A19103F-16F7-4668-BE54-9A1E7A4F7556}") = "Examples.Modules.Mapping", "Examples.Modules.Mapping\Examples.Modules.Mapping.csproj", "{11FF2C70-2C4F-403B-AC53-247BDB063777}"
EndProject
Project("{9A19103F-16F7-4668-BE54-9A1E7A4F7556}") = "ProjectXyz.Api.Logging", "ProjectXyz.Api.Logging\ProjectXyz.Api.Logging.csproj", "{20D53CD6-10FD-4347-B5A3-C6A5B8FABF2D}"
EndProject
Project("{2150E333-8FDC-42A3-9474-1A3956D46DE8}") = "Logging", "Logging", "{440A7AA9-5891-4505-898C-72E74B4EC02C}"
EndProject
Project("{9A19103F-16F7-4668-BE54-9A1E7A4F7556}") = "ProjectXyz.Plugins.Features.GameObjects.Items.Generation.InMemory", "ProjectXyz.Shared.Game.Items.Generation.InMemory\ProjectXyz.Plugins.Features.GameObjects.Items.Generation.InMemory.csproj", "{68FB16F5-2C5C-4172-8277-70A4781DF6DB}"
EndProject
Project("{9A19103F-16F7-4668-BE54-9A1E7A4F7556}") = "ProjectXyz.Plugins.Features.GameObjects.Items.Generation", "ProjectXyz.Shared.Game.Items.Generation\ProjectXyz.Plugins.Features.GameObjects.Items.Generation.csproj", "{FF377F10-928C-4281-8ADB-E40D9A664967}"
EndProject
Project("{2150E333-8FDC-42A3-9474-1A3956D46DE8}") = "Framework", "Framework", "{B369DF7D-3FE2-417A-9C69-E8FFECBBBF6D}"
EndProject
Project("{9A19103F-16F7-4668-BE54-9A1E7A4F7556}") = "ProjectXyz.Api.GameObjects.Generation", "ProjectXyz.Api.GameObjects.Generation\ProjectXyz.Api.GameObjects.Generation.csproj", "{BC5887BD-4022-497A-A792-F3CEDFFEA874}"
EndProject
Project("{9A19103F-16F7-4668-BE54-9A1E7A4F7556}") = "ProjectXyz.Shared.Game.GameObjects.Generation", "ProjectXyz.Shared.Game.GameObjects.Generation\ProjectXyz.Shared.Game.GameObjects.Generation.csproj", "{6F7166A4-5BC3-4C1E-A014-AE37A8392A88}"
EndProject
Project("{9A19103F-16F7-4668-BE54-9A1E7A4F7556}") = "ProjectXyz.Api.Enchantments.Generation", "ProjectXyz.Api.Enchantments.Generation\ProjectXyz.Api.Enchantments.Generation.csproj", "{A578219F-0115-4536-AE85-9B6496E1D21D}"
EndProject
Project("{2150E333-8FDC-42A3-9474-1A3956D46DE8}") = "GameObjects", "GameObjects", "{06036003-2B25-42BD-8074-AB45DDD4B40E}"
EndProject
Project("{2150E333-8FDC-42A3-9474-1A3956D46DE8}") = "Items", "Items", "{3873E97E-C3C2-4C0D-9196-8450354967CE}"
EndProject
Project("{2150E333-8FDC-42A3-9474-1A3956D46DE8}") = "Enchantments", "Enchantments", "{DC9F0F05-B8C2-48EC-BE6E-5F4C3F2B7E85}"
EndProject
Project("{9A19103F-16F7-4668-BE54-9A1E7A4F7556}") = "ProjectXyz.Shared.Game.GameObjects.Enchantments.Generation.InMemory", "ProjectXyz.Shared.Game.GameObjects.Enchantments.Generation.InMemory\ProjectXyz.Shared.Game.GameObjects.Enchantments.Generation.InMemory.csproj", "{2D540693-B997-48E2-A5F9-D36973033075}"
EndProject
Project("{9A19103F-16F7-4668-BE54-9A1E7A4F7556}") = "ProjectXyz.Shared.Game.GameObjects.Enchantments.Generation", "ProjectXyz.Shared.Game.GameObjects.Enchantments.Generation\ProjectXyz.Shared.Game.GameObjects.Enchantments.Generation.csproj", "{C87767ED-6D08-4710-9E45-BA47A9184BF1}"
EndProject
Project("{2150E333-8FDC-42A3-9474-1A3956D46DE8}") = "CommonBehaviors", "CommonBehaviors", "{23813F2B-B24A-463A-989F-97E74EDFE87C}"
EndProject
Project("{9A19103F-16F7-4668-BE54-9A1E7A4F7556}") = "ProjectXyz.Plugins.Features.CommonBehaviors.Api", "ProjectXyz.Plugins.Features.CommonBehaviors.Api\ProjectXyz.Plugins.Features.CommonBehaviors.Api.csproj", "{8B3C197A-E87B-424A-A21E-15B84A5E5054}"
EndProject
Project("{9A19103F-16F7-4668-BE54-9A1E7A4F7556}") = "ProjectXyz.Plugins.Features.CommonBehaviors", "ProjectXyz.Plugins.Features.CommonBehaviors\ProjectXyz.Plugins.Features.CommonBehaviors.csproj", "{A8A1AE40-22E9-461F-9713-2CFEF8C0C43A}"
EndProject
Project("{2150E333-8FDC-42A3-9474-1A3956D46DE8}") = "Behaviors", "Behaviors", "{C6B78C5C-D323-4F6F-A56B-CCCE6E295B2B}"
EndProject
Project("{9A19103F-16F7-4668-BE54-9A1E7A4F7556}") = "ProjectXyz.Shared.Behaviors", "ProjectXyz.Shared.Behaviors\ProjectXyz.Shared.Behaviors.csproj", "{5BA3E2DE-AEF1-4F60-A852-DDB96A3938A7}"
EndProject
Project("{9A19103F-16F7-4668-BE54-9A1E7A4F7556}") = "ProjectXyz.Plugins.Features.GameObjects.Items", "ProjectXyz.Shard.Game.GameObjects.Items\ProjectXyz.Plugins.Features.GameObjects.Items.csproj", "{29C8E4A8-FF67-4B18-BC0F-73C3F7B7DF01}"
EndProject
Project("{2150E333-8FDC-42A3-9474-1A3956D46DE8}") = "UnhandledExceptionHandling", "UnhandledExceptionHandling", "{A961E96A-CD60-4D17-ACA1-E8446BF08ABC}"
EndProject
Project("{9A19103F-16F7-4668-BE54-9A1E7A4F7556}") = "ProjectXyz.Plugins.Features.UnhandledExceptionHandling", "ProjectXyz.Plugins.Features.UnhandledExceptionHandling\ProjectXyz.Plugins.Features.UnhandledExceptionHandling.csproj", "{0D155CB4-1E5E-4A72-9A81-37BEE19746C9}"
EndProject
Project("{2150E333-8FDC-42A3-9474-1A3956D46DE8}") = "Weather", "Weather", "{C31A48B7-7CEE-45D8-8669-27C796A047DD}"
EndProject
Project("{9A19103F-16F7-4668-BE54-9A1E7A4F7556}") = "ProjectXyz.Plugins.Features.Weather", "ProjectXyz.Plugins.Features.Weather\ProjectXyz.Plugins.Features.Weather.csproj", "{6CDE69E6-0824-4F12-8152-24739B8DBD89}"
EndProject
Project("{2150E333-8FDC-42A3-9474-1A3956D46DE8}") = "ExpiringEnchantments", "ExpiringEnchantments", "{C5257E4F-A136-4D63-9883-F7B3F431CCAD}"
EndProject
Project("{2150E333-8FDC-42A3-9474-1A3956D46DE8}") = "ElapsedTime", "ElapsedTime", "{39BD87FF-9E18-453B-93B0-F6B1384C3D8C}"
EndProject
Project("{9A19103F-16F7-4668-BE54-9A1E7A4F7556}") = "ProjectXyz.Plugins.Features.ElapsedTime.Autofac", "ProjectXyz.Plugins.Features.ElapsedTime.Autofac\ProjectXyz.Plugins.Features.ElapsedTime.Autofac.csproj", "{F8F47E92-7E70-433F-8333-7C2B12B21F35}"
EndProject
Project("{2150E333-8FDC-42A3-9474-1A3956D46DE8}") = "Triggering", "Triggering", "{37003CAC-D461-4B18-8208-76EA9C6D8262}"
EndProject
Project("{9A19103F-16F7-4668-BE54-9A1E7A4F7556}") = "ProjectXyz.Framework.ViewWelding", "ProjectXyz.Framework.ViewWelding\ProjectXyz.Framework.ViewWelding.csproj", "{5C9B0F7B-7976-406C-B910-AC75B6C8F925}"
EndProject
Project("{9A19103F-16F7-4668-BE54-9A1E7A4F7556}") = "ProjectXyz.Framework.ViewWelding.Api", "ProjectXyz.Framework.ViewWelding.Api\ProjectXyz.Framework.ViewWelding.Api.csproj", "{E0D4BF12-9866-4263-9B83-2BBD6B561574}"
EndProject
Project("{9A19103F-16F7-4668-BE54-9A1E7A4F7556}") = "ProjectXyz.Framework.ViewWelding.Autofac", "ProjectXyz.Framework.ViewWelding.Autofac\ProjectXyz.Framework.ViewWelding.Autofac.csproj", "{457AC8CB-C325-41E2-B6C3-625C680B2AC1}"
EndProject
Project("{2150E333-8FDC-42A3-9474-1A3956D46DE8}") = "ViewWelding", "ViewWelding", "{67320FA1-D860-4482-9EA7-E3B47DC5C1EE}"
EndProject
Project("{2150E333-8FDC-42A3-9474-1A3956D46DE8}") = "Generation", "Generation", "{4F8437CB-FC27-48FD-A342-02CE7FCE2F6D}"
EndProject
Project("{9A19103F-16F7-4668-BE54-9A1E7A4F7556}") = "ProjectXyz.Plugins.Features.GameObjects.Generation.InMemory", "ProjectXyz.Plugins.Features.GameObjects.Generation.InMemory\ProjectXyz.Plugins.Features.GameObjects.Generation.InMemory.csproj", "{E10094FC-D3C1-4D59-A480-E568ED061F0A}"
EndProject
Project("{9A19103F-16F7-4668-BE54-9A1E7A4F7556}") = "ProjectXyz.Plugins.Features.GameObjects.Generation.InMemory.Tests", "ProjectXyz.Shared.Game.GameObjects.Generation.Tests\ProjectXyz.Plugins.Features.GameObjects.Generation.InMemory.Tests.csproj", "{537B76E3-E183-473C-B95B-0E83B0BEC779}"
EndProject
Project("{9A19103F-16F7-4668-BE54-9A1E7A4F7556}") = "ProjectXyz.Plugins.Features.GameObjects.Items.Generation.Tests", "ProjectXyz.Plugins.Features.GameObjects.Items.Generation.Tests\ProjectXyz.Plugins.Features.GameObjects.Items.Generation.Tests.csproj", "{B7B4246E-0624-42DF-AB84-BB41C912B81E}"
EndProject
Project("{9A19103F-16F7-4668-BE54-9A1E7A4F7556}") = "ProjectXyz.Shared.Game.GameObjects.Generation.Data.Json", "ProjectXyz.Shared.Game.GameObjects.Generation.Data.Json\ProjectXyz.Shared.Game.GameObjects.Generation.Data.Json.csproj", "{88061DA1-7027-4857-8896-50C9DFD891B4}"
EndProject
Project("{2150E333-8FDC-42A3-9474-1A3956D46DE8}") = "Data", "Data", "{117CF347-F02B-4792-B596-4C6D94AA007A}"
EndProject
Project("{9A19103F-16F7-4668-BE54-9A1E7A4F7556}") = "ProjectXyz.Api.Data.Serialization", "ProjectXyz.Api.Data.Serialization\ProjectXyz.Api.Data.Serialization.csproj", "{37E43C15-CE90-455B-A9D8-EB6354006339}"
EndProject
Project("{9A19103F-16F7-4668-BE54-9A1E7A4F7556}") = "ProjectXyz.Shared.Game.GameObjects.Generation.Data.Json.Tests", "ProjectXyz.Shared.Game.GameObjects.Generation.Data.Json.Tests\ProjectXyz.Shared.Game.GameObjects.Generation.Data.Json.Tests.csproj", "{285A7876-8D58-4B60-8394-139711B84DC3}"
EndProject
Project("{9A19103F-16F7-4668-BE54-9A1E7A4F7556}") = "ProjectXyz.Framework.Autofac", "ProjectXyz.Framework.Autofac\ProjectXyz.Framework.Autofac.csproj", "{30231E66-8E48-4C1C-A170-4E52166057FE}"
EndProject
Project("{9A19103F-16F7-4668-BE54-9A1E7A4F7556}") = "ProjectXyz.Plugins.Features.CommonBehaviors.Tests", "ProjectXyz.Plugins.Features.CommonBehaviors.Tests\ProjectXyz.Plugins.Features.CommonBehaviors.Tests.csproj", "{D09925AA-BFCB-42A0-A998-589AE6D03148}"
EndProject
Project("{2150E333-8FDC-42A3-9474-1A3956D46DE8}") = "Stats", "Stats", "{4E398FAD-938E-44BC-B900-41E7117FF9E9}"
EndProject
Project("{9A19103F-16F7-4668-BE54-9A1E7A4F7556}") = "ProjectXyz.Plugins.Enchantments.Stats", "ProjectXyz.Plugins.Enchantments.Stats\ProjectXyz.Plugins.Enchantments.Stats.csproj", "{EBB6B4A6-3E77-43E6-BE8F-FACFC2D4D653}"
EndProject
Project("{2150E333-8FDC-42A3-9474-1A3956D46DE8}") = "Stats", "Stats", "{7C9575BE-5CAD-4CF5-BEF1-5084279ABF08}"
EndProject
Project("{2150E333-8FDC-42A3-9474-1A3956D46DE8}") = "StatCalculation", "StatCalculation", "{F98147E6-5044-4ED6-A3F4-DF1653A58F15}"
EndProject
Project("{9A19103F-16F7-4668-BE54-9A1E7A4F7556}") = "ProjectXyz.Plugins.Features.GameObjects.StatCalculation", "ProjectXyz.Plugins.Features.GameObjects.StatCalculation\ProjectXyz.Plugins.Features.GameObjects.StatCalculation.csproj", "{C2455BFD-E607-4250-91DC-AB95EBD8D0FB}"
EndProject
Project("{9A19103F-16F7-4668-BE54-9A1E7A4F7556}") = "ProjectXyz.Plugins.Features.GameObjects.StatCalculation.Api", "ProjectXyz.Plugins.Features.GameObjects.StatCalculation.Api\ProjectXyz.Plugins.Features.GameObjects.StatCalculation.Api.csproj", "{A394818A-D853-418E-9BC1-77D42124B32C}"
EndProject
Project("{2150E333-8FDC-42A3-9474-1A3956D46DE8}") = "Handlers", "Handlers", "{41BB2693-46E5-4AF3-9FD2-2C6BF9A6B379}"
EndProject
Project("{9A19103F-16F7-4668-BE54-9A1E7A4F7556}") = "ProjectXyz.Plugins.Features.GameObjects.StatCalculation.Handlers.Default", "ProjectXyz.Plugins.Features.GameObjects.StatCalculation.Handlers.Default\ProjectXyz.Plugins.Features.GameObjects.StatCalculation.Handlers.Default.csproj", "{D584415F-E635-4842-9D70-F1031EA8250B}"
EndProject
Project("{2150E333-8FDC-42A3-9474-1A3956D46DE8}") = "Data", "Data", "{FB2F06CF-CDFB-44FC-BAC3-1F89F1B00324}"
EndProject
Project("{9A19103F-16F7-4668-BE54-9A1E7A4F7556}") = "ProjectXyz.Plugins.Data.Newtonsoft", "ProjectXyz.Plugins.Data.Newtonsoft\ProjectXyz.Plugins.Data.Newtonsoft.csproj", "{1B168CAB-8239-4C0A-A0F5-6AFE98336952}"
EndProject
Global
	GlobalSection(SolutionConfigurationPlatforms) = preSolution
		Debug|Any CPU = Debug|Any CPU
		Release|Any CPU = Release|Any CPU
	EndGlobalSection
	GlobalSection(ProjectConfigurationPlatforms) = postSolution
		{B33EE9D3-EF98-4400-A528-67CD385747E7}.Debug|Any CPU.ActiveCfg = Debug|Any CPU
		{B33EE9D3-EF98-4400-A528-67CD385747E7}.Debug|Any CPU.Build.0 = Debug|Any CPU
		{B33EE9D3-EF98-4400-A528-67CD385747E7}.Release|Any CPU.ActiveCfg = Release|Any CPU
		{B33EE9D3-EF98-4400-A528-67CD385747E7}.Release|Any CPU.Build.0 = Release|Any CPU
		{0E56D372-31CF-48BD-94A2-67D4622C270A}.Debug|Any CPU.ActiveCfg = Debug|Any CPU
		{0E56D372-31CF-48BD-94A2-67D4622C270A}.Debug|Any CPU.Build.0 = Debug|Any CPU
		{0E56D372-31CF-48BD-94A2-67D4622C270A}.Release|Any CPU.ActiveCfg = Release|Any CPU
		{0E56D372-31CF-48BD-94A2-67D4622C270A}.Release|Any CPU.Build.0 = Release|Any CPU
		{8878CD88-B979-4AF3-9510-2FA949060088}.Debug|Any CPU.ActiveCfg = Debug|Any CPU
		{8878CD88-B979-4AF3-9510-2FA949060088}.Debug|Any CPU.Build.0 = Debug|Any CPU
		{8878CD88-B979-4AF3-9510-2FA949060088}.Release|Any CPU.ActiveCfg = Release|Any CPU
		{8878CD88-B979-4AF3-9510-2FA949060088}.Release|Any CPU.Build.0 = Release|Any CPU
		{E67B42E4-9BE6-42B5-99DF-17727C1E2F38}.Debug|Any CPU.ActiveCfg = Debug|Any CPU
		{E67B42E4-9BE6-42B5-99DF-17727C1E2F38}.Debug|Any CPU.Build.0 = Debug|Any CPU
		{E67B42E4-9BE6-42B5-99DF-17727C1E2F38}.Release|Any CPU.ActiveCfg = Release|Any CPU
		{E67B42E4-9BE6-42B5-99DF-17727C1E2F38}.Release|Any CPU.Build.0 = Release|Any CPU
		{E2A76532-FDAD-4E30-9DA7-096C71B04C68}.Debug|Any CPU.ActiveCfg = Debug|Any CPU
		{E2A76532-FDAD-4E30-9DA7-096C71B04C68}.Debug|Any CPU.Build.0 = Debug|Any CPU
		{E2A76532-FDAD-4E30-9DA7-096C71B04C68}.Release|Any CPU.ActiveCfg = Release|Any CPU
		{E2A76532-FDAD-4E30-9DA7-096C71B04C68}.Release|Any CPU.Build.0 = Release|Any CPU
		{9910FE87-56F3-453D-899D-46415D56FB9C}.Debug|Any CPU.ActiveCfg = Debug|Any CPU
		{9910FE87-56F3-453D-899D-46415D56FB9C}.Debug|Any CPU.Build.0 = Debug|Any CPU
		{9910FE87-56F3-453D-899D-46415D56FB9C}.Release|Any CPU.ActiveCfg = Release|Any CPU
		{9910FE87-56F3-453D-899D-46415D56FB9C}.Release|Any CPU.Build.0 = Release|Any CPU
		{66ECD308-648E-4AC6-A37A-A868DF43CA6C}.Debug|Any CPU.ActiveCfg = Debug|Any CPU
		{66ECD308-648E-4AC6-A37A-A868DF43CA6C}.Debug|Any CPU.Build.0 = Debug|Any CPU
		{66ECD308-648E-4AC6-A37A-A868DF43CA6C}.Release|Any CPU.ActiveCfg = Release|Any CPU
		{66ECD308-648E-4AC6-A37A-A868DF43CA6C}.Release|Any CPU.Build.0 = Release|Any CPU
		{3FF8799D-1850-46DC-BD5E-632485E89058}.Debug|Any CPU.ActiveCfg = Debug|Any CPU
		{3FF8799D-1850-46DC-BD5E-632485E89058}.Debug|Any CPU.Build.0 = Debug|Any CPU
		{3FF8799D-1850-46DC-BD5E-632485E89058}.Release|Any CPU.ActiveCfg = Release|Any CPU
		{3FF8799D-1850-46DC-BD5E-632485E89058}.Release|Any CPU.Build.0 = Release|Any CPU
		{18E59339-25CA-46BF-B6FA-8D992A303050}.Debug|Any CPU.ActiveCfg = Debug|Any CPU
		{18E59339-25CA-46BF-B6FA-8D992A303050}.Debug|Any CPU.Build.0 = Debug|Any CPU
		{18E59339-25CA-46BF-B6FA-8D992A303050}.Release|Any CPU.ActiveCfg = Release|Any CPU
		{18E59339-25CA-46BF-B6FA-8D992A303050}.Release|Any CPU.Build.0 = Release|Any CPU
		{D9FC9425-991E-4D82-AD07-1F7E501CC27C}.Debug|Any CPU.ActiveCfg = Debug|Any CPU
		{D9FC9425-991E-4D82-AD07-1F7E501CC27C}.Debug|Any CPU.Build.0 = Debug|Any CPU
		{D9FC9425-991E-4D82-AD07-1F7E501CC27C}.Release|Any CPU.ActiveCfg = Release|Any CPU
		{D9FC9425-991E-4D82-AD07-1F7E501CC27C}.Release|Any CPU.Build.0 = Release|Any CPU
		{D3DE6090-306A-4C84-8CCB-86BBD50D7885}.Debug|Any CPU.ActiveCfg = Debug|Any CPU
		{D3DE6090-306A-4C84-8CCB-86BBD50D7885}.Debug|Any CPU.Build.0 = Debug|Any CPU
		{D3DE6090-306A-4C84-8CCB-86BBD50D7885}.Release|Any CPU.ActiveCfg = Release|Any CPU
		{D3DE6090-306A-4C84-8CCB-86BBD50D7885}.Release|Any CPU.Build.0 = Release|Any CPU
		{C8D2AF3C-C4C1-4D21-9E2C-1E56BA103B9A}.Debug|Any CPU.ActiveCfg = Debug|Any CPU
		{C8D2AF3C-C4C1-4D21-9E2C-1E56BA103B9A}.Debug|Any CPU.Build.0 = Debug|Any CPU
		{C8D2AF3C-C4C1-4D21-9E2C-1E56BA103B9A}.Release|Any CPU.ActiveCfg = Release|Any CPU
		{C8D2AF3C-C4C1-4D21-9E2C-1E56BA103B9A}.Release|Any CPU.Build.0 = Release|Any CPU
		{585F063F-E452-4A6B-B29E-36BA8BF14FBD}.Debug|Any CPU.ActiveCfg = Debug|Any CPU
		{585F063F-E452-4A6B-B29E-36BA8BF14FBD}.Debug|Any CPU.Build.0 = Debug|Any CPU
		{585F063F-E452-4A6B-B29E-36BA8BF14FBD}.Release|Any CPU.ActiveCfg = Release|Any CPU
		{585F063F-E452-4A6B-B29E-36BA8BF14FBD}.Release|Any CPU.Build.0 = Release|Any CPU
		{3456B356-20D3-43CE-92D1-1A84383AFAF2}.Debug|Any CPU.ActiveCfg = Debug|Any CPU
		{3456B356-20D3-43CE-92D1-1A84383AFAF2}.Debug|Any CPU.Build.0 = Debug|Any CPU
		{3456B356-20D3-43CE-92D1-1A84383AFAF2}.Release|Any CPU.ActiveCfg = Release|Any CPU
		{3456B356-20D3-43CE-92D1-1A84383AFAF2}.Release|Any CPU.Build.0 = Release|Any CPU
		{9ABFCBE9-D6F9-4C9E-B447-6A8F49A5A939}.Debug|Any CPU.ActiveCfg = Debug|Any CPU
		{9ABFCBE9-D6F9-4C9E-B447-6A8F49A5A939}.Debug|Any CPU.Build.0 = Debug|Any CPU
		{9ABFCBE9-D6F9-4C9E-B447-6A8F49A5A939}.Release|Any CPU.ActiveCfg = Release|Any CPU
		{9ABFCBE9-D6F9-4C9E-B447-6A8F49A5A939}.Release|Any CPU.Build.0 = Release|Any CPU
		{523BB036-1DDF-419E-851E-8685E4EC744F}.Debug|Any CPU.ActiveCfg = Debug|Any CPU
		{523BB036-1DDF-419E-851E-8685E4EC744F}.Debug|Any CPU.Build.0 = Debug|Any CPU
		{523BB036-1DDF-419E-851E-8685E4EC744F}.Release|Any CPU.ActiveCfg = Release|Any CPU
		{523BB036-1DDF-419E-851E-8685E4EC744F}.Release|Any CPU.Build.0 = Release|Any CPU
		{2C772806-3C50-468C-8A13-CFA42592322A}.Debug|Any CPU.ActiveCfg = Debug|Any CPU
		{2C772806-3C50-468C-8A13-CFA42592322A}.Debug|Any CPU.Build.0 = Debug|Any CPU
		{2C772806-3C50-468C-8A13-CFA42592322A}.Release|Any CPU.ActiveCfg = Release|Any CPU
		{2C772806-3C50-468C-8A13-CFA42592322A}.Release|Any CPU.Build.0 = Release|Any CPU
		{BF07FB51-D73C-49B7-8632-B2A58F9BF17F}.Debug|Any CPU.ActiveCfg = Debug|Any CPU
		{BF07FB51-D73C-49B7-8632-B2A58F9BF17F}.Debug|Any CPU.Build.0 = Debug|Any CPU
		{BF07FB51-D73C-49B7-8632-B2A58F9BF17F}.Release|Any CPU.ActiveCfg = Release|Any CPU
		{BF07FB51-D73C-49B7-8632-B2A58F9BF17F}.Release|Any CPU.Build.0 = Release|Any CPU
		{DE382CF7-D84E-4A89-9C6D-3F2A7729B40C}.Debug|Any CPU.ActiveCfg = Debug|Any CPU
		{DE382CF7-D84E-4A89-9C6D-3F2A7729B40C}.Debug|Any CPU.Build.0 = Debug|Any CPU
		{DE382CF7-D84E-4A89-9C6D-3F2A7729B40C}.Release|Any CPU.ActiveCfg = Release|Any CPU
		{DE382CF7-D84E-4A89-9C6D-3F2A7729B40C}.Release|Any CPU.Build.0 = Release|Any CPU
		{B051F375-1F9F-4A03-BDC2-EB4FA3807B2E}.Debug|Any CPU.ActiveCfg = Debug|Any CPU
		{B051F375-1F9F-4A03-BDC2-EB4FA3807B2E}.Debug|Any CPU.Build.0 = Debug|Any CPU
		{B051F375-1F9F-4A03-BDC2-EB4FA3807B2E}.Release|Any CPU.ActiveCfg = Release|Any CPU
		{B051F375-1F9F-4A03-BDC2-EB4FA3807B2E}.Release|Any CPU.Build.0 = Release|Any CPU
		{A20309E3-493A-4B05-A4DE-B9536487A9D1}.Debug|Any CPU.ActiveCfg = Debug|Any CPU
		{A20309E3-493A-4B05-A4DE-B9536487A9D1}.Debug|Any CPU.Build.0 = Debug|Any CPU
		{A20309E3-493A-4B05-A4DE-B9536487A9D1}.Release|Any CPU.ActiveCfg = Release|Any CPU
		{A20309E3-493A-4B05-A4DE-B9536487A9D1}.Release|Any CPU.Build.0 = Release|Any CPU
		{9DEE41C0-A702-420A-9E5F-7D3D01886660}.Debug|Any CPU.ActiveCfg = Debug|Any CPU
		{9DEE41C0-A702-420A-9E5F-7D3D01886660}.Debug|Any CPU.Build.0 = Debug|Any CPU
		{9DEE41C0-A702-420A-9E5F-7D3D01886660}.Release|Any CPU.ActiveCfg = Release|Any CPU
		{9DEE41C0-A702-420A-9E5F-7D3D01886660}.Release|Any CPU.Build.0 = Release|Any CPU
		{B558EC5B-B983-4701-845F-00F7109A2CF9}.Debug|Any CPU.ActiveCfg = Debug|Any CPU
		{B558EC5B-B983-4701-845F-00F7109A2CF9}.Debug|Any CPU.Build.0 = Debug|Any CPU
		{B558EC5B-B983-4701-845F-00F7109A2CF9}.Release|Any CPU.ActiveCfg = Release|Any CPU
		{B558EC5B-B983-4701-845F-00F7109A2CF9}.Release|Any CPU.Build.0 = Release|Any CPU
		{B76D36D7-02DE-43FA-B5AF-52A2A8A5DC6B}.Debug|Any CPU.ActiveCfg = Debug|Any CPU
		{B76D36D7-02DE-43FA-B5AF-52A2A8A5DC6B}.Debug|Any CPU.Build.0 = Debug|Any CPU
		{B76D36D7-02DE-43FA-B5AF-52A2A8A5DC6B}.Release|Any CPU.ActiveCfg = Release|Any CPU
		{B76D36D7-02DE-43FA-B5AF-52A2A8A5DC6B}.Release|Any CPU.Build.0 = Release|Any CPU
		{566FADA1-BCBC-41E4-9327-64214A1A6D30}.Debug|Any CPU.ActiveCfg = Debug|Any CPU
		{566FADA1-BCBC-41E4-9327-64214A1A6D30}.Debug|Any CPU.Build.0 = Debug|Any CPU
		{566FADA1-BCBC-41E4-9327-64214A1A6D30}.Release|Any CPU.ActiveCfg = Release|Any CPU
		{566FADA1-BCBC-41E4-9327-64214A1A6D30}.Release|Any CPU.Build.0 = Release|Any CPU
		{3C0F3FEF-DB2B-4FC2-9272-284E49994333}.Debug|Any CPU.ActiveCfg = Debug|Any CPU
		{3C0F3FEF-DB2B-4FC2-9272-284E49994333}.Debug|Any CPU.Build.0 = Debug|Any CPU
		{3C0F3FEF-DB2B-4FC2-9272-284E49994333}.Release|Any CPU.ActiveCfg = Release|Any CPU
		{3C0F3FEF-DB2B-4FC2-9272-284E49994333}.Release|Any CPU.Build.0 = Release|Any CPU
		{8730B98B-6DBF-4209-8C36-75377E89F62F}.Debug|Any CPU.ActiveCfg = Debug|Any CPU
		{8730B98B-6DBF-4209-8C36-75377E89F62F}.Debug|Any CPU.Build.0 = Debug|Any CPU
		{8730B98B-6DBF-4209-8C36-75377E89F62F}.Release|Any CPU.ActiveCfg = Release|Any CPU
		{8730B98B-6DBF-4209-8C36-75377E89F62F}.Release|Any CPU.Build.0 = Release|Any CPU
		{ABC9AD2E-C560-4B6F-AE17-3B0537CD9275}.Debug|Any CPU.ActiveCfg = Debug|Any CPU
		{ABC9AD2E-C560-4B6F-AE17-3B0537CD9275}.Debug|Any CPU.Build.0 = Debug|Any CPU
		{ABC9AD2E-C560-4B6F-AE17-3B0537CD9275}.Release|Any CPU.ActiveCfg = Release|Any CPU
		{ABC9AD2E-C560-4B6F-AE17-3B0537CD9275}.Release|Any CPU.Build.0 = Release|Any CPU
		{5BBDFF60-4159-4321-84F0-A2E668657CFC}.Debug|Any CPU.ActiveCfg = Debug|Any CPU
		{5BBDFF60-4159-4321-84F0-A2E668657CFC}.Debug|Any CPU.Build.0 = Debug|Any CPU
		{5BBDFF60-4159-4321-84F0-A2E668657CFC}.Release|Any CPU.ActiveCfg = Release|Any CPU
		{5BBDFF60-4159-4321-84F0-A2E668657CFC}.Release|Any CPU.Build.0 = Release|Any CPU
		{C18D2AD8-69F0-4167-B407-EAD386708730}.Debug|Any CPU.ActiveCfg = Debug|Any CPU
		{C18D2AD8-69F0-4167-B407-EAD386708730}.Debug|Any CPU.Build.0 = Debug|Any CPU
		{C18D2AD8-69F0-4167-B407-EAD386708730}.Release|Any CPU.ActiveCfg = Release|Any CPU
		{C18D2AD8-69F0-4167-B407-EAD386708730}.Release|Any CPU.Build.0 = Release|Any CPU
		{C4B48455-7596-49E1-9443-B2E4ACCD1E80}.Debug|Any CPU.ActiveCfg = Debug|Any CPU
		{C4B48455-7596-49E1-9443-B2E4ACCD1E80}.Debug|Any CPU.Build.0 = Debug|Any CPU
		{C4B48455-7596-49E1-9443-B2E4ACCD1E80}.Release|Any CPU.ActiveCfg = Release|Any CPU
		{C4B48455-7596-49E1-9443-B2E4ACCD1E80}.Release|Any CPU.Build.0 = Release|Any CPU
		{175783B5-DBE5-491A-B365-CA1D1CC09375}.Debug|Any CPU.ActiveCfg = Debug|Any CPU
		{175783B5-DBE5-491A-B365-CA1D1CC09375}.Debug|Any CPU.Build.0 = Debug|Any CPU
		{175783B5-DBE5-491A-B365-CA1D1CC09375}.Release|Any CPU.ActiveCfg = Release|Any CPU
		{175783B5-DBE5-491A-B365-CA1D1CC09375}.Release|Any CPU.Build.0 = Release|Any CPU
		{2A29CCC2-B883-403F-B2EA-E55D44B44EC0}.Debug|Any CPU.ActiveCfg = Debug|Any CPU
		{2A29CCC2-B883-403F-B2EA-E55D44B44EC0}.Debug|Any CPU.Build.0 = Debug|Any CPU
		{2A29CCC2-B883-403F-B2EA-E55D44B44EC0}.Release|Any CPU.ActiveCfg = Release|Any CPU
		{2A29CCC2-B883-403F-B2EA-E55D44B44EC0}.Release|Any CPU.Build.0 = Release|Any CPU
		{427BAF56-5FAF-4B1C-9851-7474660F58EA}.Debug|Any CPU.ActiveCfg = Debug|Any CPU
		{427BAF56-5FAF-4B1C-9851-7474660F58EA}.Debug|Any CPU.Build.0 = Debug|Any CPU
		{427BAF56-5FAF-4B1C-9851-7474660F58EA}.Release|Any CPU.ActiveCfg = Release|Any CPU
		{427BAF56-5FAF-4B1C-9851-7474660F58EA}.Release|Any CPU.Build.0 = Release|Any CPU
		{BB4CB2EB-4003-4BF9-BB26-2A19FEC82D8B}.Debug|Any CPU.ActiveCfg = Debug|Any CPU
		{BB4CB2EB-4003-4BF9-BB26-2A19FEC82D8B}.Debug|Any CPU.Build.0 = Debug|Any CPU
		{BB4CB2EB-4003-4BF9-BB26-2A19FEC82D8B}.Release|Any CPU.ActiveCfg = Release|Any CPU
		{BB4CB2EB-4003-4BF9-BB26-2A19FEC82D8B}.Release|Any CPU.Build.0 = Release|Any CPU
		{8FEB2DC5-BC36-47AA-A319-3C2263740808}.Debug|Any CPU.ActiveCfg = Debug|Any CPU
		{8FEB2DC5-BC36-47AA-A319-3C2263740808}.Debug|Any CPU.Build.0 = Debug|Any CPU
		{8FEB2DC5-BC36-47AA-A319-3C2263740808}.Release|Any CPU.ActiveCfg = Release|Any CPU
		{8FEB2DC5-BC36-47AA-A319-3C2263740808}.Release|Any CPU.Build.0 = Release|Any CPU
		{B544856A-AB36-4A88-9441-67853074F33A}.Debug|Any CPU.ActiveCfg = Debug|Any CPU
		{B544856A-AB36-4A88-9441-67853074F33A}.Debug|Any CPU.Build.0 = Debug|Any CPU
		{B544856A-AB36-4A88-9441-67853074F33A}.Release|Any CPU.ActiveCfg = Release|Any CPU
		{B544856A-AB36-4A88-9441-67853074F33A}.Release|Any CPU.Build.0 = Release|Any CPU
		{A86581CA-18F6-4D03-9F7A-0657DEC32A1A}.Debug|Any CPU.ActiveCfg = Debug|Any CPU
		{A86581CA-18F6-4D03-9F7A-0657DEC32A1A}.Debug|Any CPU.Build.0 = Debug|Any CPU
		{A86581CA-18F6-4D03-9F7A-0657DEC32A1A}.Release|Any CPU.ActiveCfg = Release|Any CPU
		{A86581CA-18F6-4D03-9F7A-0657DEC32A1A}.Release|Any CPU.Build.0 = Release|Any CPU
		{B6A76B2D-7CB5-4584-8EFA-B76AEE3BDD76}.Debug|Any CPU.ActiveCfg = Debug|Any CPU
		{B6A76B2D-7CB5-4584-8EFA-B76AEE3BDD76}.Debug|Any CPU.Build.0 = Debug|Any CPU
		{B6A76B2D-7CB5-4584-8EFA-B76AEE3BDD76}.Release|Any CPU.ActiveCfg = Release|Any CPU
		{B6A76B2D-7CB5-4584-8EFA-B76AEE3BDD76}.Release|Any CPU.Build.0 = Release|Any CPU
		{77D2CF94-450D-4B14-B5C3-1A7E48214784}.Debug|Any CPU.ActiveCfg = Debug|Any CPU
		{77D2CF94-450D-4B14-B5C3-1A7E48214784}.Debug|Any CPU.Build.0 = Debug|Any CPU
		{77D2CF94-450D-4B14-B5C3-1A7E48214784}.Release|Any CPU.ActiveCfg = Release|Any CPU
		{77D2CF94-450D-4B14-B5C3-1A7E48214784}.Release|Any CPU.Build.0 = Release|Any CPU
		{5A0E7932-B9A9-4A10-A8AE-CF505D6569B8}.Debug|Any CPU.ActiveCfg = Debug|Any CPU
		{5A0E7932-B9A9-4A10-A8AE-CF505D6569B8}.Debug|Any CPU.Build.0 = Debug|Any CPU
		{5A0E7932-B9A9-4A10-A8AE-CF505D6569B8}.Release|Any CPU.ActiveCfg = Release|Any CPU
		{5A0E7932-B9A9-4A10-A8AE-CF505D6569B8}.Release|Any CPU.Build.0 = Release|Any CPU
		{BC946063-8EF9-4520-BCEB-F13DB6DA4FF5}.Debug|Any CPU.ActiveCfg = Debug|Any CPU
		{BC946063-8EF9-4520-BCEB-F13DB6DA4FF5}.Debug|Any CPU.Build.0 = Debug|Any CPU
		{BC946063-8EF9-4520-BCEB-F13DB6DA4FF5}.Release|Any CPU.ActiveCfg = Release|Any CPU
		{BC946063-8EF9-4520-BCEB-F13DB6DA4FF5}.Release|Any CPU.Build.0 = Release|Any CPU
		{F4DB6337-D838-4347-9987-E0EE13EBD818}.Debug|Any CPU.ActiveCfg = Debug|Any CPU
		{F4DB6337-D838-4347-9987-E0EE13EBD818}.Debug|Any CPU.Build.0 = Debug|Any CPU
		{F4DB6337-D838-4347-9987-E0EE13EBD818}.Release|Any CPU.ActiveCfg = Release|Any CPU
		{F4DB6337-D838-4347-9987-E0EE13EBD818}.Release|Any CPU.Build.0 = Release|Any CPU
		{1F1FEB20-3E06-442E-9B5B-B9B96BAAFC54}.Debug|Any CPU.ActiveCfg = Debug|Any CPU
		{1F1FEB20-3E06-442E-9B5B-B9B96BAAFC54}.Debug|Any CPU.Build.0 = Debug|Any CPU
		{1F1FEB20-3E06-442E-9B5B-B9B96BAAFC54}.Release|Any CPU.ActiveCfg = Release|Any CPU
		{1F1FEB20-3E06-442E-9B5B-B9B96BAAFC54}.Release|Any CPU.Build.0 = Release|Any CPU
		{F85CF10E-7CEC-42BD-8DBA-A76275F5060F}.Debug|Any CPU.ActiveCfg = Debug|Any CPU
		{F85CF10E-7CEC-42BD-8DBA-A76275F5060F}.Debug|Any CPU.Build.0 = Debug|Any CPU
		{F85CF10E-7CEC-42BD-8DBA-A76275F5060F}.Release|Any CPU.ActiveCfg = Release|Any CPU
		{F85CF10E-7CEC-42BD-8DBA-A76275F5060F}.Release|Any CPU.Build.0 = Release|Any CPU
		{4AC90E8C-B0BA-4907-AC9D-03E878C0E8E4}.Debug|Any CPU.ActiveCfg = Debug|Any CPU
		{4AC90E8C-B0BA-4907-AC9D-03E878C0E8E4}.Debug|Any CPU.Build.0 = Debug|Any CPU
		{4AC90E8C-B0BA-4907-AC9D-03E878C0E8E4}.Release|Any CPU.ActiveCfg = Release|Any CPU
		{4AC90E8C-B0BA-4907-AC9D-03E878C0E8E4}.Release|Any CPU.Build.0 = Release|Any CPU
		{5E9C8B2B-94ED-4E9E-BB79-9AC38D2485CD}.Debug|Any CPU.ActiveCfg = Debug|Any CPU
		{5E9C8B2B-94ED-4E9E-BB79-9AC38D2485CD}.Debug|Any CPU.Build.0 = Debug|Any CPU
		{5E9C8B2B-94ED-4E9E-BB79-9AC38D2485CD}.Release|Any CPU.ActiveCfg = Release|Any CPU
		{5E9C8B2B-94ED-4E9E-BB79-9AC38D2485CD}.Release|Any CPU.Build.0 = Release|Any CPU
		{45DBFFA4-242F-40BC-A1EB-7CCD690C84C9}.Debug|Any CPU.ActiveCfg = Debug|Any CPU
		{45DBFFA4-242F-40BC-A1EB-7CCD690C84C9}.Debug|Any CPU.Build.0 = Debug|Any CPU
		{45DBFFA4-242F-40BC-A1EB-7CCD690C84C9}.Release|Any CPU.ActiveCfg = Release|Any CPU
		{45DBFFA4-242F-40BC-A1EB-7CCD690C84C9}.Release|Any CPU.Build.0 = Release|Any CPU
		{C1C9D171-58F9-41E9-B816-C0F287D6F2CA}.Debug|Any CPU.ActiveCfg = Debug|Any CPU
		{C1C9D171-58F9-41E9-B816-C0F287D6F2CA}.Debug|Any CPU.Build.0 = Debug|Any CPU
		{C1C9D171-58F9-41E9-B816-C0F287D6F2CA}.Release|Any CPU.ActiveCfg = Release|Any CPU
		{C1C9D171-58F9-41E9-B816-C0F287D6F2CA}.Release|Any CPU.Build.0 = Release|Any CPU
		{229057A2-508F-4CDE-8F87-DA3FAB069D06}.Debug|Any CPU.ActiveCfg = Debug|Any CPU
		{229057A2-508F-4CDE-8F87-DA3FAB069D06}.Debug|Any CPU.Build.0 = Debug|Any CPU
		{229057A2-508F-4CDE-8F87-DA3FAB069D06}.Release|Any CPU.ActiveCfg = Release|Any CPU
		{229057A2-508F-4CDE-8F87-DA3FAB069D06}.Release|Any CPU.Build.0 = Release|Any CPU
		{43D9F449-C568-4A39-80F8-11200C07814E}.Debug|Any CPU.ActiveCfg = Debug|Any CPU
		{43D9F449-C568-4A39-80F8-11200C07814E}.Debug|Any CPU.Build.0 = Debug|Any CPU
		{43D9F449-C568-4A39-80F8-11200C07814E}.Release|Any CPU.ActiveCfg = Release|Any CPU
		{43D9F449-C568-4A39-80F8-11200C07814E}.Release|Any CPU.Build.0 = Release|Any CPU
		{11FF2C70-2C4F-403B-AC53-247BDB063777}.Debug|Any CPU.ActiveCfg = Debug|Any CPU
		{11FF2C70-2C4F-403B-AC53-247BDB063777}.Debug|Any CPU.Build.0 = Debug|Any CPU
		{11FF2C70-2C4F-403B-AC53-247BDB063777}.Release|Any CPU.ActiveCfg = Release|Any CPU
		{11FF2C70-2C4F-403B-AC53-247BDB063777}.Release|Any CPU.Build.0 = Release|Any CPU
		{20D53CD6-10FD-4347-B5A3-C6A5B8FABF2D}.Debug|Any CPU.ActiveCfg = Debug|Any CPU
		{20D53CD6-10FD-4347-B5A3-C6A5B8FABF2D}.Debug|Any CPU.Build.0 = Debug|Any CPU
		{20D53CD6-10FD-4347-B5A3-C6A5B8FABF2D}.Release|Any CPU.ActiveCfg = Release|Any CPU
		{20D53CD6-10FD-4347-B5A3-C6A5B8FABF2D}.Release|Any CPU.Build.0 = Release|Any CPU
		{68FB16F5-2C5C-4172-8277-70A4781DF6DB}.Debug|Any CPU.ActiveCfg = Debug|Any CPU
		{68FB16F5-2C5C-4172-8277-70A4781DF6DB}.Debug|Any CPU.Build.0 = Debug|Any CPU
		{68FB16F5-2C5C-4172-8277-70A4781DF6DB}.Release|Any CPU.ActiveCfg = Release|Any CPU
		{68FB16F5-2C5C-4172-8277-70A4781DF6DB}.Release|Any CPU.Build.0 = Release|Any CPU
		{FF377F10-928C-4281-8ADB-E40D9A664967}.Debug|Any CPU.ActiveCfg = Debug|Any CPU
		{FF377F10-928C-4281-8ADB-E40D9A664967}.Debug|Any CPU.Build.0 = Debug|Any CPU
		{FF377F10-928C-4281-8ADB-E40D9A664967}.Release|Any CPU.ActiveCfg = Release|Any CPU
		{FF377F10-928C-4281-8ADB-E40D9A664967}.Release|Any CPU.Build.0 = Release|Any CPU
		{BC5887BD-4022-497A-A792-F3CEDFFEA874}.Debug|Any CPU.ActiveCfg = Debug|Any CPU
		{BC5887BD-4022-497A-A792-F3CEDFFEA874}.Debug|Any CPU.Build.0 = Debug|Any CPU
		{BC5887BD-4022-497A-A792-F3CEDFFEA874}.Release|Any CPU.ActiveCfg = Release|Any CPU
		{BC5887BD-4022-497A-A792-F3CEDFFEA874}.Release|Any CPU.Build.0 = Release|Any CPU
		{6F7166A4-5BC3-4C1E-A014-AE37A8392A88}.Debug|Any CPU.ActiveCfg = Debug|Any CPU
		{6F7166A4-5BC3-4C1E-A014-AE37A8392A88}.Debug|Any CPU.Build.0 = Debug|Any CPU
		{6F7166A4-5BC3-4C1E-A014-AE37A8392A88}.Release|Any CPU.ActiveCfg = Release|Any CPU
		{6F7166A4-5BC3-4C1E-A014-AE37A8392A88}.Release|Any CPU.Build.0 = Release|Any CPU
		{A578219F-0115-4536-AE85-9B6496E1D21D}.Debug|Any CPU.ActiveCfg = Debug|Any CPU
		{A578219F-0115-4536-AE85-9B6496E1D21D}.Debug|Any CPU.Build.0 = Debug|Any CPU
		{A578219F-0115-4536-AE85-9B6496E1D21D}.Release|Any CPU.ActiveCfg = Release|Any CPU
		{A578219F-0115-4536-AE85-9B6496E1D21D}.Release|Any CPU.Build.0 = Release|Any CPU
		{2D540693-B997-48E2-A5F9-D36973033075}.Debug|Any CPU.ActiveCfg = Debug|Any CPU
		{2D540693-B997-48E2-A5F9-D36973033075}.Debug|Any CPU.Build.0 = Debug|Any CPU
		{2D540693-B997-48E2-A5F9-D36973033075}.Release|Any CPU.ActiveCfg = Release|Any CPU
		{2D540693-B997-48E2-A5F9-D36973033075}.Release|Any CPU.Build.0 = Release|Any CPU
		{C87767ED-6D08-4710-9E45-BA47A9184BF1}.Debug|Any CPU.ActiveCfg = Debug|Any CPU
		{C87767ED-6D08-4710-9E45-BA47A9184BF1}.Debug|Any CPU.Build.0 = Debug|Any CPU
		{C87767ED-6D08-4710-9E45-BA47A9184BF1}.Release|Any CPU.ActiveCfg = Release|Any CPU
		{C87767ED-6D08-4710-9E45-BA47A9184BF1}.Release|Any CPU.Build.0 = Release|Any CPU
		{8B3C197A-E87B-424A-A21E-15B84A5E5054}.Debug|Any CPU.ActiveCfg = Debug|Any CPU
		{8B3C197A-E87B-424A-A21E-15B84A5E5054}.Debug|Any CPU.Build.0 = Debug|Any CPU
		{8B3C197A-E87B-424A-A21E-15B84A5E5054}.Release|Any CPU.ActiveCfg = Release|Any CPU
		{8B3C197A-E87B-424A-A21E-15B84A5E5054}.Release|Any CPU.Build.0 = Release|Any CPU
		{A8A1AE40-22E9-461F-9713-2CFEF8C0C43A}.Debug|Any CPU.ActiveCfg = Debug|Any CPU
		{A8A1AE40-22E9-461F-9713-2CFEF8C0C43A}.Debug|Any CPU.Build.0 = Debug|Any CPU
		{A8A1AE40-22E9-461F-9713-2CFEF8C0C43A}.Release|Any CPU.ActiveCfg = Release|Any CPU
		{A8A1AE40-22E9-461F-9713-2CFEF8C0C43A}.Release|Any CPU.Build.0 = Release|Any CPU
		{5BA3E2DE-AEF1-4F60-A852-DDB96A3938A7}.Debug|Any CPU.ActiveCfg = Debug|Any CPU
		{5BA3E2DE-AEF1-4F60-A852-DDB96A3938A7}.Debug|Any CPU.Build.0 = Debug|Any CPU
		{5BA3E2DE-AEF1-4F60-A852-DDB96A3938A7}.Release|Any CPU.ActiveCfg = Release|Any CPU
		{5BA3E2DE-AEF1-4F60-A852-DDB96A3938A7}.Release|Any CPU.Build.0 = Release|Any CPU
		{29C8E4A8-FF67-4B18-BC0F-73C3F7B7DF01}.Debug|Any CPU.ActiveCfg = Debug|Any CPU
		{29C8E4A8-FF67-4B18-BC0F-73C3F7B7DF01}.Debug|Any CPU.Build.0 = Debug|Any CPU
		{29C8E4A8-FF67-4B18-BC0F-73C3F7B7DF01}.Release|Any CPU.ActiveCfg = Release|Any CPU
		{29C8E4A8-FF67-4B18-BC0F-73C3F7B7DF01}.Release|Any CPU.Build.0 = Release|Any CPU
		{0D155CB4-1E5E-4A72-9A81-37BEE19746C9}.Debug|Any CPU.ActiveCfg = Debug|Any CPU
		{0D155CB4-1E5E-4A72-9A81-37BEE19746C9}.Debug|Any CPU.Build.0 = Debug|Any CPU
		{0D155CB4-1E5E-4A72-9A81-37BEE19746C9}.Release|Any CPU.ActiveCfg = Release|Any CPU
		{0D155CB4-1E5E-4A72-9A81-37BEE19746C9}.Release|Any CPU.Build.0 = Release|Any CPU
		{6CDE69E6-0824-4F12-8152-24739B8DBD89}.Debug|Any CPU.ActiveCfg = Debug|Any CPU
		{6CDE69E6-0824-4F12-8152-24739B8DBD89}.Debug|Any CPU.Build.0 = Debug|Any CPU
		{6CDE69E6-0824-4F12-8152-24739B8DBD89}.Release|Any CPU.ActiveCfg = Release|Any CPU
		{6CDE69E6-0824-4F12-8152-24739B8DBD89}.Release|Any CPU.Build.0 = Release|Any CPU
		{F8F47E92-7E70-433F-8333-7C2B12B21F35}.Debug|Any CPU.ActiveCfg = Debug|Any CPU
		{F8F47E92-7E70-433F-8333-7C2B12B21F35}.Debug|Any CPU.Build.0 = Debug|Any CPU
		{F8F47E92-7E70-433F-8333-7C2B12B21F35}.Release|Any CPU.ActiveCfg = Release|Any CPU
		{F8F47E92-7E70-433F-8333-7C2B12B21F35}.Release|Any CPU.Build.0 = Release|Any CPU
		{5C9B0F7B-7976-406C-B910-AC75B6C8F925}.Debug|Any CPU.ActiveCfg = Debug|Any CPU
		{5C9B0F7B-7976-406C-B910-AC75B6C8F925}.Debug|Any CPU.Build.0 = Debug|Any CPU
		{5C9B0F7B-7976-406C-B910-AC75B6C8F925}.Release|Any CPU.ActiveCfg = Release|Any CPU
		{5C9B0F7B-7976-406C-B910-AC75B6C8F925}.Release|Any CPU.Build.0 = Release|Any CPU
		{E0D4BF12-9866-4263-9B83-2BBD6B561574}.Debug|Any CPU.ActiveCfg = Debug|Any CPU
		{E0D4BF12-9866-4263-9B83-2BBD6B561574}.Debug|Any CPU.Build.0 = Debug|Any CPU
		{E0D4BF12-9866-4263-9B83-2BBD6B561574}.Release|Any CPU.ActiveCfg = Release|Any CPU
		{E0D4BF12-9866-4263-9B83-2BBD6B561574}.Release|Any CPU.Build.0 = Release|Any CPU
		{457AC8CB-C325-41E2-B6C3-625C680B2AC1}.Debug|Any CPU.ActiveCfg = Debug|Any CPU
		{457AC8CB-C325-41E2-B6C3-625C680B2AC1}.Debug|Any CPU.Build.0 = Debug|Any CPU
		{457AC8CB-C325-41E2-B6C3-625C680B2AC1}.Release|Any CPU.ActiveCfg = Release|Any CPU
		{457AC8CB-C325-41E2-B6C3-625C680B2AC1}.Release|Any CPU.Build.0 = Release|Any CPU
		{E10094FC-D3C1-4D59-A480-E568ED061F0A}.Debug|Any CPU.ActiveCfg = Debug|Any CPU
		{E10094FC-D3C1-4D59-A480-E568ED061F0A}.Debug|Any CPU.Build.0 = Debug|Any CPU
		{E10094FC-D3C1-4D59-A480-E568ED061F0A}.Release|Any CPU.ActiveCfg = Release|Any CPU
		{E10094FC-D3C1-4D59-A480-E568ED061F0A}.Release|Any CPU.Build.0 = Release|Any CPU
		{537B76E3-E183-473C-B95B-0E83B0BEC779}.Debug|Any CPU.ActiveCfg = Debug|Any CPU
		{537B76E3-E183-473C-B95B-0E83B0BEC779}.Debug|Any CPU.Build.0 = Debug|Any CPU
		{537B76E3-E183-473C-B95B-0E83B0BEC779}.Release|Any CPU.ActiveCfg = Release|Any CPU
		{537B76E3-E183-473C-B95B-0E83B0BEC779}.Release|Any CPU.Build.0 = Release|Any CPU
		{B7B4246E-0624-42DF-AB84-BB41C912B81E}.Debug|Any CPU.ActiveCfg = Debug|Any CPU
		{B7B4246E-0624-42DF-AB84-BB41C912B81E}.Debug|Any CPU.Build.0 = Debug|Any CPU
		{B7B4246E-0624-42DF-AB84-BB41C912B81E}.Release|Any CPU.ActiveCfg = Release|Any CPU
		{B7B4246E-0624-42DF-AB84-BB41C912B81E}.Release|Any CPU.Build.0 = Release|Any CPU
		{88061DA1-7027-4857-8896-50C9DFD891B4}.Debug|Any CPU.ActiveCfg = Debug|Any CPU
		{88061DA1-7027-4857-8896-50C9DFD891B4}.Debug|Any CPU.Build.0 = Debug|Any CPU
		{88061DA1-7027-4857-8896-50C9DFD891B4}.Release|Any CPU.ActiveCfg = Release|Any CPU
		{88061DA1-7027-4857-8896-50C9DFD891B4}.Release|Any CPU.Build.0 = Release|Any CPU
		{37E43C15-CE90-455B-A9D8-EB6354006339}.Debug|Any CPU.ActiveCfg = Debug|Any CPU
		{37E43C15-CE90-455B-A9D8-EB6354006339}.Debug|Any CPU.Build.0 = Debug|Any CPU
		{37E43C15-CE90-455B-A9D8-EB6354006339}.Release|Any CPU.ActiveCfg = Release|Any CPU
		{37E43C15-CE90-455B-A9D8-EB6354006339}.Release|Any CPU.Build.0 = Release|Any CPU
		{285A7876-8D58-4B60-8394-139711B84DC3}.Debug|Any CPU.ActiveCfg = Debug|Any CPU
		{285A7876-8D58-4B60-8394-139711B84DC3}.Debug|Any CPU.Build.0 = Debug|Any CPU
		{285A7876-8D58-4B60-8394-139711B84DC3}.Release|Any CPU.ActiveCfg = Release|Any CPU
		{285A7876-8D58-4B60-8394-139711B84DC3}.Release|Any CPU.Build.0 = Release|Any CPU
		{30231E66-8E48-4C1C-A170-4E52166057FE}.Debug|Any CPU.ActiveCfg = Debug|Any CPU
		{30231E66-8E48-4C1C-A170-4E52166057FE}.Debug|Any CPU.Build.0 = Debug|Any CPU
		{30231E66-8E48-4C1C-A170-4E52166057FE}.Release|Any CPU.ActiveCfg = Release|Any CPU
		{30231E66-8E48-4C1C-A170-4E52166057FE}.Release|Any CPU.Build.0 = Release|Any CPU
		{D09925AA-BFCB-42A0-A998-589AE6D03148}.Debug|Any CPU.ActiveCfg = Debug|Any CPU
		{D09925AA-BFCB-42A0-A998-589AE6D03148}.Debug|Any CPU.Build.0 = Debug|Any CPU
		{D09925AA-BFCB-42A0-A998-589AE6D03148}.Release|Any CPU.ActiveCfg = Release|Any CPU
		{D09925AA-BFCB-42A0-A998-589AE6D03148}.Release|Any CPU.Build.0 = Release|Any CPU
		{EBB6B4A6-3E77-43E6-BE8F-FACFC2D4D653}.Debug|Any CPU.ActiveCfg = Debug|Any CPU
		{EBB6B4A6-3E77-43E6-BE8F-FACFC2D4D653}.Debug|Any CPU.Build.0 = Debug|Any CPU
		{EBB6B4A6-3E77-43E6-BE8F-FACFC2D4D653}.Release|Any CPU.ActiveCfg = Release|Any CPU
		{EBB6B4A6-3E77-43E6-BE8F-FACFC2D4D653}.Release|Any CPU.Build.0 = Release|Any CPU
		{C2455BFD-E607-4250-91DC-AB95EBD8D0FB}.Debug|Any CPU.ActiveCfg = Debug|Any CPU
		{C2455BFD-E607-4250-91DC-AB95EBD8D0FB}.Debug|Any CPU.Build.0 = Debug|Any CPU
		{C2455BFD-E607-4250-91DC-AB95EBD8D0FB}.Release|Any CPU.ActiveCfg = Release|Any CPU
		{C2455BFD-E607-4250-91DC-AB95EBD8D0FB}.Release|Any CPU.Build.0 = Release|Any CPU
		{A394818A-D853-418E-9BC1-77D42124B32C}.Debug|Any CPU.ActiveCfg = Debug|Any CPU
		{A394818A-D853-418E-9BC1-77D42124B32C}.Debug|Any CPU.Build.0 = Debug|Any CPU
		{A394818A-D853-418E-9BC1-77D42124B32C}.Release|Any CPU.ActiveCfg = Release|Any CPU
		{A394818A-D853-418E-9BC1-77D42124B32C}.Release|Any CPU.Build.0 = Release|Any CPU
		{D584415F-E635-4842-9D70-F1031EA8250B}.Debug|Any CPU.ActiveCfg = Debug|Any CPU
		{D584415F-E635-4842-9D70-F1031EA8250B}.Debug|Any CPU.Build.0 = Debug|Any CPU
		{D584415F-E635-4842-9D70-F1031EA8250B}.Release|Any CPU.ActiveCfg = Release|Any CPU
		{D584415F-E635-4842-9D70-F1031EA8250B}.Release|Any CPU.Build.0 = Release|Any CPU
		{1B168CAB-8239-4C0A-A0F5-6AFE98336952}.Debug|Any CPU.ActiveCfg = Debug|Any CPU
		{1B168CAB-8239-4C0A-A0F5-6AFE98336952}.Debug|Any CPU.Build.0 = Debug|Any CPU
		{1B168CAB-8239-4C0A-A0F5-6AFE98336952}.Release|Any CPU.ActiveCfg = Release|Any CPU
		{1B168CAB-8239-4C0A-A0F5-6AFE98336952}.Release|Any CPU.Build.0 = Release|Any CPU
	EndGlobalSection
	GlobalSection(SolutionProperties) = preSolution
		HideSolutionNode = FALSE
	EndGlobalSection
	GlobalSection(NestedProjects) = preSolution
		{B33EE9D3-EF98-4400-A528-67CD385747E7} = {8A28C6A1-F2B2-47F9-BBBF-5C5DD182C237}
		{0E56D372-31CF-48BD-94A2-67D4622C270A} = {37003CAC-D461-4B18-8208-76EA9C6D8262}
		{8878CD88-B979-4AF3-9510-2FA949060088} = {7F0E8840-224B-4473-89E6-1FE66EE93E8C}
		{E67B42E4-9BE6-42B5-99DF-17727C1E2F38} = {E639114B-F4A2-487E-AFE3-DE176DB4C127}
		{E2A76532-FDAD-4E30-9DA7-096C71B04C68} = {DAB1F3EB-AD06-4CA0-BE64-7F7267ECCBFC}
		{9910FE87-56F3-453D-899D-46415D56FB9C} = {2E9E6598-5746-4968-AB8F-240FED1139D3}
		{66ECD308-648E-4AC6-A37A-A868DF43CA6C} = {DAB1F3EB-AD06-4CA0-BE64-7F7267ECCBFC}
		{3FF8799D-1850-46DC-BD5E-632485E89058} = {7F0E8840-224B-4473-89E6-1FE66EE93E8C}
		{2972B7D9-8D15-4A9A-BF86-29C97F9B7B81} = {15BDBEA4-4170-4040-9C45-C392D6098151}
		{18E59339-25CA-46BF-B6FA-8D992A303050} = {347226E9-35EB-468E-9884-130B7D502E2A}
		{D9FC9425-991E-4D82-AD07-1F7E501CC27C} = {E5A37BD8-C51F-4B41-BA22-BC41AB9CE9B5}
		{D3DE6090-306A-4C84-8CCB-86BBD50D7885} = {082E360F-BD44-4AEF-BFA9-5BFDD278EE27}
		{C8D2AF3C-C4C1-4D21-9E2C-1E56BA103B9A} = {1AF9FEFF-E2BF-4CFB-A177-E67BBF083BA4}
		{585F063F-E452-4A6B-B29E-36BA8BF14FBD} = {DC9F0F05-B8C2-48EC-BE6E-5F4C3F2B7E85}
		{E5A37BD8-C51F-4B41-BA22-BC41AB9CE9B5} = {0F769E14-559C-4A23-BA23-20CECD2636A6}
		{0D4D0D5E-99D0-408C-BDE0-947B5CBF9E0B} = {31E8CAA1-95FD-4C25-BD13-2CC91D5160B3}
		{3456B356-20D3-43CE-92D1-1A84383AFAF2} = {0D4D0D5E-99D0-408C-BDE0-947B5CBF9E0B}
		{9ABFCBE9-D6F9-4C9E-B447-6A8F49A5A939} = {64B76D05-65D1-4AA8-B453-3C1BC400B2A4}
		{523BB036-1DDF-419E-851E-8685E4EC744F} = {32557D31-ACBC-4368-A147-389CB1006A8F}
		{2C772806-3C50-468C-8A13-CFA42592322A} = {E5A37BD8-C51F-4B41-BA22-BC41AB9CE9B5}
		{2876D6F5-C798-4EE2-A6E5-AA8D0FA6460B} = {15BDBEA4-4170-4040-9C45-C392D6098151}
		{BF07FB51-D73C-49B7-8632-B2A58F9BF17F} = {7C9575BE-5CAD-4CF5-BEF1-5084279ABF08}
		{DE382CF7-D84E-4A89-9C6D-3F2A7729B40C} = {32557D31-ACBC-4368-A147-389CB1006A8F}
		{65BD92C5-5BDE-412F-B4E7-71B0A2E39FF8} = {15BDBEA4-4170-4040-9C45-C392D6098151}
		{B051F375-1F9F-4A03-BDC2-EB4FA3807B2E} = {65BD92C5-5BDE-412F-B4E7-71B0A2E39FF8}
		{A20309E3-493A-4B05-A4DE-B9536487A9D1} = {4E398FAD-938E-44BC-B900-41E7117FF9E9}
		{C467C07F-5A78-483F-82F2-5B375E2FF185} = {31E8CAA1-95FD-4C25-BD13-2CC91D5160B3}
		{9DEE41C0-A702-420A-9E5F-7D3D01886660} = {C467C07F-5A78-483F-82F2-5B375E2FF185}
		{B558EC5B-B983-4701-845F-00F7109A2CF9} = {C5257E4F-A136-4D63-9883-F7B3F431CCAD}
		{B76D36D7-02DE-43FA-B5AF-52A2A8A5DC6B} = {39BD87FF-9E18-453B-93B0-F6B1384C3D8C}
		{E639114B-F4A2-487E-AFE3-DE176DB4C127} = {4B57B3F7-1B98-4B84-BDFA-26A1AC0595E7}
		{566FADA1-BCBC-41E4-9327-64214A1A6D30} = {1AF9FEFF-E2BF-4CFB-A177-E67BBF083BA4}
		{1AF9FEFF-E2BF-4CFB-A177-E67BBF083BA4} = {2972B7D9-8D15-4A9A-BF86-29C97F9B7B81}
		{15461754-ABF2-4DC6-BEAC-CFE610A6BF16} = {4B57B3F7-1B98-4B84-BDFA-26A1AC0595E7}
		{3C0F3FEF-DB2B-4FC2-9272-284E49994333} = {15461754-ABF2-4DC6-BEAC-CFE610A6BF16}
		{8730B98B-6DBF-4209-8C36-75377E89F62F} = {DAB1F3EB-AD06-4CA0-BE64-7F7267ECCBFC}
		{ABC9AD2E-C560-4B6F-AE17-3B0537CD9275} = {B369DF7D-3FE2-417A-9C69-E8FFECBBBF6D}
		{5BBDFF60-4159-4321-84F0-A2E668657CFC} = {DAB1F3EB-AD06-4CA0-BE64-7F7267ECCBFC}
		{C18D2AD8-69F0-4167-B407-EAD386708730} = {39BD87FF-9E18-453B-93B0-F6B1384C3D8C}
		{E8528EAE-5D0E-43A5-9BED-E70EA4F61985} = {31E8CAA1-95FD-4C25-BD13-2CC91D5160B3}
		{C4B48455-7596-49E1-9443-B2E4ACCD1E80} = {E8528EAE-5D0E-43A5-9BED-E70EA4F61985}
		{7621C51A-C9C4-4E10-A89E-80B622D0B025} = {31E8CAA1-95FD-4C25-BD13-2CC91D5160B3}
		{175783B5-DBE5-491A-B365-CA1D1CC09375} = {7621C51A-C9C4-4E10-A89E-80B622D0B025}
		{A2DA07CA-C320-466A-8CFF-E4F21529034B} = {31E8CAA1-95FD-4C25-BD13-2CC91D5160B3}
		{2A29CCC2-B883-403F-B2EA-E55D44B44EC0} = {A2DA07CA-C320-466A-8CFF-E4F21529034B}
		{427BAF56-5FAF-4B1C-9851-7474660F58EA} = {A2DA07CA-C320-466A-8CFF-E4F21529034B}
		{7F0E8840-224B-4473-89E6-1FE66EE93E8C} = {51F6C9E0-53F8-4FEF-A52C-0D92F1226E5A}
		{BB4CB2EB-4003-4BF9-BB26-2A19FEC82D8B} = {2E9E6598-5746-4968-AB8F-240FED1139D3}
		{FE222CC0-0A13-4B24-B56B-FE72CA48A22C} = {2876D6F5-C798-4EE2-A6E5-AA8D0FA6460B}
		{8FEB2DC5-BC36-47AA-A319-3C2263740808} = {FE222CC0-0A13-4B24-B56B-FE72CA48A22C}
		{B544856A-AB36-4A88-9441-67853074F33A} = {FE222CC0-0A13-4B24-B56B-FE72CA48A22C}
		{32557D31-ACBC-4368-A147-389CB1006A8F} = {2876D6F5-C798-4EE2-A6E5-AA8D0FA6460B}
		{C6559E54-8743-4057-BD3D-7D499EAE1613} = {8A28C6A1-F2B2-47F9-BBBF-5C5DD182C237}
		{A86581CA-18F6-4D03-9F7A-0657DEC32A1A} = {C6559E54-8743-4057-BD3D-7D499EAE1613}
		{082E360F-BD44-4AEF-BFA9-5BFDD278EE27} = {2876D6F5-C798-4EE2-A6E5-AA8D0FA6460B}
		{B6A76B2D-7CB5-4584-8EFA-B76AEE3BDD76} = {082E360F-BD44-4AEF-BFA9-5BFDD278EE27}
		{77D2CF94-450D-4B14-B5C3-1A7E48214784} = {C6559E54-8743-4057-BD3D-7D499EAE1613}
		{347226E9-35EB-468E-9884-130B7D502E2A} = {2876D6F5-C798-4EE2-A6E5-AA8D0FA6460B}
		{5A0E7932-B9A9-4A10-A8AE-CF505D6569B8} = {347226E9-35EB-468E-9884-130B7D502E2A}
		{BC946063-8EF9-4520-BCEB-F13DB6DA4FF5} = {C6559E54-8743-4057-BD3D-7D499EAE1613}
		{F4DB6337-D838-4347-9987-E0EE13EBD818} = {C6559E54-8743-4057-BD3D-7D499EAE1613}
		{64B76D05-65D1-4AA8-B453-3C1BC400B2A4} = {51F6C9E0-53F8-4FEF-A52C-0D92F1226E5A}
		{1F1FEB20-3E06-442E-9B5B-B9B96BAAFC54} = {02E99FD1-9946-4B2E-9D7E-8173648EC9BC}
		{F85CF10E-7CEC-42BD-8DBA-A76275F5060F} = {347226E9-35EB-468E-9884-130B7D502E2A}
		{02E99FD1-9946-4B2E-9D7E-8173648EC9BC} = {2876D6F5-C798-4EE2-A6E5-AA8D0FA6460B}
		{4AC90E8C-B0BA-4907-AC9D-03E878C0E8E4} = {3873E97E-C3C2-4C0D-9196-8450354967CE}
		{FB14DEEE-1016-4430-A24C-184F87992BC9} = {2876D6F5-C798-4EE2-A6E5-AA8D0FA6460B}
		{0E152BC5-ABA6-46E1-978A-7216D57320C6} = {FB14DEEE-1016-4430-A24C-184F87992BC9}
		{5E9C8B2B-94ED-4E9E-BB79-9AC38D2485CD} = {0E152BC5-ABA6-46E1-978A-7216D57320C6}
		{45DBFFA4-242F-40BC-A1EB-7CCD690C84C9} = {0E152BC5-ABA6-46E1-978A-7216D57320C6}
		{0F769E14-559C-4A23-BA23-20CECD2636A6} = {31E8CAA1-95FD-4C25-BD13-2CC91D5160B3}
		{C1C9D171-58F9-41E9-B816-C0F287D6F2CA} = {0F769E14-559C-4A23-BA23-20CECD2636A6}
		{9FC699C8-887A-4FB4-B8C3-3075EF23553B} = {51F6C9E0-53F8-4FEF-A52C-0D92F1226E5A}
		{229057A2-508F-4CDE-8F87-DA3FAB069D06} = {9FC699C8-887A-4FB4-B8C3-3075EF23553B}
		{43D9F449-C568-4A39-80F8-11200C07814E} = {C6559E54-8743-4057-BD3D-7D499EAE1613}
		{11FF2C70-2C4F-403B-AC53-247BDB063777} = {C6559E54-8743-4057-BD3D-7D499EAE1613}
		{20D53CD6-10FD-4347-B5A3-C6A5B8FABF2D} = {440A7AA9-5891-4505-898C-72E74B4EC02C}
		{440A7AA9-5891-4505-898C-72E74B4EC02C} = {31E8CAA1-95FD-4C25-BD13-2CC91D5160B3}
		{68FB16F5-2C5C-4172-8277-70A4781DF6DB} = {3873E97E-C3C2-4C0D-9196-8450354967CE}
		{FF377F10-928C-4281-8ADB-E40D9A664967} = {3873E97E-C3C2-4C0D-9196-8450354967CE}
		{B369DF7D-3FE2-417A-9C69-E8FFECBBBF6D} = {15BDBEA4-4170-4040-9C45-C392D6098151}
		{BC5887BD-4022-497A-A792-F3CEDFFEA874} = {0F769E14-559C-4A23-BA23-20CECD2636A6}
		{6F7166A4-5BC3-4C1E-A014-AE37A8392A88} = {06036003-2B25-42BD-8074-AB45DDD4B40E}
		{A578219F-0115-4536-AE85-9B6496E1D21D} = {E5A37BD8-C51F-4B41-BA22-BC41AB9CE9B5}
		{06036003-2B25-42BD-8074-AB45DDD4B40E} = {9FC699C8-887A-4FB4-B8C3-3075EF23553B}
		{3873E97E-C3C2-4C0D-9196-8450354967CE} = {FB14DEEE-1016-4430-A24C-184F87992BC9}
		{DC9F0F05-B8C2-48EC-BE6E-5F4C3F2B7E85} = {06036003-2B25-42BD-8074-AB45DDD4B40E}
		{2D540693-B997-48E2-A5F9-D36973033075} = {DC9F0F05-B8C2-48EC-BE6E-5F4C3F2B7E85}
		{C87767ED-6D08-4710-9E45-BA47A9184BF1} = {DC9F0F05-B8C2-48EC-BE6E-5F4C3F2B7E85}
		{23813F2B-B24A-463A-989F-97E74EDFE87C} = {2876D6F5-C798-4EE2-A6E5-AA8D0FA6460B}
		{8B3C197A-E87B-424A-A21E-15B84A5E5054} = {23813F2B-B24A-463A-989F-97E74EDFE87C}
		{A8A1AE40-22E9-461F-9713-2CFEF8C0C43A} = {23813F2B-B24A-463A-989F-97E74EDFE87C}
		{C6B78C5C-D323-4F6F-A56B-CCCE6E295B2B} = {51F6C9E0-53F8-4FEF-A52C-0D92F1226E5A}
		{5BA3E2DE-AEF1-4F60-A852-DDB96A3938A7} = {C6B78C5C-D323-4F6F-A56B-CCCE6E295B2B}
		{29C8E4A8-FF67-4B18-BC0F-73C3F7B7DF01} = {3873E97E-C3C2-4C0D-9196-8450354967CE}
		{A961E96A-CD60-4D17-ACA1-E8446BF08ABC} = {2876D6F5-C798-4EE2-A6E5-AA8D0FA6460B}
		{0D155CB4-1E5E-4A72-9A81-37BEE19746C9} = {A961E96A-CD60-4D17-ACA1-E8446BF08ABC}
		{C31A48B7-7CEE-45D8-8669-27C796A047DD} = {2876D6F5-C798-4EE2-A6E5-AA8D0FA6460B}
		{6CDE69E6-0824-4F12-8152-24739B8DBD89} = {C31A48B7-7CEE-45D8-8669-27C796A047DD}
		{C5257E4F-A136-4D63-9883-F7B3F431CCAD} = {2876D6F5-C798-4EE2-A6E5-AA8D0FA6460B}
		{39BD87FF-9E18-453B-93B0-F6B1384C3D8C} = {2876D6F5-C798-4EE2-A6E5-AA8D0FA6460B}
		{F8F47E92-7E70-433F-8333-7C2B12B21F35} = {39BD87FF-9E18-453B-93B0-F6B1384C3D8C}
		{37003CAC-D461-4B18-8208-76EA9C6D8262} = {51F6C9E0-53F8-4FEF-A52C-0D92F1226E5A}
		{5C9B0F7B-7976-406C-B910-AC75B6C8F925} = {67320FA1-D860-4482-9EA7-E3B47DC5C1EE}
		{E0D4BF12-9866-4263-9B83-2BBD6B561574} = {67320FA1-D860-4482-9EA7-E3B47DC5C1EE}
		{457AC8CB-C325-41E2-B6C3-625C680B2AC1} = {67320FA1-D860-4482-9EA7-E3B47DC5C1EE}
		{67320FA1-D860-4482-9EA7-E3B47DC5C1EE} = {2E9E6598-5746-4968-AB8F-240FED1139D3}
		{4F8437CB-FC27-48FD-A342-02CE7FCE2F6D} = {FB14DEEE-1016-4430-A24C-184F87992BC9}
		{E10094FC-D3C1-4D59-A480-E568ED061F0A} = {4F8437CB-FC27-48FD-A342-02CE7FCE2F6D}
		{537B76E3-E183-473C-B95B-0E83B0BEC779} = {4F8437CB-FC27-48FD-A342-02CE7FCE2F6D}
		{B7B4246E-0624-42DF-AB84-BB41C912B81E} = {3873E97E-C3C2-4C0D-9196-8450354967CE}
		{88061DA1-7027-4857-8896-50C9DFD891B4} = {06036003-2B25-42BD-8074-AB45DDD4B40E}
		{117CF347-F02B-4792-B596-4C6D94AA007A} = {31E8CAA1-95FD-4C25-BD13-2CC91D5160B3}
		{37E43C15-CE90-455B-A9D8-EB6354006339} = {117CF347-F02B-4792-B596-4C6D94AA007A}
		{285A7876-8D58-4B60-8394-139711B84DC3} = {06036003-2B25-42BD-8074-AB45DDD4B40E}
		{30231E66-8E48-4C1C-A170-4E52166057FE} = {2E9E6598-5746-4968-AB8F-240FED1139D3}
		{D09925AA-BFCB-42A0-A998-589AE6D03148} = {23813F2B-B24A-463A-989F-97E74EDFE87C}
		{4E398FAD-938E-44BC-B900-41E7117FF9E9} = {31E8CAA1-95FD-4C25-BD13-2CC91D5160B3}
		{EBB6B4A6-3E77-43E6-BE8F-FACFC2D4D653} = {7C9575BE-5CAD-4CF5-BEF1-5084279ABF08}
		{7C9575BE-5CAD-4CF5-BEF1-5084279ABF08} = {2972B7D9-8D15-4A9A-BF86-29C97F9B7B81}
		{F98147E6-5044-4ED6-A3F4-DF1653A58F15} = {FB14DEEE-1016-4430-A24C-184F87992BC9}
		{C2455BFD-E607-4250-91DC-AB95EBD8D0FB} = {F98147E6-5044-4ED6-A3F4-DF1653A58F15}
		{A394818A-D853-418E-9BC1-77D42124B32C} = {F98147E6-5044-4ED6-A3F4-DF1653A58F15}
		{41BB2693-46E5-4AF3-9FD2-2C6BF9A6B379} = {F98147E6-5044-4ED6-A3F4-DF1653A58F15}
		{D584415F-E635-4842-9D70-F1031EA8250B} = {41BB2693-46E5-4AF3-9FD2-2C6BF9A6B379}
		{FB2F06CF-CDFB-44FC-BAC3-1F89F1B00324} = {15BDBEA4-4170-4040-9C45-C392D6098151}
		{1B168CAB-8239-4C0A-A0F5-6AFE98336952} = {FB2F06CF-CDFB-44FC-BAC3-1F89F1B00324}
	EndGlobalSection
	GlobalSection(ExtensibilityGlobals) = postSolution
		SolutionGuid = {DA8E8BA9-32A3-4415-A5E2-DF2166D03FA6}
	EndGlobalSection
EndGlobal
